
Microsoft Visual Studio Solution File, Format Version 12.00
# Visual Studio Version 16
VisualStudioVersion = 16.0.30503.244
MinimumVisualStudioVersion = 15.0.26124.0
Project("{2150E333-8FDC-42A3-9474-1A3956D46DE8}") = "Design Patterns", "Design Patterns", "{CAE78B7C-BBC2-4855-9371-0C521EC15D03}"
EndProject
Project("{2150E333-8FDC-42A3-9474-1A3956D46DE8}") = "Builder", "Builder", "{407D1A8A-2F3D-40F1-ACC5-B519D718B723}"
EndProject
Project("{2150E333-8FDC-42A3-9474-1A3956D46DE8}") = "Factory", "Factory", "{549DF077-D8EC-43AB-B9B8-C34F7A83B9EE}"
EndProject
Project("{2150E333-8FDC-42A3-9474-1A3956D46DE8}") = "Prototype", "Prototype", "{AE1B48A8-804D-45DF-A1FC-C909C3A86463}"
EndProject
Project("{2150E333-8FDC-42A3-9474-1A3956D46DE8}") = "Singleton", "Singleton", "{4BA2149D-6627-473E-BE7D-7009D3E8EDCA}"
EndProject
Project("{2150E333-8FDC-42A3-9474-1A3956D46DE8}") = "Structural", "Structural", "{6F100CB2-B542-4F74-8A68-9CD6A9B28262}"
EndProject
Project("{2150E333-8FDC-42A3-9474-1A3956D46DE8}") = "Adapter", "Adapter", "{E29E2D96-014B-43A4-A899-F0ED8B45E61E}"
EndProject
Project("{9A19103F-16F7-4668-BE54-9A1E7A4F7556}") = "VectorRasterDemo", "Design Patterns\Structural\Adapter\VectorRasterDemo\VectorRasterDemo.csproj", "{581642A6-A786-4D7A-8DDC-BDF46F286944}"
EndProject
Project("{2150E333-8FDC-42A3-9474-1A3956D46DE8}") = "SOLID", "SOLID", "{E793E8C1-9600-4242-9817-4428959DBE94}"
EndProject
Project("{9A19103F-16F7-4668-BE54-9A1E7A4F7556}") = "SOLID-DependencyInversionPrinciple", "SOLID\SOLID-DependencyInversionPrinciple\SOLID-DependencyInversionPrinciple.csproj", "{EC99AF1C-7AC6-46C4-978C-5BFB67C973D3}"
EndProject
Project("{9A19103F-16F7-4668-BE54-9A1E7A4F7556}") = "SOLID-InterfaceSegregationPrinciple", "SOLID\SOLID-InterfaceSegregationPrinciple\SOLID-InterfaceSegregationPrinciple.csproj", "{E32D83BA-7C77-4586-96EA-F9E0F7620183}"
EndProject
Project("{9A19103F-16F7-4668-BE54-9A1E7A4F7556}") = "SOLID-LiskovSubstituionPrinciple", "SOLID\SOLID-LiskovSubstituionPrinciple\SOLID-LiskovSubstituionPrinciple.csproj", "{9ADEBE80-0EB5-459A-BA19-351E6D9158EB}"
EndProject
Project("{9A19103F-16F7-4668-BE54-9A1E7A4F7556}") = "SOLID-OpenClosedPrinciple", "SOLID\SOLID-OpenClosedPrinciple\SOLID-OpenClosedPrinciple.csproj", "{03675414-1EEC-45BE-B220-20603CD9912D}"
EndProject
Project("{9A19103F-16F7-4668-BE54-9A1E7A4F7556}") = "SOLID-SingleResponsibility", "SOLID\SOLID-SingleResponsibility\SOLID-SingleResponsibility.csproj", "{969D76F3-C257-4F25-A192-2773EFA4AAF3}"
EndProject
Project("{2150E333-8FDC-42A3-9474-1A3956D46DE8}") = "Creational", "Creational", "{12ACD7E7-5CC7-4C55-A160-6E7B9CF99483}"
EndProject
Project("{9A19103F-16F7-4668-BE54-9A1E7A4F7556}") = "GenericValueAdapter", "Design Patterns\Structural\Adapter\GenericValueAdapter\GenericValueAdapter.csproj", "{0DAFA6A4-8B29-4F19-93A0-55F08D3D83CD}"
EndProject
Project("{9A19103F-16F7-4668-BE54-9A1E7A4F7556}") = "AdapterInDependencyInjection", "Design Patterns\Structural\Adapter\AdapterInDependencyInjection\AdapterInDependencyInjection.csproj", "{507B511F-658A-46A2-8F2F-5BBF06475D2C}"
EndProject
Project("{2150E333-8FDC-42A3-9474-1A3956D46DE8}") = "Exercises", "Exercises", "{F01AE3CD-1CF7-4C36-A8DD-4625F491A46E}"
EndProject
Project("{9A19103F-16F7-4668-BE54-9A1E7A4F7556}") = "AdapterCodingExercise", "Exercises\AdapterCodingExercise\AdapterCodingExercise.csproj", "{E90832CA-9DDE-4674-A413-91CD14848729}"
EndProject
Project("{2150E333-8FDC-42A3-9474-1A3956D46DE8}") = "Bridge", "Bridge", "{6A6DAE7D-796D-471E-9F50-1965BB94C046}"
EndProject
Project("{9A19103F-16F7-4668-BE54-9A1E7A4F7556}") = "BridgePattern", "Design Patterns\Structural\Bridge\BridgePattern\BridgePattern.csproj", "{33573AE3-22C4-4CE9-A0BD-05399B2B29C5}"
EndProject
Project("{9A19103F-16F7-4668-BE54-9A1E7A4F7556}") = "BridgeCodingExercise", "Exercises\BridgeCodingExercise\BridgeCodingExercise.csproj", "{BE7AF9FD-E624-4546-933F-EEEA320DB6C5}"
EndProject
Project("{9A19103F-16F7-4668-BE54-9A1E7A4F7556}") = "GeometricShapes", "Design Patterns\Structural\Composite\GeometricShapes\GeometricShapes.csproj", "{58F58E04-96B0-4119-90DC-9FF13A0A1F6C}"
EndProject
Project("{2150E333-8FDC-42A3-9474-1A3956D46DE8}") = "Composite", "Composite", "{2E8A5742-ED2F-4812-B9F2-6061D7ECC31A}"
EndProject
Project("{9A19103F-16F7-4668-BE54-9A1E7A4F7556}") = "NeuralNetworks", "Design Patterns\Structural\Composite\NeuralNetworks\NeuralNetworks.csproj", "{13533A76-4461-4BA3-93F8-96E790107043}"
EndProject
Project("{9A19103F-16F7-4668-BE54-9A1E7A4F7556}") = "CompositeSpecification", "Design Patterns\Structural\Composite\CompositeSpecification\CompositeSpecification.csproj", "{3CD8FBAA-147D-4689-8838-A093C964E303}"
EndProject
Project("{2150E333-8FDC-42A3-9474-1A3956D46DE8}") = "Decorator", "Decorator", "{3E02B6BC-DE2B-4FAC-8D19-059511AD9658}"
EndProject
Project("{9A19103F-16F7-4668-BE54-9A1E7A4F7556}") = "CustomStringBuilder", "Design Patterns\Structural\Decorator\CustomStringBuilder\CustomStringBuilder.csproj", "{67E52070-9CD7-41AC-8E38-85BCF65954D5}"
EndProject
Project("{9A19103F-16F7-4668-BE54-9A1E7A4F7556}") = "AdapterDecorator", "Design Patterns\Structural\Decorator\AdapterDecorator\AdapterDecorator.csproj", "{79D0A1BE-BEDB-4546-BB7E-08B37681AD1E}"
EndProject
Project("{9A19103F-16F7-4668-BE54-9A1E7A4F7556}") = "MultipleInheritanceWithInterfaces", "Design Patterns\Structural\Decorator\MultipleInheritanceWithInterfaces\MultipleInheritanceWithInterfaces.csproj", "{14A0C7C9-542E-45C4-BC59-01EA8FC02C7D}"
EndProject
Project("{9A19103F-16F7-4668-BE54-9A1E7A4F7556}") = "MultipleInheritanceWithDefaultInterfaceMembers", "Design Patterns\Structural\Decorator\MultipleInheritanceWithDefaultInterfaceMembers\MultipleInheritanceWithDefaultInterfaceMembers.csproj", "{30A825F6-EC49-4A02-8E2F-30C3B5189148}"
EndProject
Project("{9A19103F-16F7-4668-BE54-9A1E7A4F7556}") = "DynamicDecoratorComposition", "Design Patterns\Structural\Decorator\DynamicDecoratorComposition\DynamicDecoratorComposition.csproj", "{C0E0BA8C-EC68-48EA-9088-BDE46D3D0255}"
EndProject
Project("{9A19103F-16F7-4668-BE54-9A1E7A4F7556}") = "DecoratorInDependencyInjection", "Design Patterns\Structural\Decorator\DecoratorInDependencyInjection\DecoratorInDependencyInjection.csproj", "{1345C475-9255-4E28-8A80-AEEFC65D4F5F}"
EndProject
Project("{9A19103F-16F7-4668-BE54-9A1E7A4F7556}") = "CompositeCodingExercise", "Exercises\CompositeCodingExercise\CompositeCodingExercise.csproj", "{8FEC9DB3-A75F-4D62-B0ED-ED28D8C40B71}"
EndProject
Project("{9A19103F-16F7-4668-BE54-9A1E7A4F7556}") = "DecoratorCodingExercise", "Exercises\DecoratorCodingExercise\DecoratorCodingExercise.csproj", "{9A78BFB5-A766-4C60-91A4-B55DBFC62036}"
EndProject
Project("{2150E333-8FDC-42A3-9474-1A3956D46DE8}") = "Façade", "Façade", "{F56D1BA7-780F-408B-92BF-40B38C3AF14D}"
EndProject
Project("{9A19103F-16F7-4668-BE54-9A1E7A4F7556}") = "FaçadePattern", "Design Patterns\Structural\Façade\FaçadePattern\FaçadePattern.csproj", "{FDC809EC-F71E-4C46-86E8-00F5B5F717AB}"
EndProject
Project("{9A19103F-16F7-4668-BE54-9A1E7A4F7556}") = "FaçadeCodingExercise", "Exercises\FaçadeCodingExercise\FaçadeCodingExercise.csproj", "{B3DA37F7-3EED-468E-ABCC-C4B636229BA1}"
EndProject
Project("{2150E333-8FDC-42A3-9474-1A3956D46DE8}") = "Flyweight", "Flyweight", "{F09D4804-9AD4-49E2-BCDC-F6C21684310D}"
EndProject
Project("{9A19103F-16F7-4668-BE54-9A1E7A4F7556}") = "RepeatingUserNames", "Design Patterns\Structural\Flyweight\RepeatingUserNames\RepeatingUserNames.csproj", "{BE574F39-DE93-41E1-B8A1-C7AEAAA6E657}"
EndProject
Project("{9A19103F-16F7-4668-BE54-9A1E7A4F7556}") = "FlyweightCodingExercise", "Exercises\FlyweightCodingExercise\FlyweightCodingExercise.csproj", "{920FFAC8-662F-4FE6-AF71-A5BBC495D24B}"
EndProject
Project("{9A19103F-16F7-4668-BE54-9A1E7A4F7556}") = "TextFormatting", "Design Patterns\Structural\Flyweight\TextFormatting\TextFormatting.csproj", "{5CE46247-B8B0-4F9D-9AA6-F368925F191F}"
EndProject
Project("{2150E333-8FDC-42A3-9474-1A3956D46DE8}") = "Proxy", "Proxy", "{CA591FEB-0284-4D68-9CB0-CC3C42E6DC3D}"
EndProject
Project("{9A19103F-16F7-4668-BE54-9A1E7A4F7556}") = "ProtectionProxy", "Design Patterns\Structural\Proxy\ProtectionProxy\ProtectionProxy.csproj", "{0619B6B3-D4B7-43D5-84E3-E5D7730E2378}"
EndProject
Project("{9A19103F-16F7-4668-BE54-9A1E7A4F7556}") = "PropertyProxy", "Design Patterns\Structural\Proxy\PropertyProxy\PropertyProxy.csproj", "{36AEB4F7-E072-461B-9C21-55B647D78F78}"
EndProject
Project("{9A19103F-16F7-4668-BE54-9A1E7A4F7556}") = "ValueProxy", "Design Patterns\Structural\Proxy\ValueProxy\ValueProxy.csproj", "{0DB3BB7E-8E2E-4896-89E5-93CA91B84D2F}"
EndProject
Project("{9A19103F-16F7-4668-BE54-9A1E7A4F7556}") = "CompositeProxy", "Design Patterns\Structural\Proxy\CompositeProxy\CompositeProxy.csproj", "{81917F1D-F596-4AC5-8BD7-B9116BAA849C}"
EndProject
Project("{9A19103F-16F7-4668-BE54-9A1E7A4F7556}") = "CompositeProxyArrayBackedProperties", "Design Patterns\Structural\Proxy\CompositeProxyArrayBackedProperties\CompositeProxyArrayBackedProperties.csproj", "{DAD7B036-77BA-4953-82E6-52DD2B8509A3}"
EndProject
Project("{9A19103F-16F7-4668-BE54-9A1E7A4F7556}") = "Dynamic Proxy for Logging", "Design Patterns\Structural\Proxy\Dynamic Proxy for Logging\Dynamic Proxy for Logging.csproj", "{EC6309EB-5D7F-447C-BC20-A735802B99FE}"
EndProject
Project("{9A19103F-16F7-4668-BE54-9A1E7A4F7556}") = "DesignPatterns-Builder", "Design Patterns\Creational\Builder\DesignPatterns-Builder\DesignPatterns-Builder.csproj", "{C1673ED2-CA34-4B5E-A0B4-622366F0BD82}"
EndProject
Project("{9A19103F-16F7-4668-BE54-9A1E7A4F7556}") = "DesignPatterns-FacetedBuilder", "Design Patterns\Creational\Builder\DesignPatterns-FacetedBuilder\DesignPatterns-FacetedBuilder.csproj", "{080F9E66-2A99-488A-9D5D-500CD090CF3D}"
EndProject
Project("{9A19103F-16F7-4668-BE54-9A1E7A4F7556}") = "DesignPatterns-FluentBuilderInheritanceRecursiveGenerics", "Design Patterns\Creational\Builder\DesignPatterns-FluentBuilderInheritanceRecursiveGenerics\DesignPatterns-FluentBuilderInheritanceRecursiveGenerics.csproj", "{2C887824-60FB-4D33-A5AC-7F5D611F45CF}"
EndProject
Project("{9A19103F-16F7-4668-BE54-9A1E7A4F7556}") = "DesignPatterns-FunctionalBuilder", "Design Patterns\Creational\Builder\DesignPatterns-FunctionalBuilder\DesignPatterns-FunctionalBuilder.csproj", "{F78C2C7A-FDE8-491D-9643-5D7556B5DD82}"
EndProject
Project("{9A19103F-16F7-4668-BE54-9A1E7A4F7556}") = "AbstractFactory", "Design Patterns\Creational\Factory\AbstractFactory\AbstractFactory.csproj", "{3751664B-8133-42AF-8519-0C1EEC2A1B1A}"
EndProject
Project("{9A19103F-16F7-4668-BE54-9A1E7A4F7556}") = "AsynchronousFactoryMethod", "Design Patterns\Creational\Factory\AsynchronousFactoryMethod\AsynchronousFactoryMethod.csproj", "{F05981F1-F08C-4330-80C7-358A2F424C8D}"
EndProject
Project("{9A19103F-16F7-4668-BE54-9A1E7A4F7556}") = "DesignPatterns-Factory", "Design Patterns\Creational\Factory\DesignPatterns-Factory\DesignPatterns-Factory.csproj", "{514BC315-2C51-46A5-8A69-1076C7A9AAB4}"
EndProject
Project("{9A19103F-16F7-4668-BE54-9A1E7A4F7556}") = "Prototype_Cloneable", "Design Patterns\Creational\Prototype\Prototype_Cloneable\Prototype_Cloneable.csproj", "{4C522FA1-311E-4BAD-BC8E-41ED03285E40}"
EndProject
Project("{9A19103F-16F7-4668-BE54-9A1E7A4F7556}") = "AmbientContext", "Design Patterns\Creational\Singleton\AmbientContext\AmbientContext.csproj", "{64F0C4A9-9337-452A-86BA-E7E3F5E7A48B}"
EndProject
Project("{9A19103F-16F7-4668-BE54-9A1E7A4F7556}") = "Monostate", "Design Patterns\Creational\Singleton\Monostate\Monostate.csproj", "{D4B99478-C73F-472F-AC7F-22D1362CF96D}"
EndProject
Project("{9A19103F-16F7-4668-BE54-9A1E7A4F7556}") = "PerThreadSingleton", "Design Patterns\Creational\Singleton\PerThreadSingleton\PerThreadSingleton.csproj", "{7B05DB46-3911-409B-B46D-B3D7CC7B7347}"
EndProject
Project("{9A19103F-16F7-4668-BE54-9A1E7A4F7556}") = "SingletonImplementation", "Design Patterns\Creational\Singleton\SingletonImplementation\SingletonImplementation.csproj", "{7982A6EC-4CFE-4CC5-A11B-CCBDD41C3A05}"
EndProject
Project("{9A19103F-16F7-4668-BE54-9A1E7A4F7556}") = "ViewModel", "Design Patterns\Structural\Proxy\ViewModel\ViewModel.csproj", "{069EB000-2365-4590-85F9-9FF1B5299A7C}"
EndProject
Project("{9A19103F-16F7-4668-BE54-9A1E7A4F7556}") = "ProxyCodingExercise", "Exercises\ProxyCodingExercise\ProxyCodingExercise.csproj", "{DB8E84B8-96CA-457C-B4A4-5FF679EB2736}"
EndProject
Project("{9A19103F-16F7-4668-BE54-9A1E7A4F7556}") = "BitFragging", "Design Patterns\Structural\Proxy\BitFragging\BitFragging.csproj", "{574D470A-2111-4CF1-917E-1CE860253D72}"
EndProject
Project("{2150E333-8FDC-42A3-9474-1A3956D46DE8}") = "Behavioral", "Behavioral", "{16DD21A1-4ECE-48FB-82E1-897440384066}"
EndProject
Project("{2150E333-8FDC-42A3-9474-1A3956D46DE8}") = "Chain Of Responsibility", "Chain Of Responsibility", "{B8CDF52C-5F77-42BD-89F7-0C8A43F3C782}"
EndProject
Project("{9A19103F-16F7-4668-BE54-9A1E7A4F7556}") = "MethodChain", "Design Patterns\Behavioral\Chain Of Responsibility\MethodChain\MethodChain.csproj", "{77136155-6520-4CA8-88BC-232BC1C6A2EB}"
EndProject
Project("{9A19103F-16F7-4668-BE54-9A1E7A4F7556}") = "BrokerChain", "Design Patterns\Behavioral\Chain Of Responsibility\BrokerChain\BrokerChain.csproj", "{FE8A1B46-597F-4BE8-B061-C8127CF20A58}"
EndProject
Project("{9A19103F-16F7-4668-BE54-9A1E7A4F7556}") = "ChainOfResponsibilityCodingExercise", "Exercises\ChainOfResponsibilityCodingExercise\ChainOfResponsibilityCodingExercise.csproj", "{211F85F5-5B97-49FE-9421-A73C7097940D}"
EndProject
Project("{2150E333-8FDC-42A3-9474-1A3956D46DE8}") = "Command", "Command", "{E7E0A8A0-51DB-44A1-A19C-053E335461E8}"
EndProject
Project("{9A19103F-16F7-4668-BE54-9A1E7A4F7556}") = "CommandDesignPattern", "Design Patterns\Behavioral\Command\CommandDesignPattern\CommandDesignPattern.csproj", "{070A1522-35FE-44EA-A42B-A1BA864E331B}"
EndProject
Project("{9A19103F-16F7-4668-BE54-9A1E7A4F7556}") = "CompositeCommand", "Design Patterns\Behavioral\Command\CompositeCommand\CompositeCommand.csproj", "{CA4532CC-677F-453A-B31A-F8B47D80DA6D}"
EndProject
Project("{9A19103F-16F7-4668-BE54-9A1E7A4F7556}") = "CommandCodingExercise", "Exercises\CommandCodingExercise\CommandCodingExercise.csproj", "{52056369-831F-4050-9211-B6C3A0ECF5C3}"
EndProject
Project("{2150E333-8FDC-42A3-9474-1A3956D46DE8}") = "Interpreter", "Interpreter", "{4C228051-1471-4EC5-BE66-9BCEBF40B639}"
EndProject
Project("{9A19103F-16F7-4668-BE54-9A1E7A4F7556}") = "HandmadeInterpreter", "Design Patterns\Behavioral\Interpreter\HandmadeInterpreter\HandmadeInterpreter.csproj", "{66593CC2-E10A-40BD-A8F7-FA6E54E28AAB}"
EndProject
Project("{9A19103F-16F7-4668-BE54-9A1E7A4F7556}") = "InterpreterCodingExercise", "Exercises\InterpreterCodingExercise\InterpreterCodingExercise.csproj", "{6A06F9B5-C186-4BE3-9CAE-F61108F017F9}"
EndProject
Project("{2150E333-8FDC-42A3-9474-1A3956D46DE8}") = "Iterator", "Iterator", "{735B8D91-0122-423D-A046-AAFAAFFC91E8}"
EndProject
Project("{9A19103F-16F7-4668-BE54-9A1E7A4F7556}") = "Iterator Object", "Design Patterns\Behavioral\Iterator\Iterator Object\Iterator Object.csproj", "{3A37DCE9-ACC4-4BDA-9AD9-453A97816816}"
EndProject
Project("{9A19103F-16F7-4668-BE54-9A1E7A4F7556}") = "ArrayBackedProperties", "Design Patterns\Behavioral\Iterator\ArrayBackedProperties\ArrayBackedProperties.csproj", "{1983A10D-2571-4EEA-8635-BB1A94B7A373}"
EndProject
Project("{9A19103F-16F7-4668-BE54-9A1E7A4F7556}") = "IteratorCodingExercise", "Exercises\IteratorCodingExervise\IteratorCodingExercise.csproj", "{FCA7170F-C4C7-4F8C-871D-0867A7EA32F7}"
EndProject
Project("{2150E333-8FDC-42A3-9474-1A3956D46DE8}") = "Mediator", "Mediator", "{8CE2065B-D08D-4119-9F06-9C077F3E2971}"
EndProject
Project("{9A19103F-16F7-4668-BE54-9A1E7A4F7556}") = "ChatRoom", "Design Patterns\Behavioral\Mediator\ChatRoom\ChatRoom.csproj", "{E8B78153-EB88-49C2-BF79-16BDCCF6D1C6}"
EndProject
Project("{FAE04EC0-301F-11D3-BF4B-00C04F79EFBC}") = "Event Broker", "Design Patterns\Behavioral\Mediator\Event Broker\Event Broker.csproj", "{E48FAFEC-4891-4C78-ABA3-142E31599331}"
EndProject
Project("{FAE04EC0-301F-11D3-BF4B-00C04F79EFBC}") = "MediatR_Library_Demo", "Design Patterns\Behavioral\Mediator\MediatR\MediatR_Library_Demo.csproj", "{919F5C44-BDFB-433E-89FF-7C820910ADC1}"
EndProject
Global
	GlobalSection(SolutionConfigurationPlatforms) = preSolution
		Debug|Any CPU = Debug|Any CPU
		Debug|x64 = Debug|x64
		Debug|x86 = Debug|x86
		Release|Any CPU = Release|Any CPU
		Release|x64 = Release|x64
		Release|x86 = Release|x86
	EndGlobalSection
	GlobalSection(ProjectConfigurationPlatforms) = postSolution
		{581642A6-A786-4D7A-8DDC-BDF46F286944}.Debug|Any CPU.ActiveCfg = Debug|Any CPU
		{581642A6-A786-4D7A-8DDC-BDF46F286944}.Debug|Any CPU.Build.0 = Debug|Any CPU
		{581642A6-A786-4D7A-8DDC-BDF46F286944}.Debug|x64.ActiveCfg = Debug|Any CPU
		{581642A6-A786-4D7A-8DDC-BDF46F286944}.Debug|x64.Build.0 = Debug|Any CPU
		{581642A6-A786-4D7A-8DDC-BDF46F286944}.Debug|x86.ActiveCfg = Debug|Any CPU
		{581642A6-A786-4D7A-8DDC-BDF46F286944}.Debug|x86.Build.0 = Debug|Any CPU
		{581642A6-A786-4D7A-8DDC-BDF46F286944}.Release|Any CPU.ActiveCfg = Release|Any CPU
		{581642A6-A786-4D7A-8DDC-BDF46F286944}.Release|Any CPU.Build.0 = Release|Any CPU
		{581642A6-A786-4D7A-8DDC-BDF46F286944}.Release|x64.ActiveCfg = Release|Any CPU
		{581642A6-A786-4D7A-8DDC-BDF46F286944}.Release|x64.Build.0 = Release|Any CPU
		{581642A6-A786-4D7A-8DDC-BDF46F286944}.Release|x86.ActiveCfg = Release|Any CPU
		{581642A6-A786-4D7A-8DDC-BDF46F286944}.Release|x86.Build.0 = Release|Any CPU
		{EC99AF1C-7AC6-46C4-978C-5BFB67C973D3}.Debug|Any CPU.ActiveCfg = Debug|Any CPU
		{EC99AF1C-7AC6-46C4-978C-5BFB67C973D3}.Debug|Any CPU.Build.0 = Debug|Any CPU
		{EC99AF1C-7AC6-46C4-978C-5BFB67C973D3}.Debug|x64.ActiveCfg = Debug|Any CPU
		{EC99AF1C-7AC6-46C4-978C-5BFB67C973D3}.Debug|x64.Build.0 = Debug|Any CPU
		{EC99AF1C-7AC6-46C4-978C-5BFB67C973D3}.Debug|x86.ActiveCfg = Debug|Any CPU
		{EC99AF1C-7AC6-46C4-978C-5BFB67C973D3}.Debug|x86.Build.0 = Debug|Any CPU
		{EC99AF1C-7AC6-46C4-978C-5BFB67C973D3}.Release|Any CPU.ActiveCfg = Release|Any CPU
		{EC99AF1C-7AC6-46C4-978C-5BFB67C973D3}.Release|Any CPU.Build.0 = Release|Any CPU
		{EC99AF1C-7AC6-46C4-978C-5BFB67C973D3}.Release|x64.ActiveCfg = Release|Any CPU
		{EC99AF1C-7AC6-46C4-978C-5BFB67C973D3}.Release|x64.Build.0 = Release|Any CPU
		{EC99AF1C-7AC6-46C4-978C-5BFB67C973D3}.Release|x86.ActiveCfg = Release|Any CPU
		{EC99AF1C-7AC6-46C4-978C-5BFB67C973D3}.Release|x86.Build.0 = Release|Any CPU
		{E32D83BA-7C77-4586-96EA-F9E0F7620183}.Debug|Any CPU.ActiveCfg = Debug|Any CPU
		{E32D83BA-7C77-4586-96EA-F9E0F7620183}.Debug|Any CPU.Build.0 = Debug|Any CPU
		{E32D83BA-7C77-4586-96EA-F9E0F7620183}.Debug|x64.ActiveCfg = Debug|Any CPU
		{E32D83BA-7C77-4586-96EA-F9E0F7620183}.Debug|x64.Build.0 = Debug|Any CPU
		{E32D83BA-7C77-4586-96EA-F9E0F7620183}.Debug|x86.ActiveCfg = Debug|Any CPU
		{E32D83BA-7C77-4586-96EA-F9E0F7620183}.Debug|x86.Build.0 = Debug|Any CPU
		{E32D83BA-7C77-4586-96EA-F9E0F7620183}.Release|Any CPU.ActiveCfg = Release|Any CPU
		{E32D83BA-7C77-4586-96EA-F9E0F7620183}.Release|Any CPU.Build.0 = Release|Any CPU
		{E32D83BA-7C77-4586-96EA-F9E0F7620183}.Release|x64.ActiveCfg = Release|Any CPU
		{E32D83BA-7C77-4586-96EA-F9E0F7620183}.Release|x64.Build.0 = Release|Any CPU
		{E32D83BA-7C77-4586-96EA-F9E0F7620183}.Release|x86.ActiveCfg = Release|Any CPU
		{E32D83BA-7C77-4586-96EA-F9E0F7620183}.Release|x86.Build.0 = Release|Any CPU
		{9ADEBE80-0EB5-459A-BA19-351E6D9158EB}.Debug|Any CPU.ActiveCfg = Debug|Any CPU
		{9ADEBE80-0EB5-459A-BA19-351E6D9158EB}.Debug|Any CPU.Build.0 = Debug|Any CPU
		{9ADEBE80-0EB5-459A-BA19-351E6D9158EB}.Debug|x64.ActiveCfg = Debug|Any CPU
		{9ADEBE80-0EB5-459A-BA19-351E6D9158EB}.Debug|x64.Build.0 = Debug|Any CPU
		{9ADEBE80-0EB5-459A-BA19-351E6D9158EB}.Debug|x86.ActiveCfg = Debug|Any CPU
		{9ADEBE80-0EB5-459A-BA19-351E6D9158EB}.Debug|x86.Build.0 = Debug|Any CPU
		{9ADEBE80-0EB5-459A-BA19-351E6D9158EB}.Release|Any CPU.ActiveCfg = Release|Any CPU
		{9ADEBE80-0EB5-459A-BA19-351E6D9158EB}.Release|Any CPU.Build.0 = Release|Any CPU
		{9ADEBE80-0EB5-459A-BA19-351E6D9158EB}.Release|x64.ActiveCfg = Release|Any CPU
		{9ADEBE80-0EB5-459A-BA19-351E6D9158EB}.Release|x64.Build.0 = Release|Any CPU
		{9ADEBE80-0EB5-459A-BA19-351E6D9158EB}.Release|x86.ActiveCfg = Release|Any CPU
		{9ADEBE80-0EB5-459A-BA19-351E6D9158EB}.Release|x86.Build.0 = Release|Any CPU
		{03675414-1EEC-45BE-B220-20603CD9912D}.Debug|Any CPU.ActiveCfg = Debug|Any CPU
		{03675414-1EEC-45BE-B220-20603CD9912D}.Debug|Any CPU.Build.0 = Debug|Any CPU
		{03675414-1EEC-45BE-B220-20603CD9912D}.Debug|x64.ActiveCfg = Debug|Any CPU
		{03675414-1EEC-45BE-B220-20603CD9912D}.Debug|x64.Build.0 = Debug|Any CPU
		{03675414-1EEC-45BE-B220-20603CD9912D}.Debug|x86.ActiveCfg = Debug|Any CPU
		{03675414-1EEC-45BE-B220-20603CD9912D}.Debug|x86.Build.0 = Debug|Any CPU
		{03675414-1EEC-45BE-B220-20603CD9912D}.Release|Any CPU.ActiveCfg = Release|Any CPU
		{03675414-1EEC-45BE-B220-20603CD9912D}.Release|Any CPU.Build.0 = Release|Any CPU
		{03675414-1EEC-45BE-B220-20603CD9912D}.Release|x64.ActiveCfg = Release|Any CPU
		{03675414-1EEC-45BE-B220-20603CD9912D}.Release|x64.Build.0 = Release|Any CPU
		{03675414-1EEC-45BE-B220-20603CD9912D}.Release|x86.ActiveCfg = Release|Any CPU
		{03675414-1EEC-45BE-B220-20603CD9912D}.Release|x86.Build.0 = Release|Any CPU
		{969D76F3-C257-4F25-A192-2773EFA4AAF3}.Debug|Any CPU.ActiveCfg = Debug|Any CPU
		{969D76F3-C257-4F25-A192-2773EFA4AAF3}.Debug|Any CPU.Build.0 = Debug|Any CPU
		{969D76F3-C257-4F25-A192-2773EFA4AAF3}.Debug|x64.ActiveCfg = Debug|Any CPU
		{969D76F3-C257-4F25-A192-2773EFA4AAF3}.Debug|x64.Build.0 = Debug|Any CPU
		{969D76F3-C257-4F25-A192-2773EFA4AAF3}.Debug|x86.ActiveCfg = Debug|Any CPU
		{969D76F3-C257-4F25-A192-2773EFA4AAF3}.Debug|x86.Build.0 = Debug|Any CPU
		{969D76F3-C257-4F25-A192-2773EFA4AAF3}.Release|Any CPU.ActiveCfg = Release|Any CPU
		{969D76F3-C257-4F25-A192-2773EFA4AAF3}.Release|Any CPU.Build.0 = Release|Any CPU
		{969D76F3-C257-4F25-A192-2773EFA4AAF3}.Release|x64.ActiveCfg = Release|Any CPU
		{969D76F3-C257-4F25-A192-2773EFA4AAF3}.Release|x64.Build.0 = Release|Any CPU
		{969D76F3-C257-4F25-A192-2773EFA4AAF3}.Release|x86.ActiveCfg = Release|Any CPU
		{969D76F3-C257-4F25-A192-2773EFA4AAF3}.Release|x86.Build.0 = Release|Any CPU
		{0DAFA6A4-8B29-4F19-93A0-55F08D3D83CD}.Debug|Any CPU.ActiveCfg = Debug|Any CPU
		{0DAFA6A4-8B29-4F19-93A0-55F08D3D83CD}.Debug|Any CPU.Build.0 = Debug|Any CPU
		{0DAFA6A4-8B29-4F19-93A0-55F08D3D83CD}.Debug|x64.ActiveCfg = Debug|Any CPU
		{0DAFA6A4-8B29-4F19-93A0-55F08D3D83CD}.Debug|x64.Build.0 = Debug|Any CPU
		{0DAFA6A4-8B29-4F19-93A0-55F08D3D83CD}.Debug|x86.ActiveCfg = Debug|Any CPU
		{0DAFA6A4-8B29-4F19-93A0-55F08D3D83CD}.Debug|x86.Build.0 = Debug|Any CPU
		{0DAFA6A4-8B29-4F19-93A0-55F08D3D83CD}.Release|Any CPU.ActiveCfg = Release|Any CPU
		{0DAFA6A4-8B29-4F19-93A0-55F08D3D83CD}.Release|Any CPU.Build.0 = Release|Any CPU
		{0DAFA6A4-8B29-4F19-93A0-55F08D3D83CD}.Release|x64.ActiveCfg = Release|Any CPU
		{0DAFA6A4-8B29-4F19-93A0-55F08D3D83CD}.Release|x64.Build.0 = Release|Any CPU
		{0DAFA6A4-8B29-4F19-93A0-55F08D3D83CD}.Release|x86.ActiveCfg = Release|Any CPU
		{0DAFA6A4-8B29-4F19-93A0-55F08D3D83CD}.Release|x86.Build.0 = Release|Any CPU
		{507B511F-658A-46A2-8F2F-5BBF06475D2C}.Debug|Any CPU.ActiveCfg = Debug|Any CPU
		{507B511F-658A-46A2-8F2F-5BBF06475D2C}.Debug|Any CPU.Build.0 = Debug|Any CPU
		{507B511F-658A-46A2-8F2F-5BBF06475D2C}.Debug|x64.ActiveCfg = Debug|Any CPU
		{507B511F-658A-46A2-8F2F-5BBF06475D2C}.Debug|x64.Build.0 = Debug|Any CPU
		{507B511F-658A-46A2-8F2F-5BBF06475D2C}.Debug|x86.ActiveCfg = Debug|Any CPU
		{507B511F-658A-46A2-8F2F-5BBF06475D2C}.Debug|x86.Build.0 = Debug|Any CPU
		{507B511F-658A-46A2-8F2F-5BBF06475D2C}.Release|Any CPU.ActiveCfg = Release|Any CPU
		{507B511F-658A-46A2-8F2F-5BBF06475D2C}.Release|Any CPU.Build.0 = Release|Any CPU
		{507B511F-658A-46A2-8F2F-5BBF06475D2C}.Release|x64.ActiveCfg = Release|Any CPU
		{507B511F-658A-46A2-8F2F-5BBF06475D2C}.Release|x64.Build.0 = Release|Any CPU
		{507B511F-658A-46A2-8F2F-5BBF06475D2C}.Release|x86.ActiveCfg = Release|Any CPU
		{507B511F-658A-46A2-8F2F-5BBF06475D2C}.Release|x86.Build.0 = Release|Any CPU
		{E90832CA-9DDE-4674-A413-91CD14848729}.Debug|Any CPU.ActiveCfg = Debug|Any CPU
		{E90832CA-9DDE-4674-A413-91CD14848729}.Debug|Any CPU.Build.0 = Debug|Any CPU
		{E90832CA-9DDE-4674-A413-91CD14848729}.Debug|x64.ActiveCfg = Debug|Any CPU
		{E90832CA-9DDE-4674-A413-91CD14848729}.Debug|x64.Build.0 = Debug|Any CPU
		{E90832CA-9DDE-4674-A413-91CD14848729}.Debug|x86.ActiveCfg = Debug|Any CPU
		{E90832CA-9DDE-4674-A413-91CD14848729}.Debug|x86.Build.0 = Debug|Any CPU
		{E90832CA-9DDE-4674-A413-91CD14848729}.Release|Any CPU.ActiveCfg = Release|Any CPU
		{E90832CA-9DDE-4674-A413-91CD14848729}.Release|Any CPU.Build.0 = Release|Any CPU
		{E90832CA-9DDE-4674-A413-91CD14848729}.Release|x64.ActiveCfg = Release|Any CPU
		{E90832CA-9DDE-4674-A413-91CD14848729}.Release|x64.Build.0 = Release|Any CPU
		{E90832CA-9DDE-4674-A413-91CD14848729}.Release|x86.ActiveCfg = Release|Any CPU
		{E90832CA-9DDE-4674-A413-91CD14848729}.Release|x86.Build.0 = Release|Any CPU
		{33573AE3-22C4-4CE9-A0BD-05399B2B29C5}.Debug|Any CPU.ActiveCfg = Debug|Any CPU
		{33573AE3-22C4-4CE9-A0BD-05399B2B29C5}.Debug|Any CPU.Build.0 = Debug|Any CPU
		{33573AE3-22C4-4CE9-A0BD-05399B2B29C5}.Debug|x64.ActiveCfg = Debug|Any CPU
		{33573AE3-22C4-4CE9-A0BD-05399B2B29C5}.Debug|x64.Build.0 = Debug|Any CPU
		{33573AE3-22C4-4CE9-A0BD-05399B2B29C5}.Debug|x86.ActiveCfg = Debug|Any CPU
		{33573AE3-22C4-4CE9-A0BD-05399B2B29C5}.Debug|x86.Build.0 = Debug|Any CPU
		{33573AE3-22C4-4CE9-A0BD-05399B2B29C5}.Release|Any CPU.ActiveCfg = Release|Any CPU
		{33573AE3-22C4-4CE9-A0BD-05399B2B29C5}.Release|Any CPU.Build.0 = Release|Any CPU
		{33573AE3-22C4-4CE9-A0BD-05399B2B29C5}.Release|x64.ActiveCfg = Release|Any CPU
		{33573AE3-22C4-4CE9-A0BD-05399B2B29C5}.Release|x64.Build.0 = Release|Any CPU
		{33573AE3-22C4-4CE9-A0BD-05399B2B29C5}.Release|x86.ActiveCfg = Release|Any CPU
		{33573AE3-22C4-4CE9-A0BD-05399B2B29C5}.Release|x86.Build.0 = Release|Any CPU
		{BE7AF9FD-E624-4546-933F-EEEA320DB6C5}.Debug|Any CPU.ActiveCfg = Debug|Any CPU
		{BE7AF9FD-E624-4546-933F-EEEA320DB6C5}.Debug|Any CPU.Build.0 = Debug|Any CPU
		{BE7AF9FD-E624-4546-933F-EEEA320DB6C5}.Debug|x64.ActiveCfg = Debug|Any CPU
		{BE7AF9FD-E624-4546-933F-EEEA320DB6C5}.Debug|x64.Build.0 = Debug|Any CPU
		{BE7AF9FD-E624-4546-933F-EEEA320DB6C5}.Debug|x86.ActiveCfg = Debug|Any CPU
		{BE7AF9FD-E624-4546-933F-EEEA320DB6C5}.Debug|x86.Build.0 = Debug|Any CPU
		{BE7AF9FD-E624-4546-933F-EEEA320DB6C5}.Release|Any CPU.ActiveCfg = Release|Any CPU
		{BE7AF9FD-E624-4546-933F-EEEA320DB6C5}.Release|Any CPU.Build.0 = Release|Any CPU
		{BE7AF9FD-E624-4546-933F-EEEA320DB6C5}.Release|x64.ActiveCfg = Release|Any CPU
		{BE7AF9FD-E624-4546-933F-EEEA320DB6C5}.Release|x64.Build.0 = Release|Any CPU
		{BE7AF9FD-E624-4546-933F-EEEA320DB6C5}.Release|x86.ActiveCfg = Release|Any CPU
		{BE7AF9FD-E624-4546-933F-EEEA320DB6C5}.Release|x86.Build.0 = Release|Any CPU
		{58F58E04-96B0-4119-90DC-9FF13A0A1F6C}.Debug|Any CPU.ActiveCfg = Debug|Any CPU
		{58F58E04-96B0-4119-90DC-9FF13A0A1F6C}.Debug|Any CPU.Build.0 = Debug|Any CPU
		{58F58E04-96B0-4119-90DC-9FF13A0A1F6C}.Debug|x64.ActiveCfg = Debug|Any CPU
		{58F58E04-96B0-4119-90DC-9FF13A0A1F6C}.Debug|x64.Build.0 = Debug|Any CPU
		{58F58E04-96B0-4119-90DC-9FF13A0A1F6C}.Debug|x86.ActiveCfg = Debug|Any CPU
		{58F58E04-96B0-4119-90DC-9FF13A0A1F6C}.Debug|x86.Build.0 = Debug|Any CPU
		{58F58E04-96B0-4119-90DC-9FF13A0A1F6C}.Release|Any CPU.ActiveCfg = Release|Any CPU
		{58F58E04-96B0-4119-90DC-9FF13A0A1F6C}.Release|Any CPU.Build.0 = Release|Any CPU
		{58F58E04-96B0-4119-90DC-9FF13A0A1F6C}.Release|x64.ActiveCfg = Release|Any CPU
		{58F58E04-96B0-4119-90DC-9FF13A0A1F6C}.Release|x64.Build.0 = Release|Any CPU
		{58F58E04-96B0-4119-90DC-9FF13A0A1F6C}.Release|x86.ActiveCfg = Release|Any CPU
		{58F58E04-96B0-4119-90DC-9FF13A0A1F6C}.Release|x86.Build.0 = Release|Any CPU
		{13533A76-4461-4BA3-93F8-96E790107043}.Debug|Any CPU.ActiveCfg = Debug|Any CPU
		{13533A76-4461-4BA3-93F8-96E790107043}.Debug|Any CPU.Build.0 = Debug|Any CPU
		{13533A76-4461-4BA3-93F8-96E790107043}.Debug|x64.ActiveCfg = Debug|Any CPU
		{13533A76-4461-4BA3-93F8-96E790107043}.Debug|x64.Build.0 = Debug|Any CPU
		{13533A76-4461-4BA3-93F8-96E790107043}.Debug|x86.ActiveCfg = Debug|Any CPU
		{13533A76-4461-4BA3-93F8-96E790107043}.Debug|x86.Build.0 = Debug|Any CPU
		{13533A76-4461-4BA3-93F8-96E790107043}.Release|Any CPU.ActiveCfg = Release|Any CPU
		{13533A76-4461-4BA3-93F8-96E790107043}.Release|Any CPU.Build.0 = Release|Any CPU
		{13533A76-4461-4BA3-93F8-96E790107043}.Release|x64.ActiveCfg = Release|Any CPU
		{13533A76-4461-4BA3-93F8-96E790107043}.Release|x64.Build.0 = Release|Any CPU
		{13533A76-4461-4BA3-93F8-96E790107043}.Release|x86.ActiveCfg = Release|Any CPU
		{13533A76-4461-4BA3-93F8-96E790107043}.Release|x86.Build.0 = Release|Any CPU
		{3CD8FBAA-147D-4689-8838-A093C964E303}.Debug|Any CPU.ActiveCfg = Debug|Any CPU
		{3CD8FBAA-147D-4689-8838-A093C964E303}.Debug|Any CPU.Build.0 = Debug|Any CPU
		{3CD8FBAA-147D-4689-8838-A093C964E303}.Debug|x64.ActiveCfg = Debug|Any CPU
		{3CD8FBAA-147D-4689-8838-A093C964E303}.Debug|x64.Build.0 = Debug|Any CPU
		{3CD8FBAA-147D-4689-8838-A093C964E303}.Debug|x86.ActiveCfg = Debug|Any CPU
		{3CD8FBAA-147D-4689-8838-A093C964E303}.Debug|x86.Build.0 = Debug|Any CPU
		{3CD8FBAA-147D-4689-8838-A093C964E303}.Release|Any CPU.ActiveCfg = Release|Any CPU
		{3CD8FBAA-147D-4689-8838-A093C964E303}.Release|Any CPU.Build.0 = Release|Any CPU
		{3CD8FBAA-147D-4689-8838-A093C964E303}.Release|x64.ActiveCfg = Release|Any CPU
		{3CD8FBAA-147D-4689-8838-A093C964E303}.Release|x64.Build.0 = Release|Any CPU
		{3CD8FBAA-147D-4689-8838-A093C964E303}.Release|x86.ActiveCfg = Release|Any CPU
		{3CD8FBAA-147D-4689-8838-A093C964E303}.Release|x86.Build.0 = Release|Any CPU
		{67E52070-9CD7-41AC-8E38-85BCF65954D5}.Debug|Any CPU.ActiveCfg = Debug|Any CPU
		{67E52070-9CD7-41AC-8E38-85BCF65954D5}.Debug|Any CPU.Build.0 = Debug|Any CPU
		{67E52070-9CD7-41AC-8E38-85BCF65954D5}.Debug|x64.ActiveCfg = Debug|Any CPU
		{67E52070-9CD7-41AC-8E38-85BCF65954D5}.Debug|x64.Build.0 = Debug|Any CPU
		{67E52070-9CD7-41AC-8E38-85BCF65954D5}.Debug|x86.ActiveCfg = Debug|Any CPU
		{67E52070-9CD7-41AC-8E38-85BCF65954D5}.Debug|x86.Build.0 = Debug|Any CPU
		{67E52070-9CD7-41AC-8E38-85BCF65954D5}.Release|Any CPU.ActiveCfg = Release|Any CPU
		{67E52070-9CD7-41AC-8E38-85BCF65954D5}.Release|Any CPU.Build.0 = Release|Any CPU
		{67E52070-9CD7-41AC-8E38-85BCF65954D5}.Release|x64.ActiveCfg = Release|Any CPU
		{67E52070-9CD7-41AC-8E38-85BCF65954D5}.Release|x64.Build.0 = Release|Any CPU
		{67E52070-9CD7-41AC-8E38-85BCF65954D5}.Release|x86.ActiveCfg = Release|Any CPU
		{67E52070-9CD7-41AC-8E38-85BCF65954D5}.Release|x86.Build.0 = Release|Any CPU
		{79D0A1BE-BEDB-4546-BB7E-08B37681AD1E}.Debug|Any CPU.ActiveCfg = Debug|Any CPU
		{79D0A1BE-BEDB-4546-BB7E-08B37681AD1E}.Debug|Any CPU.Build.0 = Debug|Any CPU
		{79D0A1BE-BEDB-4546-BB7E-08B37681AD1E}.Debug|x64.ActiveCfg = Debug|Any CPU
		{79D0A1BE-BEDB-4546-BB7E-08B37681AD1E}.Debug|x64.Build.0 = Debug|Any CPU
		{79D0A1BE-BEDB-4546-BB7E-08B37681AD1E}.Debug|x86.ActiveCfg = Debug|Any CPU
		{79D0A1BE-BEDB-4546-BB7E-08B37681AD1E}.Debug|x86.Build.0 = Debug|Any CPU
		{79D0A1BE-BEDB-4546-BB7E-08B37681AD1E}.Release|Any CPU.ActiveCfg = Release|Any CPU
		{79D0A1BE-BEDB-4546-BB7E-08B37681AD1E}.Release|Any CPU.Build.0 = Release|Any CPU
		{79D0A1BE-BEDB-4546-BB7E-08B37681AD1E}.Release|x64.ActiveCfg = Release|Any CPU
		{79D0A1BE-BEDB-4546-BB7E-08B37681AD1E}.Release|x64.Build.0 = Release|Any CPU
		{79D0A1BE-BEDB-4546-BB7E-08B37681AD1E}.Release|x86.ActiveCfg = Release|Any CPU
		{79D0A1BE-BEDB-4546-BB7E-08B37681AD1E}.Release|x86.Build.0 = Release|Any CPU
		{14A0C7C9-542E-45C4-BC59-01EA8FC02C7D}.Debug|Any CPU.ActiveCfg = Debug|Any CPU
		{14A0C7C9-542E-45C4-BC59-01EA8FC02C7D}.Debug|Any CPU.Build.0 = Debug|Any CPU
		{14A0C7C9-542E-45C4-BC59-01EA8FC02C7D}.Debug|x64.ActiveCfg = Debug|Any CPU
		{14A0C7C9-542E-45C4-BC59-01EA8FC02C7D}.Debug|x64.Build.0 = Debug|Any CPU
		{14A0C7C9-542E-45C4-BC59-01EA8FC02C7D}.Debug|x86.ActiveCfg = Debug|Any CPU
		{14A0C7C9-542E-45C4-BC59-01EA8FC02C7D}.Debug|x86.Build.0 = Debug|Any CPU
		{14A0C7C9-542E-45C4-BC59-01EA8FC02C7D}.Release|Any CPU.ActiveCfg = Release|Any CPU
		{14A0C7C9-542E-45C4-BC59-01EA8FC02C7D}.Release|Any CPU.Build.0 = Release|Any CPU
		{14A0C7C9-542E-45C4-BC59-01EA8FC02C7D}.Release|x64.ActiveCfg = Release|Any CPU
		{14A0C7C9-542E-45C4-BC59-01EA8FC02C7D}.Release|x64.Build.0 = Release|Any CPU
		{14A0C7C9-542E-45C4-BC59-01EA8FC02C7D}.Release|x86.ActiveCfg = Release|Any CPU
		{14A0C7C9-542E-45C4-BC59-01EA8FC02C7D}.Release|x86.Build.0 = Release|Any CPU
		{30A825F6-EC49-4A02-8E2F-30C3B5189148}.Debug|Any CPU.ActiveCfg = Debug|Any CPU
		{30A825F6-EC49-4A02-8E2F-30C3B5189148}.Debug|Any CPU.Build.0 = Debug|Any CPU
		{30A825F6-EC49-4A02-8E2F-30C3B5189148}.Debug|x64.ActiveCfg = Debug|Any CPU
		{30A825F6-EC49-4A02-8E2F-30C3B5189148}.Debug|x64.Build.0 = Debug|Any CPU
		{30A825F6-EC49-4A02-8E2F-30C3B5189148}.Debug|x86.ActiveCfg = Debug|Any CPU
		{30A825F6-EC49-4A02-8E2F-30C3B5189148}.Debug|x86.Build.0 = Debug|Any CPU
		{30A825F6-EC49-4A02-8E2F-30C3B5189148}.Release|Any CPU.ActiveCfg = Release|Any CPU
		{30A825F6-EC49-4A02-8E2F-30C3B5189148}.Release|Any CPU.Build.0 = Release|Any CPU
		{30A825F6-EC49-4A02-8E2F-30C3B5189148}.Release|x64.ActiveCfg = Release|Any CPU
		{30A825F6-EC49-4A02-8E2F-30C3B5189148}.Release|x64.Build.0 = Release|Any CPU
		{30A825F6-EC49-4A02-8E2F-30C3B5189148}.Release|x86.ActiveCfg = Release|Any CPU
		{30A825F6-EC49-4A02-8E2F-30C3B5189148}.Release|x86.Build.0 = Release|Any CPU
		{C0E0BA8C-EC68-48EA-9088-BDE46D3D0255}.Debug|Any CPU.ActiveCfg = Debug|Any CPU
		{C0E0BA8C-EC68-48EA-9088-BDE46D3D0255}.Debug|Any CPU.Build.0 = Debug|Any CPU
		{C0E0BA8C-EC68-48EA-9088-BDE46D3D0255}.Debug|x64.ActiveCfg = Debug|Any CPU
		{C0E0BA8C-EC68-48EA-9088-BDE46D3D0255}.Debug|x64.Build.0 = Debug|Any CPU
		{C0E0BA8C-EC68-48EA-9088-BDE46D3D0255}.Debug|x86.ActiveCfg = Debug|Any CPU
		{C0E0BA8C-EC68-48EA-9088-BDE46D3D0255}.Debug|x86.Build.0 = Debug|Any CPU
		{C0E0BA8C-EC68-48EA-9088-BDE46D3D0255}.Release|Any CPU.ActiveCfg = Release|Any CPU
		{C0E0BA8C-EC68-48EA-9088-BDE46D3D0255}.Release|Any CPU.Build.0 = Release|Any CPU
		{C0E0BA8C-EC68-48EA-9088-BDE46D3D0255}.Release|x64.ActiveCfg = Release|Any CPU
		{C0E0BA8C-EC68-48EA-9088-BDE46D3D0255}.Release|x64.Build.0 = Release|Any CPU
		{C0E0BA8C-EC68-48EA-9088-BDE46D3D0255}.Release|x86.ActiveCfg = Release|Any CPU
		{C0E0BA8C-EC68-48EA-9088-BDE46D3D0255}.Release|x86.Build.0 = Release|Any CPU
		{1345C475-9255-4E28-8A80-AEEFC65D4F5F}.Debug|Any CPU.ActiveCfg = Debug|Any CPU
		{1345C475-9255-4E28-8A80-AEEFC65D4F5F}.Debug|Any CPU.Build.0 = Debug|Any CPU
		{1345C475-9255-4E28-8A80-AEEFC65D4F5F}.Debug|x64.ActiveCfg = Debug|Any CPU
		{1345C475-9255-4E28-8A80-AEEFC65D4F5F}.Debug|x64.Build.0 = Debug|Any CPU
		{1345C475-9255-4E28-8A80-AEEFC65D4F5F}.Debug|x86.ActiveCfg = Debug|Any CPU
		{1345C475-9255-4E28-8A80-AEEFC65D4F5F}.Debug|x86.Build.0 = Debug|Any CPU
		{1345C475-9255-4E28-8A80-AEEFC65D4F5F}.Release|Any CPU.ActiveCfg = Release|Any CPU
		{1345C475-9255-4E28-8A80-AEEFC65D4F5F}.Release|Any CPU.Build.0 = Release|Any CPU
		{1345C475-9255-4E28-8A80-AEEFC65D4F5F}.Release|x64.ActiveCfg = Release|Any CPU
		{1345C475-9255-4E28-8A80-AEEFC65D4F5F}.Release|x64.Build.0 = Release|Any CPU
		{1345C475-9255-4E28-8A80-AEEFC65D4F5F}.Release|x86.ActiveCfg = Release|Any CPU
		{1345C475-9255-4E28-8A80-AEEFC65D4F5F}.Release|x86.Build.0 = Release|Any CPU
		{8FEC9DB3-A75F-4D62-B0ED-ED28D8C40B71}.Debug|Any CPU.ActiveCfg = Debug|Any CPU
		{8FEC9DB3-A75F-4D62-B0ED-ED28D8C40B71}.Debug|Any CPU.Build.0 = Debug|Any CPU
		{8FEC9DB3-A75F-4D62-B0ED-ED28D8C40B71}.Debug|x64.ActiveCfg = Debug|Any CPU
		{8FEC9DB3-A75F-4D62-B0ED-ED28D8C40B71}.Debug|x64.Build.0 = Debug|Any CPU
		{8FEC9DB3-A75F-4D62-B0ED-ED28D8C40B71}.Debug|x86.ActiveCfg = Debug|Any CPU
		{8FEC9DB3-A75F-4D62-B0ED-ED28D8C40B71}.Debug|x86.Build.0 = Debug|Any CPU
		{8FEC9DB3-A75F-4D62-B0ED-ED28D8C40B71}.Release|Any CPU.ActiveCfg = Release|Any CPU
		{8FEC9DB3-A75F-4D62-B0ED-ED28D8C40B71}.Release|Any CPU.Build.0 = Release|Any CPU
		{8FEC9DB3-A75F-4D62-B0ED-ED28D8C40B71}.Release|x64.ActiveCfg = Release|Any CPU
		{8FEC9DB3-A75F-4D62-B0ED-ED28D8C40B71}.Release|x64.Build.0 = Release|Any CPU
		{8FEC9DB3-A75F-4D62-B0ED-ED28D8C40B71}.Release|x86.ActiveCfg = Release|Any CPU
		{8FEC9DB3-A75F-4D62-B0ED-ED28D8C40B71}.Release|x86.Build.0 = Release|Any CPU
		{9A78BFB5-A766-4C60-91A4-B55DBFC62036}.Debug|Any CPU.ActiveCfg = Debug|Any CPU
		{9A78BFB5-A766-4C60-91A4-B55DBFC62036}.Debug|Any CPU.Build.0 = Debug|Any CPU
		{9A78BFB5-A766-4C60-91A4-B55DBFC62036}.Debug|x64.ActiveCfg = Debug|Any CPU
		{9A78BFB5-A766-4C60-91A4-B55DBFC62036}.Debug|x64.Build.0 = Debug|Any CPU
		{9A78BFB5-A766-4C60-91A4-B55DBFC62036}.Debug|x86.ActiveCfg = Debug|Any CPU
		{9A78BFB5-A766-4C60-91A4-B55DBFC62036}.Debug|x86.Build.0 = Debug|Any CPU
		{9A78BFB5-A766-4C60-91A4-B55DBFC62036}.Release|Any CPU.ActiveCfg = Release|Any CPU
		{9A78BFB5-A766-4C60-91A4-B55DBFC62036}.Release|Any CPU.Build.0 = Release|Any CPU
		{9A78BFB5-A766-4C60-91A4-B55DBFC62036}.Release|x64.ActiveCfg = Release|Any CPU
		{9A78BFB5-A766-4C60-91A4-B55DBFC62036}.Release|x64.Build.0 = Release|Any CPU
		{9A78BFB5-A766-4C60-91A4-B55DBFC62036}.Release|x86.ActiveCfg = Release|Any CPU
		{9A78BFB5-A766-4C60-91A4-B55DBFC62036}.Release|x86.Build.0 = Release|Any CPU
		{FDC809EC-F71E-4C46-86E8-00F5B5F717AB}.Debug|Any CPU.ActiveCfg = Debug|Any CPU
		{FDC809EC-F71E-4C46-86E8-00F5B5F717AB}.Debug|Any CPU.Build.0 = Debug|Any CPU
		{FDC809EC-F71E-4C46-86E8-00F5B5F717AB}.Debug|x64.ActiveCfg = Debug|Any CPU
		{FDC809EC-F71E-4C46-86E8-00F5B5F717AB}.Debug|x64.Build.0 = Debug|Any CPU
		{FDC809EC-F71E-4C46-86E8-00F5B5F717AB}.Debug|x86.ActiveCfg = Debug|Any CPU
		{FDC809EC-F71E-4C46-86E8-00F5B5F717AB}.Debug|x86.Build.0 = Debug|Any CPU
		{FDC809EC-F71E-4C46-86E8-00F5B5F717AB}.Release|Any CPU.ActiveCfg = Release|Any CPU
		{FDC809EC-F71E-4C46-86E8-00F5B5F717AB}.Release|Any CPU.Build.0 = Release|Any CPU
		{FDC809EC-F71E-4C46-86E8-00F5B5F717AB}.Release|x64.ActiveCfg = Release|Any CPU
		{FDC809EC-F71E-4C46-86E8-00F5B5F717AB}.Release|x64.Build.0 = Release|Any CPU
		{FDC809EC-F71E-4C46-86E8-00F5B5F717AB}.Release|x86.ActiveCfg = Release|Any CPU
		{FDC809EC-F71E-4C46-86E8-00F5B5F717AB}.Release|x86.Build.0 = Release|Any CPU
		{B3DA37F7-3EED-468E-ABCC-C4B636229BA1}.Debug|Any CPU.ActiveCfg = Debug|Any CPU
		{B3DA37F7-3EED-468E-ABCC-C4B636229BA1}.Debug|Any CPU.Build.0 = Debug|Any CPU
		{B3DA37F7-3EED-468E-ABCC-C4B636229BA1}.Debug|x64.ActiveCfg = Debug|Any CPU
		{B3DA37F7-3EED-468E-ABCC-C4B636229BA1}.Debug|x64.Build.0 = Debug|Any CPU
		{B3DA37F7-3EED-468E-ABCC-C4B636229BA1}.Debug|x86.ActiveCfg = Debug|Any CPU
		{B3DA37F7-3EED-468E-ABCC-C4B636229BA1}.Debug|x86.Build.0 = Debug|Any CPU
		{B3DA37F7-3EED-468E-ABCC-C4B636229BA1}.Release|Any CPU.ActiveCfg = Release|Any CPU
		{B3DA37F7-3EED-468E-ABCC-C4B636229BA1}.Release|Any CPU.Build.0 = Release|Any CPU
		{B3DA37F7-3EED-468E-ABCC-C4B636229BA1}.Release|x64.ActiveCfg = Release|Any CPU
		{B3DA37F7-3EED-468E-ABCC-C4B636229BA1}.Release|x64.Build.0 = Release|Any CPU
		{B3DA37F7-3EED-468E-ABCC-C4B636229BA1}.Release|x86.ActiveCfg = Release|Any CPU
		{B3DA37F7-3EED-468E-ABCC-C4B636229BA1}.Release|x86.Build.0 = Release|Any CPU
		{BE574F39-DE93-41E1-B8A1-C7AEAAA6E657}.Debug|Any CPU.ActiveCfg = Debug|Any CPU
		{BE574F39-DE93-41E1-B8A1-C7AEAAA6E657}.Debug|Any CPU.Build.0 = Debug|Any CPU
		{BE574F39-DE93-41E1-B8A1-C7AEAAA6E657}.Debug|x64.ActiveCfg = Debug|Any CPU
		{BE574F39-DE93-41E1-B8A1-C7AEAAA6E657}.Debug|x64.Build.0 = Debug|Any CPU
		{BE574F39-DE93-41E1-B8A1-C7AEAAA6E657}.Debug|x86.ActiveCfg = Debug|Any CPU
		{BE574F39-DE93-41E1-B8A1-C7AEAAA6E657}.Debug|x86.Build.0 = Debug|Any CPU
		{BE574F39-DE93-41E1-B8A1-C7AEAAA6E657}.Release|Any CPU.ActiveCfg = Release|Any CPU
		{BE574F39-DE93-41E1-B8A1-C7AEAAA6E657}.Release|Any CPU.Build.0 = Release|Any CPU
		{BE574F39-DE93-41E1-B8A1-C7AEAAA6E657}.Release|x64.ActiveCfg = Release|Any CPU
		{BE574F39-DE93-41E1-B8A1-C7AEAAA6E657}.Release|x64.Build.0 = Release|Any CPU
		{BE574F39-DE93-41E1-B8A1-C7AEAAA6E657}.Release|x86.ActiveCfg = Release|Any CPU
		{BE574F39-DE93-41E1-B8A1-C7AEAAA6E657}.Release|x86.Build.0 = Release|Any CPU
		{920FFAC8-662F-4FE6-AF71-A5BBC495D24B}.Debug|Any CPU.ActiveCfg = Debug|Any CPU
		{920FFAC8-662F-4FE6-AF71-A5BBC495D24B}.Debug|Any CPU.Build.0 = Debug|Any CPU
		{920FFAC8-662F-4FE6-AF71-A5BBC495D24B}.Debug|x64.ActiveCfg = Debug|Any CPU
		{920FFAC8-662F-4FE6-AF71-A5BBC495D24B}.Debug|x64.Build.0 = Debug|Any CPU
		{920FFAC8-662F-4FE6-AF71-A5BBC495D24B}.Debug|x86.ActiveCfg = Debug|Any CPU
		{920FFAC8-662F-4FE6-AF71-A5BBC495D24B}.Debug|x86.Build.0 = Debug|Any CPU
		{920FFAC8-662F-4FE6-AF71-A5BBC495D24B}.Release|Any CPU.ActiveCfg = Release|Any CPU
		{920FFAC8-662F-4FE6-AF71-A5BBC495D24B}.Release|Any CPU.Build.0 = Release|Any CPU
		{920FFAC8-662F-4FE6-AF71-A5BBC495D24B}.Release|x64.ActiveCfg = Release|Any CPU
		{920FFAC8-662F-4FE6-AF71-A5BBC495D24B}.Release|x64.Build.0 = Release|Any CPU
		{920FFAC8-662F-4FE6-AF71-A5BBC495D24B}.Release|x86.ActiveCfg = Release|Any CPU
		{920FFAC8-662F-4FE6-AF71-A5BBC495D24B}.Release|x86.Build.0 = Release|Any CPU
		{5CE46247-B8B0-4F9D-9AA6-F368925F191F}.Debug|Any CPU.ActiveCfg = Debug|Any CPU
		{5CE46247-B8B0-4F9D-9AA6-F368925F191F}.Debug|Any CPU.Build.0 = Debug|Any CPU
		{5CE46247-B8B0-4F9D-9AA6-F368925F191F}.Debug|x64.ActiveCfg = Debug|Any CPU
		{5CE46247-B8B0-4F9D-9AA6-F368925F191F}.Debug|x64.Build.0 = Debug|Any CPU
		{5CE46247-B8B0-4F9D-9AA6-F368925F191F}.Debug|x86.ActiveCfg = Debug|Any CPU
		{5CE46247-B8B0-4F9D-9AA6-F368925F191F}.Debug|x86.Build.0 = Debug|Any CPU
		{5CE46247-B8B0-4F9D-9AA6-F368925F191F}.Release|Any CPU.ActiveCfg = Release|Any CPU
		{5CE46247-B8B0-4F9D-9AA6-F368925F191F}.Release|Any CPU.Build.0 = Release|Any CPU
		{5CE46247-B8B0-4F9D-9AA6-F368925F191F}.Release|x64.ActiveCfg = Release|Any CPU
		{5CE46247-B8B0-4F9D-9AA6-F368925F191F}.Release|x64.Build.0 = Release|Any CPU
		{5CE46247-B8B0-4F9D-9AA6-F368925F191F}.Release|x86.ActiveCfg = Release|Any CPU
		{5CE46247-B8B0-4F9D-9AA6-F368925F191F}.Release|x86.Build.0 = Release|Any CPU
		{0619B6B3-D4B7-43D5-84E3-E5D7730E2378}.Debug|Any CPU.ActiveCfg = Debug|Any CPU
		{0619B6B3-D4B7-43D5-84E3-E5D7730E2378}.Debug|Any CPU.Build.0 = Debug|Any CPU
		{0619B6B3-D4B7-43D5-84E3-E5D7730E2378}.Debug|x64.ActiveCfg = Debug|Any CPU
		{0619B6B3-D4B7-43D5-84E3-E5D7730E2378}.Debug|x64.Build.0 = Debug|Any CPU
		{0619B6B3-D4B7-43D5-84E3-E5D7730E2378}.Debug|x86.ActiveCfg = Debug|Any CPU
		{0619B6B3-D4B7-43D5-84E3-E5D7730E2378}.Debug|x86.Build.0 = Debug|Any CPU
		{0619B6B3-D4B7-43D5-84E3-E5D7730E2378}.Release|Any CPU.ActiveCfg = Release|Any CPU
		{0619B6B3-D4B7-43D5-84E3-E5D7730E2378}.Release|Any CPU.Build.0 = Release|Any CPU
		{0619B6B3-D4B7-43D5-84E3-E5D7730E2378}.Release|x64.ActiveCfg = Release|Any CPU
		{0619B6B3-D4B7-43D5-84E3-E5D7730E2378}.Release|x64.Build.0 = Release|Any CPU
		{0619B6B3-D4B7-43D5-84E3-E5D7730E2378}.Release|x86.ActiveCfg = Release|Any CPU
		{0619B6B3-D4B7-43D5-84E3-E5D7730E2378}.Release|x86.Build.0 = Release|Any CPU
		{36AEB4F7-E072-461B-9C21-55B647D78F78}.Debug|Any CPU.ActiveCfg = Debug|Any CPU
		{36AEB4F7-E072-461B-9C21-55B647D78F78}.Debug|Any CPU.Build.0 = Debug|Any CPU
		{36AEB4F7-E072-461B-9C21-55B647D78F78}.Debug|x64.ActiveCfg = Debug|Any CPU
		{36AEB4F7-E072-461B-9C21-55B647D78F78}.Debug|x64.Build.0 = Debug|Any CPU
		{36AEB4F7-E072-461B-9C21-55B647D78F78}.Debug|x86.ActiveCfg = Debug|Any CPU
		{36AEB4F7-E072-461B-9C21-55B647D78F78}.Debug|x86.Build.0 = Debug|Any CPU
		{36AEB4F7-E072-461B-9C21-55B647D78F78}.Release|Any CPU.ActiveCfg = Release|Any CPU
		{36AEB4F7-E072-461B-9C21-55B647D78F78}.Release|Any CPU.Build.0 = Release|Any CPU
		{36AEB4F7-E072-461B-9C21-55B647D78F78}.Release|x64.ActiveCfg = Release|Any CPU
		{36AEB4F7-E072-461B-9C21-55B647D78F78}.Release|x64.Build.0 = Release|Any CPU
		{36AEB4F7-E072-461B-9C21-55B647D78F78}.Release|x86.ActiveCfg = Release|Any CPU
		{36AEB4F7-E072-461B-9C21-55B647D78F78}.Release|x86.Build.0 = Release|Any CPU
		{0DB3BB7E-8E2E-4896-89E5-93CA91B84D2F}.Debug|Any CPU.ActiveCfg = Debug|Any CPU
		{0DB3BB7E-8E2E-4896-89E5-93CA91B84D2F}.Debug|Any CPU.Build.0 = Debug|Any CPU
		{0DB3BB7E-8E2E-4896-89E5-93CA91B84D2F}.Debug|x64.ActiveCfg = Debug|Any CPU
		{0DB3BB7E-8E2E-4896-89E5-93CA91B84D2F}.Debug|x64.Build.0 = Debug|Any CPU
		{0DB3BB7E-8E2E-4896-89E5-93CA91B84D2F}.Debug|x86.ActiveCfg = Debug|Any CPU
		{0DB3BB7E-8E2E-4896-89E5-93CA91B84D2F}.Debug|x86.Build.0 = Debug|Any CPU
		{0DB3BB7E-8E2E-4896-89E5-93CA91B84D2F}.Release|Any CPU.ActiveCfg = Release|Any CPU
		{0DB3BB7E-8E2E-4896-89E5-93CA91B84D2F}.Release|Any CPU.Build.0 = Release|Any CPU
		{0DB3BB7E-8E2E-4896-89E5-93CA91B84D2F}.Release|x64.ActiveCfg = Release|Any CPU
		{0DB3BB7E-8E2E-4896-89E5-93CA91B84D2F}.Release|x64.Build.0 = Release|Any CPU
		{0DB3BB7E-8E2E-4896-89E5-93CA91B84D2F}.Release|x86.ActiveCfg = Release|Any CPU
		{0DB3BB7E-8E2E-4896-89E5-93CA91B84D2F}.Release|x86.Build.0 = Release|Any CPU
		{81917F1D-F596-4AC5-8BD7-B9116BAA849C}.Debug|Any CPU.ActiveCfg = Debug|Any CPU
		{81917F1D-F596-4AC5-8BD7-B9116BAA849C}.Debug|Any CPU.Build.0 = Debug|Any CPU
		{81917F1D-F596-4AC5-8BD7-B9116BAA849C}.Debug|x64.ActiveCfg = Debug|Any CPU
		{81917F1D-F596-4AC5-8BD7-B9116BAA849C}.Debug|x64.Build.0 = Debug|Any CPU
		{81917F1D-F596-4AC5-8BD7-B9116BAA849C}.Debug|x86.ActiveCfg = Debug|Any CPU
		{81917F1D-F596-4AC5-8BD7-B9116BAA849C}.Debug|x86.Build.0 = Debug|Any CPU
		{81917F1D-F596-4AC5-8BD7-B9116BAA849C}.Release|Any CPU.ActiveCfg = Release|Any CPU
		{81917F1D-F596-4AC5-8BD7-B9116BAA849C}.Release|Any CPU.Build.0 = Release|Any CPU
		{81917F1D-F596-4AC5-8BD7-B9116BAA849C}.Release|x64.ActiveCfg = Release|Any CPU
		{81917F1D-F596-4AC5-8BD7-B9116BAA849C}.Release|x64.Build.0 = Release|Any CPU
		{81917F1D-F596-4AC5-8BD7-B9116BAA849C}.Release|x86.ActiveCfg = Release|Any CPU
		{81917F1D-F596-4AC5-8BD7-B9116BAA849C}.Release|x86.Build.0 = Release|Any CPU
		{DAD7B036-77BA-4953-82E6-52DD2B8509A3}.Debug|Any CPU.ActiveCfg = Debug|Any CPU
		{DAD7B036-77BA-4953-82E6-52DD2B8509A3}.Debug|Any CPU.Build.0 = Debug|Any CPU
		{DAD7B036-77BA-4953-82E6-52DD2B8509A3}.Debug|x64.ActiveCfg = Debug|Any CPU
		{DAD7B036-77BA-4953-82E6-52DD2B8509A3}.Debug|x64.Build.0 = Debug|Any CPU
		{DAD7B036-77BA-4953-82E6-52DD2B8509A3}.Debug|x86.ActiveCfg = Debug|Any CPU
		{DAD7B036-77BA-4953-82E6-52DD2B8509A3}.Debug|x86.Build.0 = Debug|Any CPU
		{DAD7B036-77BA-4953-82E6-52DD2B8509A3}.Release|Any CPU.ActiveCfg = Release|Any CPU
		{DAD7B036-77BA-4953-82E6-52DD2B8509A3}.Release|Any CPU.Build.0 = Release|Any CPU
		{DAD7B036-77BA-4953-82E6-52DD2B8509A3}.Release|x64.ActiveCfg = Release|Any CPU
		{DAD7B036-77BA-4953-82E6-52DD2B8509A3}.Release|x64.Build.0 = Release|Any CPU
		{DAD7B036-77BA-4953-82E6-52DD2B8509A3}.Release|x86.ActiveCfg = Release|Any CPU
		{DAD7B036-77BA-4953-82E6-52DD2B8509A3}.Release|x86.Build.0 = Release|Any CPU
		{EC6309EB-5D7F-447C-BC20-A735802B99FE}.Debug|Any CPU.ActiveCfg = Debug|Any CPU
		{EC6309EB-5D7F-447C-BC20-A735802B99FE}.Debug|Any CPU.Build.0 = Debug|Any CPU
		{EC6309EB-5D7F-447C-BC20-A735802B99FE}.Debug|x64.ActiveCfg = Debug|Any CPU
		{EC6309EB-5D7F-447C-BC20-A735802B99FE}.Debug|x64.Build.0 = Debug|Any CPU
		{EC6309EB-5D7F-447C-BC20-A735802B99FE}.Debug|x86.ActiveCfg = Debug|Any CPU
		{EC6309EB-5D7F-447C-BC20-A735802B99FE}.Debug|x86.Build.0 = Debug|Any CPU
		{EC6309EB-5D7F-447C-BC20-A735802B99FE}.Release|Any CPU.ActiveCfg = Release|Any CPU
		{EC6309EB-5D7F-447C-BC20-A735802B99FE}.Release|Any CPU.Build.0 = Release|Any CPU
		{EC6309EB-5D7F-447C-BC20-A735802B99FE}.Release|x64.ActiveCfg = Release|Any CPU
		{EC6309EB-5D7F-447C-BC20-A735802B99FE}.Release|x64.Build.0 = Release|Any CPU
		{EC6309EB-5D7F-447C-BC20-A735802B99FE}.Release|x86.ActiveCfg = Release|Any CPU
		{EC6309EB-5D7F-447C-BC20-A735802B99FE}.Release|x86.Build.0 = Release|Any CPU
		{C1673ED2-CA34-4B5E-A0B4-622366F0BD82}.Debug|Any CPU.ActiveCfg = Debug|Any CPU
		{C1673ED2-CA34-4B5E-A0B4-622366F0BD82}.Debug|Any CPU.Build.0 = Debug|Any CPU
		{C1673ED2-CA34-4B5E-A0B4-622366F0BD82}.Debug|x64.ActiveCfg = Debug|Any CPU
		{C1673ED2-CA34-4B5E-A0B4-622366F0BD82}.Debug|x64.Build.0 = Debug|Any CPU
		{C1673ED2-CA34-4B5E-A0B4-622366F0BD82}.Debug|x86.ActiveCfg = Debug|Any CPU
		{C1673ED2-CA34-4B5E-A0B4-622366F0BD82}.Debug|x86.Build.0 = Debug|Any CPU
		{C1673ED2-CA34-4B5E-A0B4-622366F0BD82}.Release|Any CPU.ActiveCfg = Release|Any CPU
		{C1673ED2-CA34-4B5E-A0B4-622366F0BD82}.Release|Any CPU.Build.0 = Release|Any CPU
		{C1673ED2-CA34-4B5E-A0B4-622366F0BD82}.Release|x64.ActiveCfg = Release|Any CPU
		{C1673ED2-CA34-4B5E-A0B4-622366F0BD82}.Release|x64.Build.0 = Release|Any CPU
		{C1673ED2-CA34-4B5E-A0B4-622366F0BD82}.Release|x86.ActiveCfg = Release|Any CPU
		{C1673ED2-CA34-4B5E-A0B4-622366F0BD82}.Release|x86.Build.0 = Release|Any CPU
		{080F9E66-2A99-488A-9D5D-500CD090CF3D}.Debug|Any CPU.ActiveCfg = Debug|Any CPU
		{080F9E66-2A99-488A-9D5D-500CD090CF3D}.Debug|Any CPU.Build.0 = Debug|Any CPU
		{080F9E66-2A99-488A-9D5D-500CD090CF3D}.Debug|x64.ActiveCfg = Debug|Any CPU
		{080F9E66-2A99-488A-9D5D-500CD090CF3D}.Debug|x64.Build.0 = Debug|Any CPU
		{080F9E66-2A99-488A-9D5D-500CD090CF3D}.Debug|x86.ActiveCfg = Debug|Any CPU
		{080F9E66-2A99-488A-9D5D-500CD090CF3D}.Debug|x86.Build.0 = Debug|Any CPU
		{080F9E66-2A99-488A-9D5D-500CD090CF3D}.Release|Any CPU.ActiveCfg = Release|Any CPU
		{080F9E66-2A99-488A-9D5D-500CD090CF3D}.Release|Any CPU.Build.0 = Release|Any CPU
		{080F9E66-2A99-488A-9D5D-500CD090CF3D}.Release|x64.ActiveCfg = Release|Any CPU
		{080F9E66-2A99-488A-9D5D-500CD090CF3D}.Release|x64.Build.0 = Release|Any CPU
		{080F9E66-2A99-488A-9D5D-500CD090CF3D}.Release|x86.ActiveCfg = Release|Any CPU
		{080F9E66-2A99-488A-9D5D-500CD090CF3D}.Release|x86.Build.0 = Release|Any CPU
		{2C887824-60FB-4D33-A5AC-7F5D611F45CF}.Debug|Any CPU.ActiveCfg = Debug|Any CPU
		{2C887824-60FB-4D33-A5AC-7F5D611F45CF}.Debug|Any CPU.Build.0 = Debug|Any CPU
		{2C887824-60FB-4D33-A5AC-7F5D611F45CF}.Debug|x64.ActiveCfg = Debug|Any CPU
		{2C887824-60FB-4D33-A5AC-7F5D611F45CF}.Debug|x64.Build.0 = Debug|Any CPU
		{2C887824-60FB-4D33-A5AC-7F5D611F45CF}.Debug|x86.ActiveCfg = Debug|Any CPU
		{2C887824-60FB-4D33-A5AC-7F5D611F45CF}.Debug|x86.Build.0 = Debug|Any CPU
		{2C887824-60FB-4D33-A5AC-7F5D611F45CF}.Release|Any CPU.ActiveCfg = Release|Any CPU
		{2C887824-60FB-4D33-A5AC-7F5D611F45CF}.Release|Any CPU.Build.0 = Release|Any CPU
		{2C887824-60FB-4D33-A5AC-7F5D611F45CF}.Release|x64.ActiveCfg = Release|Any CPU
		{2C887824-60FB-4D33-A5AC-7F5D611F45CF}.Release|x64.Build.0 = Release|Any CPU
		{2C887824-60FB-4D33-A5AC-7F5D611F45CF}.Release|x86.ActiveCfg = Release|Any CPU
		{2C887824-60FB-4D33-A5AC-7F5D611F45CF}.Release|x86.Build.0 = Release|Any CPU
		{F78C2C7A-FDE8-491D-9643-5D7556B5DD82}.Debug|Any CPU.ActiveCfg = Debug|Any CPU
		{F78C2C7A-FDE8-491D-9643-5D7556B5DD82}.Debug|Any CPU.Build.0 = Debug|Any CPU
		{F78C2C7A-FDE8-491D-9643-5D7556B5DD82}.Debug|x64.ActiveCfg = Debug|Any CPU
		{F78C2C7A-FDE8-491D-9643-5D7556B5DD82}.Debug|x64.Build.0 = Debug|Any CPU
		{F78C2C7A-FDE8-491D-9643-5D7556B5DD82}.Debug|x86.ActiveCfg = Debug|Any CPU
		{F78C2C7A-FDE8-491D-9643-5D7556B5DD82}.Debug|x86.Build.0 = Debug|Any CPU
		{F78C2C7A-FDE8-491D-9643-5D7556B5DD82}.Release|Any CPU.ActiveCfg = Release|Any CPU
		{F78C2C7A-FDE8-491D-9643-5D7556B5DD82}.Release|Any CPU.Build.0 = Release|Any CPU
		{F78C2C7A-FDE8-491D-9643-5D7556B5DD82}.Release|x64.ActiveCfg = Release|Any CPU
		{F78C2C7A-FDE8-491D-9643-5D7556B5DD82}.Release|x64.Build.0 = Release|Any CPU
		{F78C2C7A-FDE8-491D-9643-5D7556B5DD82}.Release|x86.ActiveCfg = Release|Any CPU
		{F78C2C7A-FDE8-491D-9643-5D7556B5DD82}.Release|x86.Build.0 = Release|Any CPU
		{3751664B-8133-42AF-8519-0C1EEC2A1B1A}.Debug|Any CPU.ActiveCfg = Debug|Any CPU
		{3751664B-8133-42AF-8519-0C1EEC2A1B1A}.Debug|Any CPU.Build.0 = Debug|Any CPU
		{3751664B-8133-42AF-8519-0C1EEC2A1B1A}.Debug|x64.ActiveCfg = Debug|Any CPU
		{3751664B-8133-42AF-8519-0C1EEC2A1B1A}.Debug|x64.Build.0 = Debug|Any CPU
		{3751664B-8133-42AF-8519-0C1EEC2A1B1A}.Debug|x86.ActiveCfg = Debug|Any CPU
		{3751664B-8133-42AF-8519-0C1EEC2A1B1A}.Debug|x86.Build.0 = Debug|Any CPU
		{3751664B-8133-42AF-8519-0C1EEC2A1B1A}.Release|Any CPU.ActiveCfg = Release|Any CPU
		{3751664B-8133-42AF-8519-0C1EEC2A1B1A}.Release|Any CPU.Build.0 = Release|Any CPU
		{3751664B-8133-42AF-8519-0C1EEC2A1B1A}.Release|x64.ActiveCfg = Release|Any CPU
		{3751664B-8133-42AF-8519-0C1EEC2A1B1A}.Release|x64.Build.0 = Release|Any CPU
		{3751664B-8133-42AF-8519-0C1EEC2A1B1A}.Release|x86.ActiveCfg = Release|Any CPU
		{3751664B-8133-42AF-8519-0C1EEC2A1B1A}.Release|x86.Build.0 = Release|Any CPU
		{F05981F1-F08C-4330-80C7-358A2F424C8D}.Debug|Any CPU.ActiveCfg = Debug|Any CPU
		{F05981F1-F08C-4330-80C7-358A2F424C8D}.Debug|Any CPU.Build.0 = Debug|Any CPU
		{F05981F1-F08C-4330-80C7-358A2F424C8D}.Debug|x64.ActiveCfg = Debug|Any CPU
		{F05981F1-F08C-4330-80C7-358A2F424C8D}.Debug|x64.Build.0 = Debug|Any CPU
		{F05981F1-F08C-4330-80C7-358A2F424C8D}.Debug|x86.ActiveCfg = Debug|Any CPU
		{F05981F1-F08C-4330-80C7-358A2F424C8D}.Debug|x86.Build.0 = Debug|Any CPU
		{F05981F1-F08C-4330-80C7-358A2F424C8D}.Release|Any CPU.ActiveCfg = Release|Any CPU
		{F05981F1-F08C-4330-80C7-358A2F424C8D}.Release|Any CPU.Build.0 = Release|Any CPU
		{F05981F1-F08C-4330-80C7-358A2F424C8D}.Release|x64.ActiveCfg = Release|Any CPU
		{F05981F1-F08C-4330-80C7-358A2F424C8D}.Release|x64.Build.0 = Release|Any CPU
		{F05981F1-F08C-4330-80C7-358A2F424C8D}.Release|x86.ActiveCfg = Release|Any CPU
		{F05981F1-F08C-4330-80C7-358A2F424C8D}.Release|x86.Build.0 = Release|Any CPU
		{514BC315-2C51-46A5-8A69-1076C7A9AAB4}.Debug|Any CPU.ActiveCfg = Debug|Any CPU
		{514BC315-2C51-46A5-8A69-1076C7A9AAB4}.Debug|Any CPU.Build.0 = Debug|Any CPU
		{514BC315-2C51-46A5-8A69-1076C7A9AAB4}.Debug|x64.ActiveCfg = Debug|Any CPU
		{514BC315-2C51-46A5-8A69-1076C7A9AAB4}.Debug|x64.Build.0 = Debug|Any CPU
		{514BC315-2C51-46A5-8A69-1076C7A9AAB4}.Debug|x86.ActiveCfg = Debug|Any CPU
		{514BC315-2C51-46A5-8A69-1076C7A9AAB4}.Debug|x86.Build.0 = Debug|Any CPU
		{514BC315-2C51-46A5-8A69-1076C7A9AAB4}.Release|Any CPU.ActiveCfg = Release|Any CPU
		{514BC315-2C51-46A5-8A69-1076C7A9AAB4}.Release|Any CPU.Build.0 = Release|Any CPU
		{514BC315-2C51-46A5-8A69-1076C7A9AAB4}.Release|x64.ActiveCfg = Release|Any CPU
		{514BC315-2C51-46A5-8A69-1076C7A9AAB4}.Release|x64.Build.0 = Release|Any CPU
		{514BC315-2C51-46A5-8A69-1076C7A9AAB4}.Release|x86.ActiveCfg = Release|Any CPU
		{514BC315-2C51-46A5-8A69-1076C7A9AAB4}.Release|x86.Build.0 = Release|Any CPU
		{4C522FA1-311E-4BAD-BC8E-41ED03285E40}.Debug|Any CPU.ActiveCfg = Debug|Any CPU
		{4C522FA1-311E-4BAD-BC8E-41ED03285E40}.Debug|Any CPU.Build.0 = Debug|Any CPU
		{4C522FA1-311E-4BAD-BC8E-41ED03285E40}.Debug|x64.ActiveCfg = Debug|Any CPU
		{4C522FA1-311E-4BAD-BC8E-41ED03285E40}.Debug|x64.Build.0 = Debug|Any CPU
		{4C522FA1-311E-4BAD-BC8E-41ED03285E40}.Debug|x86.ActiveCfg = Debug|Any CPU
		{4C522FA1-311E-4BAD-BC8E-41ED03285E40}.Debug|x86.Build.0 = Debug|Any CPU
		{4C522FA1-311E-4BAD-BC8E-41ED03285E40}.Release|Any CPU.ActiveCfg = Release|Any CPU
		{4C522FA1-311E-4BAD-BC8E-41ED03285E40}.Release|Any CPU.Build.0 = Release|Any CPU
		{4C522FA1-311E-4BAD-BC8E-41ED03285E40}.Release|x64.ActiveCfg = Release|Any CPU
		{4C522FA1-311E-4BAD-BC8E-41ED03285E40}.Release|x64.Build.0 = Release|Any CPU
		{4C522FA1-311E-4BAD-BC8E-41ED03285E40}.Release|x86.ActiveCfg = Release|Any CPU
		{4C522FA1-311E-4BAD-BC8E-41ED03285E40}.Release|x86.Build.0 = Release|Any CPU
		{64F0C4A9-9337-452A-86BA-E7E3F5E7A48B}.Debug|Any CPU.ActiveCfg = Debug|Any CPU
		{64F0C4A9-9337-452A-86BA-E7E3F5E7A48B}.Debug|Any CPU.Build.0 = Debug|Any CPU
		{64F0C4A9-9337-452A-86BA-E7E3F5E7A48B}.Debug|x64.ActiveCfg = Debug|Any CPU
		{64F0C4A9-9337-452A-86BA-E7E3F5E7A48B}.Debug|x64.Build.0 = Debug|Any CPU
		{64F0C4A9-9337-452A-86BA-E7E3F5E7A48B}.Debug|x86.ActiveCfg = Debug|Any CPU
		{64F0C4A9-9337-452A-86BA-E7E3F5E7A48B}.Debug|x86.Build.0 = Debug|Any CPU
		{64F0C4A9-9337-452A-86BA-E7E3F5E7A48B}.Release|Any CPU.ActiveCfg = Release|Any CPU
		{64F0C4A9-9337-452A-86BA-E7E3F5E7A48B}.Release|Any CPU.Build.0 = Release|Any CPU
		{64F0C4A9-9337-452A-86BA-E7E3F5E7A48B}.Release|x64.ActiveCfg = Release|Any CPU
		{64F0C4A9-9337-452A-86BA-E7E3F5E7A48B}.Release|x64.Build.0 = Release|Any CPU
		{64F0C4A9-9337-452A-86BA-E7E3F5E7A48B}.Release|x86.ActiveCfg = Release|Any CPU
		{64F0C4A9-9337-452A-86BA-E7E3F5E7A48B}.Release|x86.Build.0 = Release|Any CPU
		{D4B99478-C73F-472F-AC7F-22D1362CF96D}.Debug|Any CPU.ActiveCfg = Debug|Any CPU
		{D4B99478-C73F-472F-AC7F-22D1362CF96D}.Debug|Any CPU.Build.0 = Debug|Any CPU
		{D4B99478-C73F-472F-AC7F-22D1362CF96D}.Debug|x64.ActiveCfg = Debug|Any CPU
		{D4B99478-C73F-472F-AC7F-22D1362CF96D}.Debug|x64.Build.0 = Debug|Any CPU
		{D4B99478-C73F-472F-AC7F-22D1362CF96D}.Debug|x86.ActiveCfg = Debug|Any CPU
		{D4B99478-C73F-472F-AC7F-22D1362CF96D}.Debug|x86.Build.0 = Debug|Any CPU
		{D4B99478-C73F-472F-AC7F-22D1362CF96D}.Release|Any CPU.ActiveCfg = Release|Any CPU
		{D4B99478-C73F-472F-AC7F-22D1362CF96D}.Release|Any CPU.Build.0 = Release|Any CPU
		{D4B99478-C73F-472F-AC7F-22D1362CF96D}.Release|x64.ActiveCfg = Release|Any CPU
		{D4B99478-C73F-472F-AC7F-22D1362CF96D}.Release|x64.Build.0 = Release|Any CPU
		{D4B99478-C73F-472F-AC7F-22D1362CF96D}.Release|x86.ActiveCfg = Release|Any CPU
		{D4B99478-C73F-472F-AC7F-22D1362CF96D}.Release|x86.Build.0 = Release|Any CPU
		{7B05DB46-3911-409B-B46D-B3D7CC7B7347}.Debug|Any CPU.ActiveCfg = Debug|Any CPU
		{7B05DB46-3911-409B-B46D-B3D7CC7B7347}.Debug|Any CPU.Build.0 = Debug|Any CPU
		{7B05DB46-3911-409B-B46D-B3D7CC7B7347}.Debug|x64.ActiveCfg = Debug|Any CPU
		{7B05DB46-3911-409B-B46D-B3D7CC7B7347}.Debug|x64.Build.0 = Debug|Any CPU
		{7B05DB46-3911-409B-B46D-B3D7CC7B7347}.Debug|x86.ActiveCfg = Debug|Any CPU
		{7B05DB46-3911-409B-B46D-B3D7CC7B7347}.Debug|x86.Build.0 = Debug|Any CPU
		{7B05DB46-3911-409B-B46D-B3D7CC7B7347}.Release|Any CPU.ActiveCfg = Release|Any CPU
		{7B05DB46-3911-409B-B46D-B3D7CC7B7347}.Release|Any CPU.Build.0 = Release|Any CPU
		{7B05DB46-3911-409B-B46D-B3D7CC7B7347}.Release|x64.ActiveCfg = Release|Any CPU
		{7B05DB46-3911-409B-B46D-B3D7CC7B7347}.Release|x64.Build.0 = Release|Any CPU
		{7B05DB46-3911-409B-B46D-B3D7CC7B7347}.Release|x86.ActiveCfg = Release|Any CPU
		{7B05DB46-3911-409B-B46D-B3D7CC7B7347}.Release|x86.Build.0 = Release|Any CPU
		{7982A6EC-4CFE-4CC5-A11B-CCBDD41C3A05}.Debug|Any CPU.ActiveCfg = Debug|Any CPU
		{7982A6EC-4CFE-4CC5-A11B-CCBDD41C3A05}.Debug|Any CPU.Build.0 = Debug|Any CPU
		{7982A6EC-4CFE-4CC5-A11B-CCBDD41C3A05}.Debug|x64.ActiveCfg = Debug|Any CPU
		{7982A6EC-4CFE-4CC5-A11B-CCBDD41C3A05}.Debug|x64.Build.0 = Debug|Any CPU
		{7982A6EC-4CFE-4CC5-A11B-CCBDD41C3A05}.Debug|x86.ActiveCfg = Debug|Any CPU
		{7982A6EC-4CFE-4CC5-A11B-CCBDD41C3A05}.Debug|x86.Build.0 = Debug|Any CPU
		{7982A6EC-4CFE-4CC5-A11B-CCBDD41C3A05}.Release|Any CPU.ActiveCfg = Release|Any CPU
		{7982A6EC-4CFE-4CC5-A11B-CCBDD41C3A05}.Release|Any CPU.Build.0 = Release|Any CPU
		{7982A6EC-4CFE-4CC5-A11B-CCBDD41C3A05}.Release|x64.ActiveCfg = Release|Any CPU
		{7982A6EC-4CFE-4CC5-A11B-CCBDD41C3A05}.Release|x64.Build.0 = Release|Any CPU
		{7982A6EC-4CFE-4CC5-A11B-CCBDD41C3A05}.Release|x86.ActiveCfg = Release|Any CPU
		{7982A6EC-4CFE-4CC5-A11B-CCBDD41C3A05}.Release|x86.Build.0 = Release|Any CPU
		{069EB000-2365-4590-85F9-9FF1B5299A7C}.Debug|Any CPU.ActiveCfg = Debug|Any CPU
		{069EB000-2365-4590-85F9-9FF1B5299A7C}.Debug|Any CPU.Build.0 = Debug|Any CPU
		{069EB000-2365-4590-85F9-9FF1B5299A7C}.Debug|x64.ActiveCfg = Debug|Any CPU
		{069EB000-2365-4590-85F9-9FF1B5299A7C}.Debug|x64.Build.0 = Debug|Any CPU
		{069EB000-2365-4590-85F9-9FF1B5299A7C}.Debug|x86.ActiveCfg = Debug|Any CPU
		{069EB000-2365-4590-85F9-9FF1B5299A7C}.Debug|x86.Build.0 = Debug|Any CPU
		{069EB000-2365-4590-85F9-9FF1B5299A7C}.Release|Any CPU.ActiveCfg = Release|Any CPU
		{069EB000-2365-4590-85F9-9FF1B5299A7C}.Release|Any CPU.Build.0 = Release|Any CPU
		{069EB000-2365-4590-85F9-9FF1B5299A7C}.Release|x64.ActiveCfg = Release|Any CPU
		{069EB000-2365-4590-85F9-9FF1B5299A7C}.Release|x64.Build.0 = Release|Any CPU
		{069EB000-2365-4590-85F9-9FF1B5299A7C}.Release|x86.ActiveCfg = Release|Any CPU
		{069EB000-2365-4590-85F9-9FF1B5299A7C}.Release|x86.Build.0 = Release|Any CPU
		{DB8E84B8-96CA-457C-B4A4-5FF679EB2736}.Debug|Any CPU.ActiveCfg = Debug|Any CPU
		{DB8E84B8-96CA-457C-B4A4-5FF679EB2736}.Debug|Any CPU.Build.0 = Debug|Any CPU
		{DB8E84B8-96CA-457C-B4A4-5FF679EB2736}.Debug|x64.ActiveCfg = Debug|Any CPU
		{DB8E84B8-96CA-457C-B4A4-5FF679EB2736}.Debug|x64.Build.0 = Debug|Any CPU
		{DB8E84B8-96CA-457C-B4A4-5FF679EB2736}.Debug|x86.ActiveCfg = Debug|Any CPU
		{DB8E84B8-96CA-457C-B4A4-5FF679EB2736}.Debug|x86.Build.0 = Debug|Any CPU
		{DB8E84B8-96CA-457C-B4A4-5FF679EB2736}.Release|Any CPU.ActiveCfg = Release|Any CPU
		{DB8E84B8-96CA-457C-B4A4-5FF679EB2736}.Release|Any CPU.Build.0 = Release|Any CPU
		{DB8E84B8-96CA-457C-B4A4-5FF679EB2736}.Release|x64.ActiveCfg = Release|Any CPU
		{DB8E84B8-96CA-457C-B4A4-5FF679EB2736}.Release|x64.Build.0 = Release|Any CPU
		{DB8E84B8-96CA-457C-B4A4-5FF679EB2736}.Release|x86.ActiveCfg = Release|Any CPU
		{DB8E84B8-96CA-457C-B4A4-5FF679EB2736}.Release|x86.Build.0 = Release|Any CPU
		{574D470A-2111-4CF1-917E-1CE860253D72}.Debug|Any CPU.ActiveCfg = Debug|Any CPU
		{574D470A-2111-4CF1-917E-1CE860253D72}.Debug|Any CPU.Build.0 = Debug|Any CPU
		{574D470A-2111-4CF1-917E-1CE860253D72}.Debug|x64.ActiveCfg = Debug|Any CPU
		{574D470A-2111-4CF1-917E-1CE860253D72}.Debug|x64.Build.0 = Debug|Any CPU
		{574D470A-2111-4CF1-917E-1CE860253D72}.Debug|x86.ActiveCfg = Debug|Any CPU
		{574D470A-2111-4CF1-917E-1CE860253D72}.Debug|x86.Build.0 = Debug|Any CPU
		{574D470A-2111-4CF1-917E-1CE860253D72}.Release|Any CPU.ActiveCfg = Release|Any CPU
		{574D470A-2111-4CF1-917E-1CE860253D72}.Release|Any CPU.Build.0 = Release|Any CPU
		{574D470A-2111-4CF1-917E-1CE860253D72}.Release|x64.ActiveCfg = Release|Any CPU
		{574D470A-2111-4CF1-917E-1CE860253D72}.Release|x64.Build.0 = Release|Any CPU
		{574D470A-2111-4CF1-917E-1CE860253D72}.Release|x86.ActiveCfg = Release|Any CPU
		{574D470A-2111-4CF1-917E-1CE860253D72}.Release|x86.Build.0 = Release|Any CPU
		{77136155-6520-4CA8-88BC-232BC1C6A2EB}.Debug|Any CPU.ActiveCfg = Debug|Any CPU
		{77136155-6520-4CA8-88BC-232BC1C6A2EB}.Debug|Any CPU.Build.0 = Debug|Any CPU
		{77136155-6520-4CA8-88BC-232BC1C6A2EB}.Debug|x64.ActiveCfg = Debug|Any CPU
		{77136155-6520-4CA8-88BC-232BC1C6A2EB}.Debug|x64.Build.0 = Debug|Any CPU
		{77136155-6520-4CA8-88BC-232BC1C6A2EB}.Debug|x86.ActiveCfg = Debug|Any CPU
		{77136155-6520-4CA8-88BC-232BC1C6A2EB}.Debug|x86.Build.0 = Debug|Any CPU
		{77136155-6520-4CA8-88BC-232BC1C6A2EB}.Release|Any CPU.ActiveCfg = Release|Any CPU
		{77136155-6520-4CA8-88BC-232BC1C6A2EB}.Release|Any CPU.Build.0 = Release|Any CPU
		{77136155-6520-4CA8-88BC-232BC1C6A2EB}.Release|x64.ActiveCfg = Release|Any CPU
		{77136155-6520-4CA8-88BC-232BC1C6A2EB}.Release|x64.Build.0 = Release|Any CPU
		{77136155-6520-4CA8-88BC-232BC1C6A2EB}.Release|x86.ActiveCfg = Release|Any CPU
		{77136155-6520-4CA8-88BC-232BC1C6A2EB}.Release|x86.Build.0 = Release|Any CPU
		{FE8A1B46-597F-4BE8-B061-C8127CF20A58}.Debug|Any CPU.ActiveCfg = Debug|Any CPU
		{FE8A1B46-597F-4BE8-B061-C8127CF20A58}.Debug|Any CPU.Build.0 = Debug|Any CPU
		{FE8A1B46-597F-4BE8-B061-C8127CF20A58}.Debug|x64.ActiveCfg = Debug|Any CPU
		{FE8A1B46-597F-4BE8-B061-C8127CF20A58}.Debug|x64.Build.0 = Debug|Any CPU
		{FE8A1B46-597F-4BE8-B061-C8127CF20A58}.Debug|x86.ActiveCfg = Debug|Any CPU
		{FE8A1B46-597F-4BE8-B061-C8127CF20A58}.Debug|x86.Build.0 = Debug|Any CPU
		{FE8A1B46-597F-4BE8-B061-C8127CF20A58}.Release|Any CPU.ActiveCfg = Release|Any CPU
		{FE8A1B46-597F-4BE8-B061-C8127CF20A58}.Release|Any CPU.Build.0 = Release|Any CPU
		{FE8A1B46-597F-4BE8-B061-C8127CF20A58}.Release|x64.ActiveCfg = Release|Any CPU
		{FE8A1B46-597F-4BE8-B061-C8127CF20A58}.Release|x64.Build.0 = Release|Any CPU
		{FE8A1B46-597F-4BE8-B061-C8127CF20A58}.Release|x86.ActiveCfg = Release|Any CPU
		{FE8A1B46-597F-4BE8-B061-C8127CF20A58}.Release|x86.Build.0 = Release|Any CPU
		{211F85F5-5B97-49FE-9421-A73C7097940D}.Debug|Any CPU.ActiveCfg = Debug|Any CPU
		{211F85F5-5B97-49FE-9421-A73C7097940D}.Debug|Any CPU.Build.0 = Debug|Any CPU
		{211F85F5-5B97-49FE-9421-A73C7097940D}.Debug|x64.ActiveCfg = Debug|Any CPU
		{211F85F5-5B97-49FE-9421-A73C7097940D}.Debug|x64.Build.0 = Debug|Any CPU
		{211F85F5-5B97-49FE-9421-A73C7097940D}.Debug|x86.ActiveCfg = Debug|Any CPU
		{211F85F5-5B97-49FE-9421-A73C7097940D}.Debug|x86.Build.0 = Debug|Any CPU
		{211F85F5-5B97-49FE-9421-A73C7097940D}.Release|Any CPU.ActiveCfg = Release|Any CPU
		{211F85F5-5B97-49FE-9421-A73C7097940D}.Release|Any CPU.Build.0 = Release|Any CPU
		{211F85F5-5B97-49FE-9421-A73C7097940D}.Release|x64.ActiveCfg = Release|Any CPU
		{211F85F5-5B97-49FE-9421-A73C7097940D}.Release|x64.Build.0 = Release|Any CPU
		{211F85F5-5B97-49FE-9421-A73C7097940D}.Release|x86.ActiveCfg = Release|Any CPU
		{211F85F5-5B97-49FE-9421-A73C7097940D}.Release|x86.Build.0 = Release|Any CPU
		{070A1522-35FE-44EA-A42B-A1BA864E331B}.Debug|Any CPU.ActiveCfg = Debug|Any CPU
		{070A1522-35FE-44EA-A42B-A1BA864E331B}.Debug|Any CPU.Build.0 = Debug|Any CPU
		{070A1522-35FE-44EA-A42B-A1BA864E331B}.Debug|x64.ActiveCfg = Debug|Any CPU
		{070A1522-35FE-44EA-A42B-A1BA864E331B}.Debug|x64.Build.0 = Debug|Any CPU
		{070A1522-35FE-44EA-A42B-A1BA864E331B}.Debug|x86.ActiveCfg = Debug|Any CPU
		{070A1522-35FE-44EA-A42B-A1BA864E331B}.Debug|x86.Build.0 = Debug|Any CPU
		{070A1522-35FE-44EA-A42B-A1BA864E331B}.Release|Any CPU.ActiveCfg = Release|Any CPU
		{070A1522-35FE-44EA-A42B-A1BA864E331B}.Release|Any CPU.Build.0 = Release|Any CPU
		{070A1522-35FE-44EA-A42B-A1BA864E331B}.Release|x64.ActiveCfg = Release|Any CPU
		{070A1522-35FE-44EA-A42B-A1BA864E331B}.Release|x64.Build.0 = Release|Any CPU
		{070A1522-35FE-44EA-A42B-A1BA864E331B}.Release|x86.ActiveCfg = Release|Any CPU
		{070A1522-35FE-44EA-A42B-A1BA864E331B}.Release|x86.Build.0 = Release|Any CPU
		{CA4532CC-677F-453A-B31A-F8B47D80DA6D}.Debug|Any CPU.ActiveCfg = Debug|Any CPU
		{CA4532CC-677F-453A-B31A-F8B47D80DA6D}.Debug|Any CPU.Build.0 = Debug|Any CPU
		{CA4532CC-677F-453A-B31A-F8B47D80DA6D}.Debug|x64.ActiveCfg = Debug|Any CPU
		{CA4532CC-677F-453A-B31A-F8B47D80DA6D}.Debug|x64.Build.0 = Debug|Any CPU
		{CA4532CC-677F-453A-B31A-F8B47D80DA6D}.Debug|x86.ActiveCfg = Debug|Any CPU
		{CA4532CC-677F-453A-B31A-F8B47D80DA6D}.Debug|x86.Build.0 = Debug|Any CPU
		{CA4532CC-677F-453A-B31A-F8B47D80DA6D}.Release|Any CPU.ActiveCfg = Release|Any CPU
		{CA4532CC-677F-453A-B31A-F8B47D80DA6D}.Release|Any CPU.Build.0 = Release|Any CPU
		{CA4532CC-677F-453A-B31A-F8B47D80DA6D}.Release|x64.ActiveCfg = Release|Any CPU
		{CA4532CC-677F-453A-B31A-F8B47D80DA6D}.Release|x64.Build.0 = Release|Any CPU
		{CA4532CC-677F-453A-B31A-F8B47D80DA6D}.Release|x86.ActiveCfg = Release|Any CPU
		{CA4532CC-677F-453A-B31A-F8B47D80DA6D}.Release|x86.Build.0 = Release|Any CPU
		{52056369-831F-4050-9211-B6C3A0ECF5C3}.Debug|Any CPU.ActiveCfg = Debug|Any CPU
		{52056369-831F-4050-9211-B6C3A0ECF5C3}.Debug|Any CPU.Build.0 = Debug|Any CPU
		{52056369-831F-4050-9211-B6C3A0ECF5C3}.Debug|x64.ActiveCfg = Debug|Any CPU
		{52056369-831F-4050-9211-B6C3A0ECF5C3}.Debug|x64.Build.0 = Debug|Any CPU
		{52056369-831F-4050-9211-B6C3A0ECF5C3}.Debug|x86.ActiveCfg = Debug|Any CPU
		{52056369-831F-4050-9211-B6C3A0ECF5C3}.Debug|x86.Build.0 = Debug|Any CPU
		{52056369-831F-4050-9211-B6C3A0ECF5C3}.Release|Any CPU.ActiveCfg = Release|Any CPU
		{52056369-831F-4050-9211-B6C3A0ECF5C3}.Release|Any CPU.Build.0 = Release|Any CPU
		{52056369-831F-4050-9211-B6C3A0ECF5C3}.Release|x64.ActiveCfg = Release|Any CPU
		{52056369-831F-4050-9211-B6C3A0ECF5C3}.Release|x64.Build.0 = Release|Any CPU
		{52056369-831F-4050-9211-B6C3A0ECF5C3}.Release|x86.ActiveCfg = Release|Any CPU
		{52056369-831F-4050-9211-B6C3A0ECF5C3}.Release|x86.Build.0 = Release|Any CPU
		{66593CC2-E10A-40BD-A8F7-FA6E54E28AAB}.Debug|Any CPU.ActiveCfg = Debug|Any CPU
		{66593CC2-E10A-40BD-A8F7-FA6E54E28AAB}.Debug|Any CPU.Build.0 = Debug|Any CPU
		{66593CC2-E10A-40BD-A8F7-FA6E54E28AAB}.Debug|x64.ActiveCfg = Debug|Any CPU
		{66593CC2-E10A-40BD-A8F7-FA6E54E28AAB}.Debug|x64.Build.0 = Debug|Any CPU
		{66593CC2-E10A-40BD-A8F7-FA6E54E28AAB}.Debug|x86.ActiveCfg = Debug|Any CPU
		{66593CC2-E10A-40BD-A8F7-FA6E54E28AAB}.Debug|x86.Build.0 = Debug|Any CPU
		{66593CC2-E10A-40BD-A8F7-FA6E54E28AAB}.Release|Any CPU.ActiveCfg = Release|Any CPU
		{66593CC2-E10A-40BD-A8F7-FA6E54E28AAB}.Release|Any CPU.Build.0 = Release|Any CPU
		{66593CC2-E10A-40BD-A8F7-FA6E54E28AAB}.Release|x64.ActiveCfg = Release|Any CPU
		{66593CC2-E10A-40BD-A8F7-FA6E54E28AAB}.Release|x64.Build.0 = Release|Any CPU
		{66593CC2-E10A-40BD-A8F7-FA6E54E28AAB}.Release|x86.ActiveCfg = Release|Any CPU
		{66593CC2-E10A-40BD-A8F7-FA6E54E28AAB}.Release|x86.Build.0 = Release|Any CPU
		{6A06F9B5-C186-4BE3-9CAE-F61108F017F9}.Debug|Any CPU.ActiveCfg = Debug|Any CPU
		{6A06F9B5-C186-4BE3-9CAE-F61108F017F9}.Debug|Any CPU.Build.0 = Debug|Any CPU
		{6A06F9B5-C186-4BE3-9CAE-F61108F017F9}.Debug|x64.ActiveCfg = Debug|Any CPU
		{6A06F9B5-C186-4BE3-9CAE-F61108F017F9}.Debug|x64.Build.0 = Debug|Any CPU
		{6A06F9B5-C186-4BE3-9CAE-F61108F017F9}.Debug|x86.ActiveCfg = Debug|Any CPU
		{6A06F9B5-C186-4BE3-9CAE-F61108F017F9}.Debug|x86.Build.0 = Debug|Any CPU
		{6A06F9B5-C186-4BE3-9CAE-F61108F017F9}.Release|Any CPU.ActiveCfg = Release|Any CPU
		{6A06F9B5-C186-4BE3-9CAE-F61108F017F9}.Release|Any CPU.Build.0 = Release|Any CPU
		{6A06F9B5-C186-4BE3-9CAE-F61108F017F9}.Release|x64.ActiveCfg = Release|Any CPU
		{6A06F9B5-C186-4BE3-9CAE-F61108F017F9}.Release|x64.Build.0 = Release|Any CPU
		{6A06F9B5-C186-4BE3-9CAE-F61108F017F9}.Release|x86.ActiveCfg = Release|Any CPU
		{6A06F9B5-C186-4BE3-9CAE-F61108F017F9}.Release|x86.Build.0 = Release|Any CPU
		{3A37DCE9-ACC4-4BDA-9AD9-453A97816816}.Debug|Any CPU.ActiveCfg = Debug|Any CPU
		{3A37DCE9-ACC4-4BDA-9AD9-453A97816816}.Debug|Any CPU.Build.0 = Debug|Any CPU
		{3A37DCE9-ACC4-4BDA-9AD9-453A97816816}.Debug|x64.ActiveCfg = Debug|Any CPU
		{3A37DCE9-ACC4-4BDA-9AD9-453A97816816}.Debug|x64.Build.0 = Debug|Any CPU
		{3A37DCE9-ACC4-4BDA-9AD9-453A97816816}.Debug|x86.ActiveCfg = Debug|Any CPU
		{3A37DCE9-ACC4-4BDA-9AD9-453A97816816}.Debug|x86.Build.0 = Debug|Any CPU
		{3A37DCE9-ACC4-4BDA-9AD9-453A97816816}.Release|Any CPU.ActiveCfg = Release|Any CPU
		{3A37DCE9-ACC4-4BDA-9AD9-453A97816816}.Release|Any CPU.Build.0 = Release|Any CPU
		{3A37DCE9-ACC4-4BDA-9AD9-453A97816816}.Release|x64.ActiveCfg = Release|Any CPU
		{3A37DCE9-ACC4-4BDA-9AD9-453A97816816}.Release|x64.Build.0 = Release|Any CPU
		{3A37DCE9-ACC4-4BDA-9AD9-453A97816816}.Release|x86.ActiveCfg = Release|Any CPU
		{3A37DCE9-ACC4-4BDA-9AD9-453A97816816}.Release|x86.Build.0 = Release|Any CPU
		{1983A10D-2571-4EEA-8635-BB1A94B7A373}.Debug|Any CPU.ActiveCfg = Debug|Any CPU
		{1983A10D-2571-4EEA-8635-BB1A94B7A373}.Debug|Any CPU.Build.0 = Debug|Any CPU
		{1983A10D-2571-4EEA-8635-BB1A94B7A373}.Debug|x64.ActiveCfg = Debug|Any CPU
		{1983A10D-2571-4EEA-8635-BB1A94B7A373}.Debug|x64.Build.0 = Debug|Any CPU
		{1983A10D-2571-4EEA-8635-BB1A94B7A373}.Debug|x86.ActiveCfg = Debug|Any CPU
		{1983A10D-2571-4EEA-8635-BB1A94B7A373}.Debug|x86.Build.0 = Debug|Any CPU
		{1983A10D-2571-4EEA-8635-BB1A94B7A373}.Release|Any CPU.ActiveCfg = Release|Any CPU
		{1983A10D-2571-4EEA-8635-BB1A94B7A373}.Release|Any CPU.Build.0 = Release|Any CPU
		{1983A10D-2571-4EEA-8635-BB1A94B7A373}.Release|x64.ActiveCfg = Release|Any CPU
		{1983A10D-2571-4EEA-8635-BB1A94B7A373}.Release|x64.Build.0 = Release|Any CPU
		{1983A10D-2571-4EEA-8635-BB1A94B7A373}.Release|x86.ActiveCfg = Release|Any CPU
		{1983A10D-2571-4EEA-8635-BB1A94B7A373}.Release|x86.Build.0 = Release|Any CPU
		{FCA7170F-C4C7-4F8C-871D-0867A7EA32F7}.Debug|Any CPU.ActiveCfg = Debug|Any CPU
		{FCA7170F-C4C7-4F8C-871D-0867A7EA32F7}.Debug|Any CPU.Build.0 = Debug|Any CPU
		{FCA7170F-C4C7-4F8C-871D-0867A7EA32F7}.Debug|x64.ActiveCfg = Debug|Any CPU
		{FCA7170F-C4C7-4F8C-871D-0867A7EA32F7}.Debug|x64.Build.0 = Debug|Any CPU
		{FCA7170F-C4C7-4F8C-871D-0867A7EA32F7}.Debug|x86.ActiveCfg = Debug|Any CPU
		{FCA7170F-C4C7-4F8C-871D-0867A7EA32F7}.Debug|x86.Build.0 = Debug|Any CPU
		{FCA7170F-C4C7-4F8C-871D-0867A7EA32F7}.Release|Any CPU.ActiveCfg = Release|Any CPU
		{FCA7170F-C4C7-4F8C-871D-0867A7EA32F7}.Release|Any CPU.Build.0 = Release|Any CPU
		{FCA7170F-C4C7-4F8C-871D-0867A7EA32F7}.Release|x64.ActiveCfg = Release|Any CPU
		{FCA7170F-C4C7-4F8C-871D-0867A7EA32F7}.Release|x64.Build.0 = Release|Any CPU
		{FCA7170F-C4C7-4F8C-871D-0867A7EA32F7}.Release|x86.ActiveCfg = Release|Any CPU
		{FCA7170F-C4C7-4F8C-871D-0867A7EA32F7}.Release|x86.Build.0 = Release|Any CPU
		{E8B78153-EB88-49C2-BF79-16BDCCF6D1C6}.Debug|Any CPU.ActiveCfg = Debug|Any CPU
		{E8B78153-EB88-49C2-BF79-16BDCCF6D1C6}.Debug|Any CPU.Build.0 = Debug|Any CPU
		{E8B78153-EB88-49C2-BF79-16BDCCF6D1C6}.Debug|x64.ActiveCfg = Debug|Any CPU
		{E8B78153-EB88-49C2-BF79-16BDCCF6D1C6}.Debug|x64.Build.0 = Debug|Any CPU
		{E8B78153-EB88-49C2-BF79-16BDCCF6D1C6}.Debug|x86.ActiveCfg = Debug|Any CPU
		{E8B78153-EB88-49C2-BF79-16BDCCF6D1C6}.Debug|x86.Build.0 = Debug|Any CPU
		{E8B78153-EB88-49C2-BF79-16BDCCF6D1C6}.Release|Any CPU.ActiveCfg = Release|Any CPU
		{E8B78153-EB88-49C2-BF79-16BDCCF6D1C6}.Release|Any CPU.Build.0 = Release|Any CPU
		{E8B78153-EB88-49C2-BF79-16BDCCF6D1C6}.Release|x64.ActiveCfg = Release|Any CPU
		{E8B78153-EB88-49C2-BF79-16BDCCF6D1C6}.Release|x64.Build.0 = Release|Any CPU
		{E8B78153-EB88-49C2-BF79-16BDCCF6D1C6}.Release|x86.ActiveCfg = Release|Any CPU
		{E8B78153-EB88-49C2-BF79-16BDCCF6D1C6}.Release|x86.Build.0 = Release|Any CPU
		{E48FAFEC-4891-4C78-ABA3-142E31599331}.Debug|Any CPU.ActiveCfg = Debug|Any CPU
		{E48FAFEC-4891-4C78-ABA3-142E31599331}.Debug|Any CPU.Build.0 = Debug|Any CPU
		{E48FAFEC-4891-4C78-ABA3-142E31599331}.Debug|x64.ActiveCfg = Debug|Any CPU
		{E48FAFEC-4891-4C78-ABA3-142E31599331}.Debug|x64.Build.0 = Debug|Any CPU
		{E48FAFEC-4891-4C78-ABA3-142E31599331}.Debug|x86.ActiveCfg = Debug|Any CPU
		{E48FAFEC-4891-4C78-ABA3-142E31599331}.Debug|x86.Build.0 = Debug|Any CPU
		{E48FAFEC-4891-4C78-ABA3-142E31599331}.Release|Any CPU.ActiveCfg = Release|Any CPU
		{E48FAFEC-4891-4C78-ABA3-142E31599331}.Release|Any CPU.Build.0 = Release|Any CPU
		{E48FAFEC-4891-4C78-ABA3-142E31599331}.Release|x64.ActiveCfg = Release|Any CPU
		{E48FAFEC-4891-4C78-ABA3-142E31599331}.Release|x64.Build.0 = Release|Any CPU
		{E48FAFEC-4891-4C78-ABA3-142E31599331}.Release|x86.ActiveCfg = Release|Any CPU
		{E48FAFEC-4891-4C78-ABA3-142E31599331}.Release|x86.Build.0 = Release|Any CPU
		{919F5C44-BDFB-433E-89FF-7C820910ADC1}.Debug|Any CPU.ActiveCfg = Debug|Any CPU
		{919F5C44-BDFB-433E-89FF-7C820910ADC1}.Debug|Any CPU.Build.0 = Debug|Any CPU
		{919F5C44-BDFB-433E-89FF-7C820910ADC1}.Debug|x64.ActiveCfg = Debug|Any CPU
		{919F5C44-BDFB-433E-89FF-7C820910ADC1}.Debug|x64.Build.0 = Debug|Any CPU
		{919F5C44-BDFB-433E-89FF-7C820910ADC1}.Debug|x86.ActiveCfg = Debug|Any CPU
		{919F5C44-BDFB-433E-89FF-7C820910ADC1}.Debug|x86.Build.0 = Debug|Any CPU
		{919F5C44-BDFB-433E-89FF-7C820910ADC1}.Release|Any CPU.ActiveCfg = Release|Any CPU
		{919F5C44-BDFB-433E-89FF-7C820910ADC1}.Release|Any CPU.Build.0 = Release|Any CPU
		{919F5C44-BDFB-433E-89FF-7C820910ADC1}.Release|x64.ActiveCfg = Release|Any CPU
		{919F5C44-BDFB-433E-89FF-7C820910ADC1}.Release|x64.Build.0 = Release|Any CPU
		{919F5C44-BDFB-433E-89FF-7C820910ADC1}.Release|x86.ActiveCfg = Release|Any CPU
		{919F5C44-BDFB-433E-89FF-7C820910ADC1}.Release|x86.Build.0 = Release|Any CPU
	EndGlobalSection
	GlobalSection(SolutionProperties) = preSolution
		HideSolutionNode = FALSE
	EndGlobalSection
	GlobalSection(NestedProjects) = preSolution
		{407D1A8A-2F3D-40F1-ACC5-B519D718B723} = {12ACD7E7-5CC7-4C55-A160-6E7B9CF99483}
		{549DF077-D8EC-43AB-B9B8-C34F7A83B9EE} = {12ACD7E7-5CC7-4C55-A160-6E7B9CF99483}
		{AE1B48A8-804D-45DF-A1FC-C909C3A86463} = {12ACD7E7-5CC7-4C55-A160-6E7B9CF99483}
		{4BA2149D-6627-473E-BE7D-7009D3E8EDCA} = {12ACD7E7-5CC7-4C55-A160-6E7B9CF99483}
		{6F100CB2-B542-4F74-8A68-9CD6A9B28262} = {CAE78B7C-BBC2-4855-9371-0C521EC15D03}
		{E29E2D96-014B-43A4-A899-F0ED8B45E61E} = {6F100CB2-B542-4F74-8A68-9CD6A9B28262}
		{581642A6-A786-4D7A-8DDC-BDF46F286944} = {E29E2D96-014B-43A4-A899-F0ED8B45E61E}
		{EC99AF1C-7AC6-46C4-978C-5BFB67C973D3} = {E793E8C1-9600-4242-9817-4428959DBE94}
		{E32D83BA-7C77-4586-96EA-F9E0F7620183} = {E793E8C1-9600-4242-9817-4428959DBE94}
		{9ADEBE80-0EB5-459A-BA19-351E6D9158EB} = {E793E8C1-9600-4242-9817-4428959DBE94}
		{03675414-1EEC-45BE-B220-20603CD9912D} = {E793E8C1-9600-4242-9817-4428959DBE94}
		{969D76F3-C257-4F25-A192-2773EFA4AAF3} = {E793E8C1-9600-4242-9817-4428959DBE94}
		{12ACD7E7-5CC7-4C55-A160-6E7B9CF99483} = {CAE78B7C-BBC2-4855-9371-0C521EC15D03}
		{0DAFA6A4-8B29-4F19-93A0-55F08D3D83CD} = {E29E2D96-014B-43A4-A899-F0ED8B45E61E}
		{507B511F-658A-46A2-8F2F-5BBF06475D2C} = {E29E2D96-014B-43A4-A899-F0ED8B45E61E}
		{E90832CA-9DDE-4674-A413-91CD14848729} = {F01AE3CD-1CF7-4C36-A8DD-4625F491A46E}
		{6A6DAE7D-796D-471E-9F50-1965BB94C046} = {6F100CB2-B542-4F74-8A68-9CD6A9B28262}
		{33573AE3-22C4-4CE9-A0BD-05399B2B29C5} = {6A6DAE7D-796D-471E-9F50-1965BB94C046}
		{BE7AF9FD-E624-4546-933F-EEEA320DB6C5} = {F01AE3CD-1CF7-4C36-A8DD-4625F491A46E}
		{58F58E04-96B0-4119-90DC-9FF13A0A1F6C} = {2E8A5742-ED2F-4812-B9F2-6061D7ECC31A}
		{2E8A5742-ED2F-4812-B9F2-6061D7ECC31A} = {6F100CB2-B542-4F74-8A68-9CD6A9B28262}
		{13533A76-4461-4BA3-93F8-96E790107043} = {2E8A5742-ED2F-4812-B9F2-6061D7ECC31A}
		{3CD8FBAA-147D-4689-8838-A093C964E303} = {2E8A5742-ED2F-4812-B9F2-6061D7ECC31A}
		{3E02B6BC-DE2B-4FAC-8D19-059511AD9658} = {6F100CB2-B542-4F74-8A68-9CD6A9B28262}
		{67E52070-9CD7-41AC-8E38-85BCF65954D5} = {3E02B6BC-DE2B-4FAC-8D19-059511AD9658}
		{79D0A1BE-BEDB-4546-BB7E-08B37681AD1E} = {3E02B6BC-DE2B-4FAC-8D19-059511AD9658}
		{14A0C7C9-542E-45C4-BC59-01EA8FC02C7D} = {3E02B6BC-DE2B-4FAC-8D19-059511AD9658}
		{30A825F6-EC49-4A02-8E2F-30C3B5189148} = {3E02B6BC-DE2B-4FAC-8D19-059511AD9658}
		{C0E0BA8C-EC68-48EA-9088-BDE46D3D0255} = {3E02B6BC-DE2B-4FAC-8D19-059511AD9658}
		{1345C475-9255-4E28-8A80-AEEFC65D4F5F} = {3E02B6BC-DE2B-4FAC-8D19-059511AD9658}
		{8FEC9DB3-A75F-4D62-B0ED-ED28D8C40B71} = {F01AE3CD-1CF7-4C36-A8DD-4625F491A46E}
		{9A78BFB5-A766-4C60-91A4-B55DBFC62036} = {F01AE3CD-1CF7-4C36-A8DD-4625F491A46E}
		{F56D1BA7-780F-408B-92BF-40B38C3AF14D} = {6F100CB2-B542-4F74-8A68-9CD6A9B28262}
		{FDC809EC-F71E-4C46-86E8-00F5B5F717AB} = {F56D1BA7-780F-408B-92BF-40B38C3AF14D}
		{B3DA37F7-3EED-468E-ABCC-C4B636229BA1} = {F01AE3CD-1CF7-4C36-A8DD-4625F491A46E}
		{F09D4804-9AD4-49E2-BCDC-F6C21684310D} = {6F100CB2-B542-4F74-8A68-9CD6A9B28262}
		{BE574F39-DE93-41E1-B8A1-C7AEAAA6E657} = {F09D4804-9AD4-49E2-BCDC-F6C21684310D}
		{920FFAC8-662F-4FE6-AF71-A5BBC495D24B} = {F01AE3CD-1CF7-4C36-A8DD-4625F491A46E}
		{5CE46247-B8B0-4F9D-9AA6-F368925F191F} = {F09D4804-9AD4-49E2-BCDC-F6C21684310D}
		{CA591FEB-0284-4D68-9CB0-CC3C42E6DC3D} = {6F100CB2-B542-4F74-8A68-9CD6A9B28262}
		{0619B6B3-D4B7-43D5-84E3-E5D7730E2378} = {CA591FEB-0284-4D68-9CB0-CC3C42E6DC3D}
		{36AEB4F7-E072-461B-9C21-55B647D78F78} = {CA591FEB-0284-4D68-9CB0-CC3C42E6DC3D}
		{0DB3BB7E-8E2E-4896-89E5-93CA91B84D2F} = {CA591FEB-0284-4D68-9CB0-CC3C42E6DC3D}
		{81917F1D-F596-4AC5-8BD7-B9116BAA849C} = {CA591FEB-0284-4D68-9CB0-CC3C42E6DC3D}
		{DAD7B036-77BA-4953-82E6-52DD2B8509A3} = {CA591FEB-0284-4D68-9CB0-CC3C42E6DC3D}
		{EC6309EB-5D7F-447C-BC20-A735802B99FE} = {CA591FEB-0284-4D68-9CB0-CC3C42E6DC3D}
		{C1673ED2-CA34-4B5E-A0B4-622366F0BD82} = {407D1A8A-2F3D-40F1-ACC5-B519D718B723}
		{080F9E66-2A99-488A-9D5D-500CD090CF3D} = {407D1A8A-2F3D-40F1-ACC5-B519D718B723}
		{2C887824-60FB-4D33-A5AC-7F5D611F45CF} = {407D1A8A-2F3D-40F1-ACC5-B519D718B723}
		{F78C2C7A-FDE8-491D-9643-5D7556B5DD82} = {407D1A8A-2F3D-40F1-ACC5-B519D718B723}
		{3751664B-8133-42AF-8519-0C1EEC2A1B1A} = {549DF077-D8EC-43AB-B9B8-C34F7A83B9EE}
		{F05981F1-F08C-4330-80C7-358A2F424C8D} = {549DF077-D8EC-43AB-B9B8-C34F7A83B9EE}
		{514BC315-2C51-46A5-8A69-1076C7A9AAB4} = {549DF077-D8EC-43AB-B9B8-C34F7A83B9EE}
		{4C522FA1-311E-4BAD-BC8E-41ED03285E40} = {AE1B48A8-804D-45DF-A1FC-C909C3A86463}
		{64F0C4A9-9337-452A-86BA-E7E3F5E7A48B} = {4BA2149D-6627-473E-BE7D-7009D3E8EDCA}
		{D4B99478-C73F-472F-AC7F-22D1362CF96D} = {4BA2149D-6627-473E-BE7D-7009D3E8EDCA}
		{7B05DB46-3911-409B-B46D-B3D7CC7B7347} = {4BA2149D-6627-473E-BE7D-7009D3E8EDCA}
		{7982A6EC-4CFE-4CC5-A11B-CCBDD41C3A05} = {4BA2149D-6627-473E-BE7D-7009D3E8EDCA}
		{069EB000-2365-4590-85F9-9FF1B5299A7C} = {CA591FEB-0284-4D68-9CB0-CC3C42E6DC3D}
		{DB8E84B8-96CA-457C-B4A4-5FF679EB2736} = {F01AE3CD-1CF7-4C36-A8DD-4625F491A46E}
		{574D470A-2111-4CF1-917E-1CE860253D72} = {CA591FEB-0284-4D68-9CB0-CC3C42E6DC3D}
		{16DD21A1-4ECE-48FB-82E1-897440384066} = {CAE78B7C-BBC2-4855-9371-0C521EC15D03}
		{B8CDF52C-5F77-42BD-89F7-0C8A43F3C782} = {16DD21A1-4ECE-48FB-82E1-897440384066}
		{77136155-6520-4CA8-88BC-232BC1C6A2EB} = {B8CDF52C-5F77-42BD-89F7-0C8A43F3C782}
		{FE8A1B46-597F-4BE8-B061-C8127CF20A58} = {B8CDF52C-5F77-42BD-89F7-0C8A43F3C782}
		{211F85F5-5B97-49FE-9421-A73C7097940D} = {F01AE3CD-1CF7-4C36-A8DD-4625F491A46E}
		{E7E0A8A0-51DB-44A1-A19C-053E335461E8} = {16DD21A1-4ECE-48FB-82E1-897440384066}
		{070A1522-35FE-44EA-A42B-A1BA864E331B} = {E7E0A8A0-51DB-44A1-A19C-053E335461E8}
		{CA4532CC-677F-453A-B31A-F8B47D80DA6D} = {E7E0A8A0-51DB-44A1-A19C-053E335461E8}
		{52056369-831F-4050-9211-B6C3A0ECF5C3} = {F01AE3CD-1CF7-4C36-A8DD-4625F491A46E}
		{4C228051-1471-4EC5-BE66-9BCEBF40B639} = {16DD21A1-4ECE-48FB-82E1-897440384066}
		{66593CC2-E10A-40BD-A8F7-FA6E54E28AAB} = {4C228051-1471-4EC5-BE66-9BCEBF40B639}
		{6A06F9B5-C186-4BE3-9CAE-F61108F017F9} = {F01AE3CD-1CF7-4C36-A8DD-4625F491A46E}
		{735B8D91-0122-423D-A046-AAFAAFFC91E8} = {16DD21A1-4ECE-48FB-82E1-897440384066}
		{3A37DCE9-ACC4-4BDA-9AD9-453A97816816} = {735B8D91-0122-423D-A046-AAFAAFFC91E8}
		{1983A10D-2571-4EEA-8635-BB1A94B7A373} = {735B8D91-0122-423D-A046-AAFAAFFC91E8}
		{FCA7170F-C4C7-4F8C-871D-0867A7EA32F7} = {F01AE3CD-1CF7-4C36-A8DD-4625F491A46E}
		{8CE2065B-D08D-4119-9F06-9C077F3E2971} = {16DD21A1-4ECE-48FB-82E1-897440384066}
		{E8B78153-EB88-49C2-BF79-16BDCCF6D1C6} = {8CE2065B-D08D-4119-9F06-9C077F3E2971}
		{E48FAFEC-4891-4C78-ABA3-142E31599331} = {8CE2065B-D08D-4119-9F06-9C077F3E2971}
		{919F5C44-BDFB-433E-89FF-7C820910ADC1} = {8CE2065B-D08D-4119-9F06-9C077F3E2971}
	EndGlobalSection
	GlobalSection(ExtensibilityGlobals) = postSolution
		SolutionGuid = {9DA6BDEA-70BB-4CFE-B9A4-0D93D0FF634D}
	EndGlobalSection
EndGlobal
