
Microsoft Visual Studio Solution File, Format Version 12.00
# Visual Studio Version 16
VisualStudioVersion = 16.0.30503.244
MinimumVisualStudioVersion = 15.0.26124.0
Project("{2150E333-8FDC-42A3-9474-1A3956D46DE8}") = "Design Patterns", "Design Patterns", "{CAE78B7C-BBC2-4855-9371-0C521EC15D03}"
EndProject
Project("{2150E333-8FDC-42A3-9474-1A3956D46DE8}") = "Builder", "Builder", "{407D1A8A-2F3D-40F1-ACC5-B519D718B723}"
EndProject
Project("{9A19103F-16F7-4668-BE54-9A1E7A4F7556}") = "DesignPatterns-Builder", "Design Patterns\Builder\DesignPatterns-Builder\DesignPatterns-Builder.csproj", "{E6F60149-F057-48F7-94E7-345F41663ED7}"
EndProject
Project("{9A19103F-16F7-4668-BE54-9A1E7A4F7556}") = "DesignPatterns-FacetedBuilder", "Design Patterns\Builder\DesignPatterns-FacetedBuilder\DesignPatterns-FacetedBuilder.csproj", "{95C43E7C-AD8B-40E2-8CFE-DCF08C0776A3}"
EndProject
Project("{9A19103F-16F7-4668-BE54-9A1E7A4F7556}") = "DesignPatterns-FluentBuilderInheritanceRecursiveGenerics", "Design Patterns\Builder\DesignPatterns-FluentBuilderInheritanceRecursiveGenerics\DesignPatterns-FluentBuilderInheritanceRecursiveGenerics.csproj", "{E743192B-B89D-4F73-A354-77CC14A9439C}"
EndProject
Project("{9A19103F-16F7-4668-BE54-9A1E7A4F7556}") = "DesignPatterns-FunctionalBuilder", "Design Patterns\Builder\DesignPatterns-FunctionalBuilder\DesignPatterns-FunctionalBuilder.csproj", "{4A759E71-29F6-41C0-AB68-9BFBAC678372}"
EndProject
Project("{2150E333-8FDC-42A3-9474-1A3956D46DE8}") = "Factory", "Factory", "{549DF077-D8EC-43AB-B9B8-C34F7A83B9EE}"
EndProject
Project("{9A19103F-16F7-4668-BE54-9A1E7A4F7556}") = "AbstractFactory", "Design Patterns\Factory\AbstractFactory\AbstractFactory.csproj", "{7FBEB5E1-929A-43ED-B763-969E47D98998}"
EndProject
Project("{9A19103F-16F7-4668-BE54-9A1E7A4F7556}") = "AsynchronousFactoryMethod", "Design Patterns\Factory\AsynchronousFactoryMethod\AsynchronousFactoryMethod.csproj", "{D03ADEA8-886D-4178-8360-7BE7DDDBE875}"
EndProject
Project("{9A19103F-16F7-4668-BE54-9A1E7A4F7556}") = "DesignPatterns-Factory", "Design Patterns\Factory\DesignPatterns-Factory\DesignPatterns-Factory.csproj", "{DA9DA54E-975A-4063-9B28-944D1C4CAC9D}"
EndProject
Project("{2150E333-8FDC-42A3-9474-1A3956D46DE8}") = "Prototype", "Prototype", "{AE1B48A8-804D-45DF-A1FC-C909C3A86463}"
EndProject
Project("{9A19103F-16F7-4668-BE54-9A1E7A4F7556}") = "Prototype_Cloneable", "Design Patterns\Prototype\Prototype_Cloneable\Prototype_Cloneable.csproj", "{257F18E9-7DC3-494B-8FFE-45463C51CA8C}"
EndProject
Project("{2150E333-8FDC-42A3-9474-1A3956D46DE8}") = "Singleton", "Singleton", "{4BA2149D-6627-473E-BE7D-7009D3E8EDCA}"
EndProject
Project("{9A19103F-16F7-4668-BE54-9A1E7A4F7556}") = "AmbientContext", "Design Patterns\Singleton\AmbientContext\AmbientContext.csproj", "{3B0F3CD6-0AB4-43FD-8C79-A2D237ABB819}"
EndProject
Project("{9A19103F-16F7-4668-BE54-9A1E7A4F7556}") = "Monostate", "Design Patterns\Singleton\Monostate\Monostate.csproj", "{6141CE0B-D800-415B-A8AA-F89825EAB4EB}"
EndProject
Project("{9A19103F-16F7-4668-BE54-9A1E7A4F7556}") = "PerThreadSingleton", "Design Patterns\Singleton\PerThreadSingleton\PerThreadSingleton.csproj", "{EFBF3EF8-4BD0-4D53-823D-AADD13F18B70}"
EndProject
Project("{9A19103F-16F7-4668-BE54-9A1E7A4F7556}") = "SingletonImplementation", "Design Patterns\Singleton\SingletonImplementation\SingletonImplementation.csproj", "{50860C1C-604C-47B9-887A-FC817C1216F5}"
EndProject
Project("{2150E333-8FDC-42A3-9474-1A3956D46DE8}") = "Structural", "Structural", "{6F100CB2-B542-4F74-8A68-9CD6A9B28262}"
EndProject
Project("{2150E333-8FDC-42A3-9474-1A3956D46DE8}") = "Adapter", "Adapter", "{E29E2D96-014B-43A4-A899-F0ED8B45E61E}"
EndProject
Project("{9A19103F-16F7-4668-BE54-9A1E7A4F7556}") = "VectorRasterDemo", "Design Patterns\Structural\Adapter\VectorRasterDemo\VectorRasterDemo.csproj", "{581642A6-A786-4D7A-8DDC-BDF46F286944}"
EndProject
Project("{2150E333-8FDC-42A3-9474-1A3956D46DE8}") = "SOLID", "SOLID", "{E793E8C1-9600-4242-9817-4428959DBE94}"
EndProject
Project("{9A19103F-16F7-4668-BE54-9A1E7A4F7556}") = "SOLID-DependencyInversionPrinciple", "SOLID\SOLID-DependencyInversionPrinciple\SOLID-DependencyInversionPrinciple.csproj", "{EC99AF1C-7AC6-46C4-978C-5BFB67C973D3}"
EndProject
Project("{9A19103F-16F7-4668-BE54-9A1E7A4F7556}") = "SOLID-InterfaceSegregationPrinciple", "SOLID\SOLID-InterfaceSegregationPrinciple\SOLID-InterfaceSegregationPrinciple.csproj", "{E32D83BA-7C77-4586-96EA-F9E0F7620183}"
EndProject
Project("{9A19103F-16F7-4668-BE54-9A1E7A4F7556}") = "SOLID-LiskovSubstituionPrinciple", "SOLID\SOLID-LiskovSubstituionPrinciple\SOLID-LiskovSubstituionPrinciple.csproj", "{9ADEBE80-0EB5-459A-BA19-351E6D9158EB}"
EndProject
Project("{9A19103F-16F7-4668-BE54-9A1E7A4F7556}") = "SOLID-OpenClosedPrinciple", "SOLID\SOLID-OpenClosedPrinciple\SOLID-OpenClosedPrinciple.csproj", "{03675414-1EEC-45BE-B220-20603CD9912D}"
EndProject
Project("{9A19103F-16F7-4668-BE54-9A1E7A4F7556}") = "SOLID-SingleResponsibility", "SOLID\SOLID-SingleResponsibility\SOLID-SingleResponsibility.csproj", "{969D76F3-C257-4F25-A192-2773EFA4AAF3}"
EndProject
Project("{2150E333-8FDC-42A3-9474-1A3956D46DE8}") = "Creational", "Creational", "{12ACD7E7-5CC7-4C55-A160-6E7B9CF99483}"
EndProject
Project("{9A19103F-16F7-4668-BE54-9A1E7A4F7556}") = "GenericValueAdapter", "Design Patterns\Structural\Adapter\GenericValueAdapter\GenericValueAdapter.csproj", "{0DAFA6A4-8B29-4F19-93A0-55F08D3D83CD}"
EndProject
Project("{9A19103F-16F7-4668-BE54-9A1E7A4F7556}") = "AdapterInDependencyInjection", "Design Patterns\Structural\Adapter\AdapterInDependencyInjection\AdapterInDependencyInjection.csproj", "{507B511F-658A-46A2-8F2F-5BBF06475D2C}"
EndProject
Project("{2150E333-8FDC-42A3-9474-1A3956D46DE8}") = "Exercises", "Exercises", "{F01AE3CD-1CF7-4C36-A8DD-4625F491A46E}"
EndProject
Project("{9A19103F-16F7-4668-BE54-9A1E7A4F7556}") = "AdapterCodingExercise", "Exercises\AdapterCodingExercise\AdapterCodingExercise.csproj", "{E90832CA-9DDE-4674-A413-91CD14848729}"
EndProject
Project("{2150E333-8FDC-42A3-9474-1A3956D46DE8}") = "Bridge", "Bridge", "{6A6DAE7D-796D-471E-9F50-1965BB94C046}"
EndProject
Project("{9A19103F-16F7-4668-BE54-9A1E7A4F7556}") = "BridgePattern", "Design Patterns\Structural\Bridge\BridgePattern\BridgePattern.csproj", "{33573AE3-22C4-4CE9-A0BD-05399B2B29C5}"
EndProject
Project("{9A19103F-16F7-4668-BE54-9A1E7A4F7556}") = "BridgeCodingExercise", "Exercises\BridgeCodingExercise\BridgeCodingExercise.csproj", "{BE7AF9FD-E624-4546-933F-EEEA320DB6C5}"
EndProject
Project("{FAE04EC0-301F-11D3-BF4B-00C04F79EFBC}") = "GeometricShapes", "Design Patterns\Structural\Composite\GeometricShapes\GeometricShapes.csproj", "{58F58E04-96B0-4119-90DC-9FF13A0A1F6C}"
EndProject
Project("{2150E333-8FDC-42A3-9474-1A3956D46DE8}") = "Composite", "Composite", "{2E8A5742-ED2F-4812-B9F2-6061D7ECC31A}"
EndProject
Project("{FAE04EC0-301F-11D3-BF4B-00C04F79EFBC}") = "NeuralNetworks", "Design Patterns\Structural\Composite\NeuralNetworks\NeuralNetworks.csproj", "{13533A76-4461-4BA3-93F8-96E790107043}"
EndProject
Project("{FAE04EC0-301F-11D3-BF4B-00C04F79EFBC}") = "CompositeSpecification", "Design Patterns\Structural\Composite\CompositeSpecification\CompositeSpecification.csproj", "{3CD8FBAA-147D-4689-8838-A093C964E303}"
EndProject
Project("{FAE04EC0-301F-11D3-BF4B-00C04F79EFBC}") = "CompositeCodingExercise", "CompositeCodingExercise\CompositeCodingExercise.csproj", "{271A1882-CB3F-4298-BED9-29B40F0E1025}"
EndProject
Project("{2150E333-8FDC-42A3-9474-1A3956D46DE8}") = "Decorator", "Decorator", "{3E02B6BC-DE2B-4FAC-8D19-059511AD9658}"
EndProject
Project("{FAE04EC0-301F-11D3-BF4B-00C04F79EFBC}") = "CustomStringBuilder", "Design Patterns\Structural\Decorator\CustomStringBuilder\CustomStringBuilder.csproj", "{67E52070-9CD7-41AC-8E38-85BCF65954D5}"
EndProject
Project("{FAE04EC0-301F-11D3-BF4B-00C04F79EFBC}") = "AdapterDecorator", "Design Patterns\Structural\Decorator\AdapterDecorator\AdapterDecorator.csproj", "{79D0A1BE-BEDB-4546-BB7E-08B37681AD1E}"
EndProject
Project("{FAE04EC0-301F-11D3-BF4B-00C04F79EFBC}") = "MultipleInheritanceWithInterfaces", "Design Patterns\Structural\Decorator\MultipleInheritanceWithInterfaces\MultipleInheritanceWithInterfaces.csproj", "{14A0C7C9-542E-45C4-BC59-01EA8FC02C7D}"
EndProject
Project("{FAE04EC0-301F-11D3-BF4B-00C04F79EFBC}") = "MultipleInheritanceWithDefaultInterfaceMembers", "Design Patterns\Structural\Decorator\MultipleInheritanceWithDefaultInterfaceMembers\MultipleInheritanceWithDefaultInterfaceMembers.csproj", "{30A825F6-EC49-4A02-8E2F-30C3B5189148}"
EndProject
Project("{FAE04EC0-301F-11D3-BF4B-00C04F79EFBC}") = "DynamicDecoratorComposition", "Design Patterns\Structural\Decorator\DynamicDecoratorComposition\DynamicDecoratorComposition.csproj", "{C0E0BA8C-EC68-48EA-9088-BDE46D3D0255}"
EndProject
Global
	GlobalSection(SolutionConfigurationPlatforms) = preSolution
		Debug|Any CPU = Debug|Any CPU
		Debug|x64 = Debug|x64
		Debug|x86 = Debug|x86
		Release|Any CPU = Release|Any CPU
		Release|x64 = Release|x64
		Release|x86 = Release|x86
	EndGlobalSection
	GlobalSection(ProjectConfigurationPlatforms) = postSolution
		{E6F60149-F057-48F7-94E7-345F41663ED7}.Debug|Any CPU.ActiveCfg = Debug|Any CPU
		{E6F60149-F057-48F7-94E7-345F41663ED7}.Debug|Any CPU.Build.0 = Debug|Any CPU
		{E6F60149-F057-48F7-94E7-345F41663ED7}.Debug|x64.ActiveCfg = Debug|Any CPU
		{E6F60149-F057-48F7-94E7-345F41663ED7}.Debug|x64.Build.0 = Debug|Any CPU
		{E6F60149-F057-48F7-94E7-345F41663ED7}.Debug|x86.ActiveCfg = Debug|Any CPU
		{E6F60149-F057-48F7-94E7-345F41663ED7}.Debug|x86.Build.0 = Debug|Any CPU
		{E6F60149-F057-48F7-94E7-345F41663ED7}.Release|Any CPU.ActiveCfg = Release|Any CPU
		{E6F60149-F057-48F7-94E7-345F41663ED7}.Release|Any CPU.Build.0 = Release|Any CPU
		{E6F60149-F057-48F7-94E7-345F41663ED7}.Release|x64.ActiveCfg = Release|Any CPU
		{E6F60149-F057-48F7-94E7-345F41663ED7}.Release|x64.Build.0 = Release|Any CPU
		{E6F60149-F057-48F7-94E7-345F41663ED7}.Release|x86.ActiveCfg = Release|Any CPU
		{E6F60149-F057-48F7-94E7-345F41663ED7}.Release|x86.Build.0 = Release|Any CPU
		{95C43E7C-AD8B-40E2-8CFE-DCF08C0776A3}.Debug|Any CPU.ActiveCfg = Debug|Any CPU
		{95C43E7C-AD8B-40E2-8CFE-DCF08C0776A3}.Debug|Any CPU.Build.0 = Debug|Any CPU
		{95C43E7C-AD8B-40E2-8CFE-DCF08C0776A3}.Debug|x64.ActiveCfg = Debug|Any CPU
		{95C43E7C-AD8B-40E2-8CFE-DCF08C0776A3}.Debug|x64.Build.0 = Debug|Any CPU
		{95C43E7C-AD8B-40E2-8CFE-DCF08C0776A3}.Debug|x86.ActiveCfg = Debug|Any CPU
		{95C43E7C-AD8B-40E2-8CFE-DCF08C0776A3}.Debug|x86.Build.0 = Debug|Any CPU
		{95C43E7C-AD8B-40E2-8CFE-DCF08C0776A3}.Release|Any CPU.ActiveCfg = Release|Any CPU
		{95C43E7C-AD8B-40E2-8CFE-DCF08C0776A3}.Release|Any CPU.Build.0 = Release|Any CPU
		{95C43E7C-AD8B-40E2-8CFE-DCF08C0776A3}.Release|x64.ActiveCfg = Release|Any CPU
		{95C43E7C-AD8B-40E2-8CFE-DCF08C0776A3}.Release|x64.Build.0 = Release|Any CPU
		{95C43E7C-AD8B-40E2-8CFE-DCF08C0776A3}.Release|x86.ActiveCfg = Release|Any CPU
		{95C43E7C-AD8B-40E2-8CFE-DCF08C0776A3}.Release|x86.Build.0 = Release|Any CPU
		{E743192B-B89D-4F73-A354-77CC14A9439C}.Debug|Any CPU.ActiveCfg = Debug|Any CPU
		{E743192B-B89D-4F73-A354-77CC14A9439C}.Debug|Any CPU.Build.0 = Debug|Any CPU
		{E743192B-B89D-4F73-A354-77CC14A9439C}.Debug|x64.ActiveCfg = Debug|Any CPU
		{E743192B-B89D-4F73-A354-77CC14A9439C}.Debug|x64.Build.0 = Debug|Any CPU
		{E743192B-B89D-4F73-A354-77CC14A9439C}.Debug|x86.ActiveCfg = Debug|Any CPU
		{E743192B-B89D-4F73-A354-77CC14A9439C}.Debug|x86.Build.0 = Debug|Any CPU
		{E743192B-B89D-4F73-A354-77CC14A9439C}.Release|Any CPU.ActiveCfg = Release|Any CPU
		{E743192B-B89D-4F73-A354-77CC14A9439C}.Release|Any CPU.Build.0 = Release|Any CPU
		{E743192B-B89D-4F73-A354-77CC14A9439C}.Release|x64.ActiveCfg = Release|Any CPU
		{E743192B-B89D-4F73-A354-77CC14A9439C}.Release|x64.Build.0 = Release|Any CPU
		{E743192B-B89D-4F73-A354-77CC14A9439C}.Release|x86.ActiveCfg = Release|Any CPU
		{E743192B-B89D-4F73-A354-77CC14A9439C}.Release|x86.Build.0 = Release|Any CPU
		{4A759E71-29F6-41C0-AB68-9BFBAC678372}.Debug|Any CPU.ActiveCfg = Debug|Any CPU
		{4A759E71-29F6-41C0-AB68-9BFBAC678372}.Debug|Any CPU.Build.0 = Debug|Any CPU
		{4A759E71-29F6-41C0-AB68-9BFBAC678372}.Debug|x64.ActiveCfg = Debug|Any CPU
		{4A759E71-29F6-41C0-AB68-9BFBAC678372}.Debug|x64.Build.0 = Debug|Any CPU
		{4A759E71-29F6-41C0-AB68-9BFBAC678372}.Debug|x86.ActiveCfg = Debug|Any CPU
		{4A759E71-29F6-41C0-AB68-9BFBAC678372}.Debug|x86.Build.0 = Debug|Any CPU
		{4A759E71-29F6-41C0-AB68-9BFBAC678372}.Release|Any CPU.ActiveCfg = Release|Any CPU
		{4A759E71-29F6-41C0-AB68-9BFBAC678372}.Release|Any CPU.Build.0 = Release|Any CPU
		{4A759E71-29F6-41C0-AB68-9BFBAC678372}.Release|x64.ActiveCfg = Release|Any CPU
		{4A759E71-29F6-41C0-AB68-9BFBAC678372}.Release|x64.Build.0 = Release|Any CPU
		{4A759E71-29F6-41C0-AB68-9BFBAC678372}.Release|x86.ActiveCfg = Release|Any CPU
		{4A759E71-29F6-41C0-AB68-9BFBAC678372}.Release|x86.Build.0 = Release|Any CPU
		{7FBEB5E1-929A-43ED-B763-969E47D98998}.Debug|Any CPU.ActiveCfg = Debug|Any CPU
		{7FBEB5E1-929A-43ED-B763-969E47D98998}.Debug|Any CPU.Build.0 = Debug|Any CPU
		{7FBEB5E1-929A-43ED-B763-969E47D98998}.Debug|x64.ActiveCfg = Debug|Any CPU
		{7FBEB5E1-929A-43ED-B763-969E47D98998}.Debug|x64.Build.0 = Debug|Any CPU
		{7FBEB5E1-929A-43ED-B763-969E47D98998}.Debug|x86.ActiveCfg = Debug|Any CPU
		{7FBEB5E1-929A-43ED-B763-969E47D98998}.Debug|x86.Build.0 = Debug|Any CPU
		{7FBEB5E1-929A-43ED-B763-969E47D98998}.Release|Any CPU.ActiveCfg = Release|Any CPU
		{7FBEB5E1-929A-43ED-B763-969E47D98998}.Release|Any CPU.Build.0 = Release|Any CPU
		{7FBEB5E1-929A-43ED-B763-969E47D98998}.Release|x64.ActiveCfg = Release|Any CPU
		{7FBEB5E1-929A-43ED-B763-969E47D98998}.Release|x64.Build.0 = Release|Any CPU
		{7FBEB5E1-929A-43ED-B763-969E47D98998}.Release|x86.ActiveCfg = Release|Any CPU
		{7FBEB5E1-929A-43ED-B763-969E47D98998}.Release|x86.Build.0 = Release|Any CPU
		{D03ADEA8-886D-4178-8360-7BE7DDDBE875}.Debug|Any CPU.ActiveCfg = Debug|Any CPU
		{D03ADEA8-886D-4178-8360-7BE7DDDBE875}.Debug|Any CPU.Build.0 = Debug|Any CPU
		{D03ADEA8-886D-4178-8360-7BE7DDDBE875}.Debug|x64.ActiveCfg = Debug|Any CPU
		{D03ADEA8-886D-4178-8360-7BE7DDDBE875}.Debug|x64.Build.0 = Debug|Any CPU
		{D03ADEA8-886D-4178-8360-7BE7DDDBE875}.Debug|x86.ActiveCfg = Debug|Any CPU
		{D03ADEA8-886D-4178-8360-7BE7DDDBE875}.Debug|x86.Build.0 = Debug|Any CPU
		{D03ADEA8-886D-4178-8360-7BE7DDDBE875}.Release|Any CPU.ActiveCfg = Release|Any CPU
		{D03ADEA8-886D-4178-8360-7BE7DDDBE875}.Release|Any CPU.Build.0 = Release|Any CPU
		{D03ADEA8-886D-4178-8360-7BE7DDDBE875}.Release|x64.ActiveCfg = Release|Any CPU
		{D03ADEA8-886D-4178-8360-7BE7DDDBE875}.Release|x64.Build.0 = Release|Any CPU
		{D03ADEA8-886D-4178-8360-7BE7DDDBE875}.Release|x86.ActiveCfg = Release|Any CPU
		{D03ADEA8-886D-4178-8360-7BE7DDDBE875}.Release|x86.Build.0 = Release|Any CPU
		{DA9DA54E-975A-4063-9B28-944D1C4CAC9D}.Debug|Any CPU.ActiveCfg = Debug|Any CPU
		{DA9DA54E-975A-4063-9B28-944D1C4CAC9D}.Debug|Any CPU.Build.0 = Debug|Any CPU
		{DA9DA54E-975A-4063-9B28-944D1C4CAC9D}.Debug|x64.ActiveCfg = Debug|Any CPU
		{DA9DA54E-975A-4063-9B28-944D1C4CAC9D}.Debug|x64.Build.0 = Debug|Any CPU
		{DA9DA54E-975A-4063-9B28-944D1C4CAC9D}.Debug|x86.ActiveCfg = Debug|Any CPU
		{DA9DA54E-975A-4063-9B28-944D1C4CAC9D}.Debug|x86.Build.0 = Debug|Any CPU
		{DA9DA54E-975A-4063-9B28-944D1C4CAC9D}.Release|Any CPU.ActiveCfg = Release|Any CPU
		{DA9DA54E-975A-4063-9B28-944D1C4CAC9D}.Release|Any CPU.Build.0 = Release|Any CPU
		{DA9DA54E-975A-4063-9B28-944D1C4CAC9D}.Release|x64.ActiveCfg = Release|Any CPU
		{DA9DA54E-975A-4063-9B28-944D1C4CAC9D}.Release|x64.Build.0 = Release|Any CPU
		{DA9DA54E-975A-4063-9B28-944D1C4CAC9D}.Release|x86.ActiveCfg = Release|Any CPU
		{DA9DA54E-975A-4063-9B28-944D1C4CAC9D}.Release|x86.Build.0 = Release|Any CPU
		{257F18E9-7DC3-494B-8FFE-45463C51CA8C}.Debug|Any CPU.ActiveCfg = Debug|Any CPU
		{257F18E9-7DC3-494B-8FFE-45463C51CA8C}.Debug|Any CPU.Build.0 = Debug|Any CPU
		{257F18E9-7DC3-494B-8FFE-45463C51CA8C}.Debug|x64.ActiveCfg = Debug|Any CPU
		{257F18E9-7DC3-494B-8FFE-45463C51CA8C}.Debug|x64.Build.0 = Debug|Any CPU
		{257F18E9-7DC3-494B-8FFE-45463C51CA8C}.Debug|x86.ActiveCfg = Debug|Any CPU
		{257F18E9-7DC3-494B-8FFE-45463C51CA8C}.Debug|x86.Build.0 = Debug|Any CPU
		{257F18E9-7DC3-494B-8FFE-45463C51CA8C}.Release|Any CPU.ActiveCfg = Release|Any CPU
		{257F18E9-7DC3-494B-8FFE-45463C51CA8C}.Release|Any CPU.Build.0 = Release|Any CPU
		{257F18E9-7DC3-494B-8FFE-45463C51CA8C}.Release|x64.ActiveCfg = Release|Any CPU
		{257F18E9-7DC3-494B-8FFE-45463C51CA8C}.Release|x64.Build.0 = Release|Any CPU
		{257F18E9-7DC3-494B-8FFE-45463C51CA8C}.Release|x86.ActiveCfg = Release|Any CPU
		{257F18E9-7DC3-494B-8FFE-45463C51CA8C}.Release|x86.Build.0 = Release|Any CPU
		{3B0F3CD6-0AB4-43FD-8C79-A2D237ABB819}.Debug|Any CPU.ActiveCfg = Debug|Any CPU
		{3B0F3CD6-0AB4-43FD-8C79-A2D237ABB819}.Debug|Any CPU.Build.0 = Debug|Any CPU
		{3B0F3CD6-0AB4-43FD-8C79-A2D237ABB819}.Debug|x64.ActiveCfg = Debug|Any CPU
		{3B0F3CD6-0AB4-43FD-8C79-A2D237ABB819}.Debug|x64.Build.0 = Debug|Any CPU
		{3B0F3CD6-0AB4-43FD-8C79-A2D237ABB819}.Debug|x86.ActiveCfg = Debug|Any CPU
		{3B0F3CD6-0AB4-43FD-8C79-A2D237ABB819}.Debug|x86.Build.0 = Debug|Any CPU
		{3B0F3CD6-0AB4-43FD-8C79-A2D237ABB819}.Release|Any CPU.ActiveCfg = Release|Any CPU
		{3B0F3CD6-0AB4-43FD-8C79-A2D237ABB819}.Release|Any CPU.Build.0 = Release|Any CPU
		{3B0F3CD6-0AB4-43FD-8C79-A2D237ABB819}.Release|x64.ActiveCfg = Release|Any CPU
		{3B0F3CD6-0AB4-43FD-8C79-A2D237ABB819}.Release|x64.Build.0 = Release|Any CPU
		{3B0F3CD6-0AB4-43FD-8C79-A2D237ABB819}.Release|x86.ActiveCfg = Release|Any CPU
		{3B0F3CD6-0AB4-43FD-8C79-A2D237ABB819}.Release|x86.Build.0 = Release|Any CPU
		{6141CE0B-D800-415B-A8AA-F89825EAB4EB}.Debug|Any CPU.ActiveCfg = Debug|Any CPU
		{6141CE0B-D800-415B-A8AA-F89825EAB4EB}.Debug|Any CPU.Build.0 = Debug|Any CPU
		{6141CE0B-D800-415B-A8AA-F89825EAB4EB}.Debug|x64.ActiveCfg = Debug|Any CPU
		{6141CE0B-D800-415B-A8AA-F89825EAB4EB}.Debug|x64.Build.0 = Debug|Any CPU
		{6141CE0B-D800-415B-A8AA-F89825EAB4EB}.Debug|x86.ActiveCfg = Debug|Any CPU
		{6141CE0B-D800-415B-A8AA-F89825EAB4EB}.Debug|x86.Build.0 = Debug|Any CPU
		{6141CE0B-D800-415B-A8AA-F89825EAB4EB}.Release|Any CPU.ActiveCfg = Release|Any CPU
		{6141CE0B-D800-415B-A8AA-F89825EAB4EB}.Release|Any CPU.Build.0 = Release|Any CPU
		{6141CE0B-D800-415B-A8AA-F89825EAB4EB}.Release|x64.ActiveCfg = Release|Any CPU
		{6141CE0B-D800-415B-A8AA-F89825EAB4EB}.Release|x64.Build.0 = Release|Any CPU
		{6141CE0B-D800-415B-A8AA-F89825EAB4EB}.Release|x86.ActiveCfg = Release|Any CPU
		{6141CE0B-D800-415B-A8AA-F89825EAB4EB}.Release|x86.Build.0 = Release|Any CPU
		{EFBF3EF8-4BD0-4D53-823D-AADD13F18B70}.Debug|Any CPU.ActiveCfg = Debug|Any CPU
		{EFBF3EF8-4BD0-4D53-823D-AADD13F18B70}.Debug|Any CPU.Build.0 = Debug|Any CPU
		{EFBF3EF8-4BD0-4D53-823D-AADD13F18B70}.Debug|x64.ActiveCfg = Debug|Any CPU
		{EFBF3EF8-4BD0-4D53-823D-AADD13F18B70}.Debug|x64.Build.0 = Debug|Any CPU
		{EFBF3EF8-4BD0-4D53-823D-AADD13F18B70}.Debug|x86.ActiveCfg = Debug|Any CPU
		{EFBF3EF8-4BD0-4D53-823D-AADD13F18B70}.Debug|x86.Build.0 = Debug|Any CPU
		{EFBF3EF8-4BD0-4D53-823D-AADD13F18B70}.Release|Any CPU.ActiveCfg = Release|Any CPU
		{EFBF3EF8-4BD0-4D53-823D-AADD13F18B70}.Release|Any CPU.Build.0 = Release|Any CPU
		{EFBF3EF8-4BD0-4D53-823D-AADD13F18B70}.Release|x64.ActiveCfg = Release|Any CPU
		{EFBF3EF8-4BD0-4D53-823D-AADD13F18B70}.Release|x64.Build.0 = Release|Any CPU
		{EFBF3EF8-4BD0-4D53-823D-AADD13F18B70}.Release|x86.ActiveCfg = Release|Any CPU
		{EFBF3EF8-4BD0-4D53-823D-AADD13F18B70}.Release|x86.Build.0 = Release|Any CPU
		{50860C1C-604C-47B9-887A-FC817C1216F5}.Debug|Any CPU.ActiveCfg = Debug|Any CPU
		{50860C1C-604C-47B9-887A-FC817C1216F5}.Debug|Any CPU.Build.0 = Debug|Any CPU
		{50860C1C-604C-47B9-887A-FC817C1216F5}.Debug|x64.ActiveCfg = Debug|Any CPU
		{50860C1C-604C-47B9-887A-FC817C1216F5}.Debug|x64.Build.0 = Debug|Any CPU
		{50860C1C-604C-47B9-887A-FC817C1216F5}.Debug|x86.ActiveCfg = Debug|Any CPU
		{50860C1C-604C-47B9-887A-FC817C1216F5}.Debug|x86.Build.0 = Debug|Any CPU
		{50860C1C-604C-47B9-887A-FC817C1216F5}.Release|Any CPU.ActiveCfg = Release|Any CPU
		{50860C1C-604C-47B9-887A-FC817C1216F5}.Release|Any CPU.Build.0 = Release|Any CPU
		{50860C1C-604C-47B9-887A-FC817C1216F5}.Release|x64.ActiveCfg = Release|Any CPU
		{50860C1C-604C-47B9-887A-FC817C1216F5}.Release|x64.Build.0 = Release|Any CPU
		{50860C1C-604C-47B9-887A-FC817C1216F5}.Release|x86.ActiveCfg = Release|Any CPU
		{50860C1C-604C-47B9-887A-FC817C1216F5}.Release|x86.Build.0 = Release|Any CPU
		{581642A6-A786-4D7A-8DDC-BDF46F286944}.Debug|Any CPU.ActiveCfg = Debug|Any CPU
		{581642A6-A786-4D7A-8DDC-BDF46F286944}.Debug|Any CPU.Build.0 = Debug|Any CPU
		{581642A6-A786-4D7A-8DDC-BDF46F286944}.Debug|x64.ActiveCfg = Debug|Any CPU
		{581642A6-A786-4D7A-8DDC-BDF46F286944}.Debug|x64.Build.0 = Debug|Any CPU
		{581642A6-A786-4D7A-8DDC-BDF46F286944}.Debug|x86.ActiveCfg = Debug|Any CPU
		{581642A6-A786-4D7A-8DDC-BDF46F286944}.Debug|x86.Build.0 = Debug|Any CPU
		{581642A6-A786-4D7A-8DDC-BDF46F286944}.Release|Any CPU.ActiveCfg = Release|Any CPU
		{581642A6-A786-4D7A-8DDC-BDF46F286944}.Release|Any CPU.Build.0 = Release|Any CPU
		{581642A6-A786-4D7A-8DDC-BDF46F286944}.Release|x64.ActiveCfg = Release|Any CPU
		{581642A6-A786-4D7A-8DDC-BDF46F286944}.Release|x64.Build.0 = Release|Any CPU
		{581642A6-A786-4D7A-8DDC-BDF46F286944}.Release|x86.ActiveCfg = Release|Any CPU
		{581642A6-A786-4D7A-8DDC-BDF46F286944}.Release|x86.Build.0 = Release|Any CPU
		{EC99AF1C-7AC6-46C4-978C-5BFB67C973D3}.Debug|Any CPU.ActiveCfg = Debug|Any CPU
		{EC99AF1C-7AC6-46C4-978C-5BFB67C973D3}.Debug|Any CPU.Build.0 = Debug|Any CPU
		{EC99AF1C-7AC6-46C4-978C-5BFB67C973D3}.Debug|x64.ActiveCfg = Debug|Any CPU
		{EC99AF1C-7AC6-46C4-978C-5BFB67C973D3}.Debug|x64.Build.0 = Debug|Any CPU
		{EC99AF1C-7AC6-46C4-978C-5BFB67C973D3}.Debug|x86.ActiveCfg = Debug|Any CPU
		{EC99AF1C-7AC6-46C4-978C-5BFB67C973D3}.Debug|x86.Build.0 = Debug|Any CPU
		{EC99AF1C-7AC6-46C4-978C-5BFB67C973D3}.Release|Any CPU.ActiveCfg = Release|Any CPU
		{EC99AF1C-7AC6-46C4-978C-5BFB67C973D3}.Release|Any CPU.Build.0 = Release|Any CPU
		{EC99AF1C-7AC6-46C4-978C-5BFB67C973D3}.Release|x64.ActiveCfg = Release|Any CPU
		{EC99AF1C-7AC6-46C4-978C-5BFB67C973D3}.Release|x64.Build.0 = Release|Any CPU
		{EC99AF1C-7AC6-46C4-978C-5BFB67C973D3}.Release|x86.ActiveCfg = Release|Any CPU
		{EC99AF1C-7AC6-46C4-978C-5BFB67C973D3}.Release|x86.Build.0 = Release|Any CPU
		{E32D83BA-7C77-4586-96EA-F9E0F7620183}.Debug|Any CPU.ActiveCfg = Debug|Any CPU
		{E32D83BA-7C77-4586-96EA-F9E0F7620183}.Debug|Any CPU.Build.0 = Debug|Any CPU
		{E32D83BA-7C77-4586-96EA-F9E0F7620183}.Debug|x64.ActiveCfg = Debug|Any CPU
		{E32D83BA-7C77-4586-96EA-F9E0F7620183}.Debug|x64.Build.0 = Debug|Any CPU
		{E32D83BA-7C77-4586-96EA-F9E0F7620183}.Debug|x86.ActiveCfg = Debug|Any CPU
		{E32D83BA-7C77-4586-96EA-F9E0F7620183}.Debug|x86.Build.0 = Debug|Any CPU
		{E32D83BA-7C77-4586-96EA-F9E0F7620183}.Release|Any CPU.ActiveCfg = Release|Any CPU
		{E32D83BA-7C77-4586-96EA-F9E0F7620183}.Release|Any CPU.Build.0 = Release|Any CPU
		{E32D83BA-7C77-4586-96EA-F9E0F7620183}.Release|x64.ActiveCfg = Release|Any CPU
		{E32D83BA-7C77-4586-96EA-F9E0F7620183}.Release|x64.Build.0 = Release|Any CPU
		{E32D83BA-7C77-4586-96EA-F9E0F7620183}.Release|x86.ActiveCfg = Release|Any CPU
		{E32D83BA-7C77-4586-96EA-F9E0F7620183}.Release|x86.Build.0 = Release|Any CPU
		{9ADEBE80-0EB5-459A-BA19-351E6D9158EB}.Debug|Any CPU.ActiveCfg = Debug|Any CPU
		{9ADEBE80-0EB5-459A-BA19-351E6D9158EB}.Debug|Any CPU.Build.0 = Debug|Any CPU
		{9ADEBE80-0EB5-459A-BA19-351E6D9158EB}.Debug|x64.ActiveCfg = Debug|Any CPU
		{9ADEBE80-0EB5-459A-BA19-351E6D9158EB}.Debug|x64.Build.0 = Debug|Any CPU
		{9ADEBE80-0EB5-459A-BA19-351E6D9158EB}.Debug|x86.ActiveCfg = Debug|Any CPU
		{9ADEBE80-0EB5-459A-BA19-351E6D9158EB}.Debug|x86.Build.0 = Debug|Any CPU
		{9ADEBE80-0EB5-459A-BA19-351E6D9158EB}.Release|Any CPU.ActiveCfg = Release|Any CPU
		{9ADEBE80-0EB5-459A-BA19-351E6D9158EB}.Release|Any CPU.Build.0 = Release|Any CPU
		{9ADEBE80-0EB5-459A-BA19-351E6D9158EB}.Release|x64.ActiveCfg = Release|Any CPU
		{9ADEBE80-0EB5-459A-BA19-351E6D9158EB}.Release|x64.Build.0 = Release|Any CPU
		{9ADEBE80-0EB5-459A-BA19-351E6D9158EB}.Release|x86.ActiveCfg = Release|Any CPU
		{9ADEBE80-0EB5-459A-BA19-351E6D9158EB}.Release|x86.Build.0 = Release|Any CPU
		{03675414-1EEC-45BE-B220-20603CD9912D}.Debug|Any CPU.ActiveCfg = Debug|Any CPU
		{03675414-1EEC-45BE-B220-20603CD9912D}.Debug|Any CPU.Build.0 = Debug|Any CPU
		{03675414-1EEC-45BE-B220-20603CD9912D}.Debug|x64.ActiveCfg = Debug|Any CPU
		{03675414-1EEC-45BE-B220-20603CD9912D}.Debug|x64.Build.0 = Debug|Any CPU
		{03675414-1EEC-45BE-B220-20603CD9912D}.Debug|x86.ActiveCfg = Debug|Any CPU
		{03675414-1EEC-45BE-B220-20603CD9912D}.Debug|x86.Build.0 = Debug|Any CPU
		{03675414-1EEC-45BE-B220-20603CD9912D}.Release|Any CPU.ActiveCfg = Release|Any CPU
		{03675414-1EEC-45BE-B220-20603CD9912D}.Release|Any CPU.Build.0 = Release|Any CPU
		{03675414-1EEC-45BE-B220-20603CD9912D}.Release|x64.ActiveCfg = Release|Any CPU
		{03675414-1EEC-45BE-B220-20603CD9912D}.Release|x64.Build.0 = Release|Any CPU
		{03675414-1EEC-45BE-B220-20603CD9912D}.Release|x86.ActiveCfg = Release|Any CPU
		{03675414-1EEC-45BE-B220-20603CD9912D}.Release|x86.Build.0 = Release|Any CPU
		{969D76F3-C257-4F25-A192-2773EFA4AAF3}.Debug|Any CPU.ActiveCfg = Debug|Any CPU
		{969D76F3-C257-4F25-A192-2773EFA4AAF3}.Debug|Any CPU.Build.0 = Debug|Any CPU
		{969D76F3-C257-4F25-A192-2773EFA4AAF3}.Debug|x64.ActiveCfg = Debug|Any CPU
		{969D76F3-C257-4F25-A192-2773EFA4AAF3}.Debug|x64.Build.0 = Debug|Any CPU
		{969D76F3-C257-4F25-A192-2773EFA4AAF3}.Debug|x86.ActiveCfg = Debug|Any CPU
		{969D76F3-C257-4F25-A192-2773EFA4AAF3}.Debug|x86.Build.0 = Debug|Any CPU
		{969D76F3-C257-4F25-A192-2773EFA4AAF3}.Release|Any CPU.ActiveCfg = Release|Any CPU
		{969D76F3-C257-4F25-A192-2773EFA4AAF3}.Release|Any CPU.Build.0 = Release|Any CPU
		{969D76F3-C257-4F25-A192-2773EFA4AAF3}.Release|x64.ActiveCfg = Release|Any CPU
		{969D76F3-C257-4F25-A192-2773EFA4AAF3}.Release|x64.Build.0 = Release|Any CPU
		{969D76F3-C257-4F25-A192-2773EFA4AAF3}.Release|x86.ActiveCfg = Release|Any CPU
		{969D76F3-C257-4F25-A192-2773EFA4AAF3}.Release|x86.Build.0 = Release|Any CPU
		{0DAFA6A4-8B29-4F19-93A0-55F08D3D83CD}.Debug|Any CPU.ActiveCfg = Debug|Any CPU
		{0DAFA6A4-8B29-4F19-93A0-55F08D3D83CD}.Debug|Any CPU.Build.0 = Debug|Any CPU
		{0DAFA6A4-8B29-4F19-93A0-55F08D3D83CD}.Debug|x64.ActiveCfg = Debug|Any CPU
		{0DAFA6A4-8B29-4F19-93A0-55F08D3D83CD}.Debug|x64.Build.0 = Debug|Any CPU
		{0DAFA6A4-8B29-4F19-93A0-55F08D3D83CD}.Debug|x86.ActiveCfg = Debug|Any CPU
		{0DAFA6A4-8B29-4F19-93A0-55F08D3D83CD}.Debug|x86.Build.0 = Debug|Any CPU
		{0DAFA6A4-8B29-4F19-93A0-55F08D3D83CD}.Release|Any CPU.ActiveCfg = Release|Any CPU
		{0DAFA6A4-8B29-4F19-93A0-55F08D3D83CD}.Release|Any CPU.Build.0 = Release|Any CPU
		{0DAFA6A4-8B29-4F19-93A0-55F08D3D83CD}.Release|x64.ActiveCfg = Release|Any CPU
		{0DAFA6A4-8B29-4F19-93A0-55F08D3D83CD}.Release|x64.Build.0 = Release|Any CPU
		{0DAFA6A4-8B29-4F19-93A0-55F08D3D83CD}.Release|x86.ActiveCfg = Release|Any CPU
		{0DAFA6A4-8B29-4F19-93A0-55F08D3D83CD}.Release|x86.Build.0 = Release|Any CPU
		{507B511F-658A-46A2-8F2F-5BBF06475D2C}.Debug|Any CPU.ActiveCfg = Debug|Any CPU
		{507B511F-658A-46A2-8F2F-5BBF06475D2C}.Debug|Any CPU.Build.0 = Debug|Any CPU
		{507B511F-658A-46A2-8F2F-5BBF06475D2C}.Debug|x64.ActiveCfg = Debug|Any CPU
		{507B511F-658A-46A2-8F2F-5BBF06475D2C}.Debug|x64.Build.0 = Debug|Any CPU
		{507B511F-658A-46A2-8F2F-5BBF06475D2C}.Debug|x86.ActiveCfg = Debug|Any CPU
		{507B511F-658A-46A2-8F2F-5BBF06475D2C}.Debug|x86.Build.0 = Debug|Any CPU
		{507B511F-658A-46A2-8F2F-5BBF06475D2C}.Release|Any CPU.ActiveCfg = Release|Any CPU
		{507B511F-658A-46A2-8F2F-5BBF06475D2C}.Release|Any CPU.Build.0 = Release|Any CPU
		{507B511F-658A-46A2-8F2F-5BBF06475D2C}.Release|x64.ActiveCfg = Release|Any CPU
		{507B511F-658A-46A2-8F2F-5BBF06475D2C}.Release|x64.Build.0 = Release|Any CPU
		{507B511F-658A-46A2-8F2F-5BBF06475D2C}.Release|x86.ActiveCfg = Release|Any CPU
		{507B511F-658A-46A2-8F2F-5BBF06475D2C}.Release|x86.Build.0 = Release|Any CPU
		{E90832CA-9DDE-4674-A413-91CD14848729}.Debug|Any CPU.ActiveCfg = Debug|Any CPU
		{E90832CA-9DDE-4674-A413-91CD14848729}.Debug|Any CPU.Build.0 = Debug|Any CPU
		{E90832CA-9DDE-4674-A413-91CD14848729}.Debug|x64.ActiveCfg = Debug|Any CPU
		{E90832CA-9DDE-4674-A413-91CD14848729}.Debug|x64.Build.0 = Debug|Any CPU
		{E90832CA-9DDE-4674-A413-91CD14848729}.Debug|x86.ActiveCfg = Debug|Any CPU
		{E90832CA-9DDE-4674-A413-91CD14848729}.Debug|x86.Build.0 = Debug|Any CPU
		{E90832CA-9DDE-4674-A413-91CD14848729}.Release|Any CPU.ActiveCfg = Release|Any CPU
		{E90832CA-9DDE-4674-A413-91CD14848729}.Release|Any CPU.Build.0 = Release|Any CPU
		{E90832CA-9DDE-4674-A413-91CD14848729}.Release|x64.ActiveCfg = Release|Any CPU
		{E90832CA-9DDE-4674-A413-91CD14848729}.Release|x64.Build.0 = Release|Any CPU
		{E90832CA-9DDE-4674-A413-91CD14848729}.Release|x86.ActiveCfg = Release|Any CPU
		{E90832CA-9DDE-4674-A413-91CD14848729}.Release|x86.Build.0 = Release|Any CPU
		{33573AE3-22C4-4CE9-A0BD-05399B2B29C5}.Debug|Any CPU.ActiveCfg = Debug|Any CPU
		{33573AE3-22C4-4CE9-A0BD-05399B2B29C5}.Debug|Any CPU.Build.0 = Debug|Any CPU
		{33573AE3-22C4-4CE9-A0BD-05399B2B29C5}.Debug|x64.ActiveCfg = Debug|Any CPU
		{33573AE3-22C4-4CE9-A0BD-05399B2B29C5}.Debug|x64.Build.0 = Debug|Any CPU
		{33573AE3-22C4-4CE9-A0BD-05399B2B29C5}.Debug|x86.ActiveCfg = Debug|Any CPU
		{33573AE3-22C4-4CE9-A0BD-05399B2B29C5}.Debug|x86.Build.0 = Debug|Any CPU
		{33573AE3-22C4-4CE9-A0BD-05399B2B29C5}.Release|Any CPU.ActiveCfg = Release|Any CPU
		{33573AE3-22C4-4CE9-A0BD-05399B2B29C5}.Release|Any CPU.Build.0 = Release|Any CPU
		{33573AE3-22C4-4CE9-A0BD-05399B2B29C5}.Release|x64.ActiveCfg = Release|Any CPU
		{33573AE3-22C4-4CE9-A0BD-05399B2B29C5}.Release|x64.Build.0 = Release|Any CPU
		{33573AE3-22C4-4CE9-A0BD-05399B2B29C5}.Release|x86.ActiveCfg = Release|Any CPU
		{33573AE3-22C4-4CE9-A0BD-05399B2B29C5}.Release|x86.Build.0 = Release|Any CPU
		{BE7AF9FD-E624-4546-933F-EEEA320DB6C5}.Debug|Any CPU.ActiveCfg = Debug|Any CPU
		{BE7AF9FD-E624-4546-933F-EEEA320DB6C5}.Debug|Any CPU.Build.0 = Debug|Any CPU
		{BE7AF9FD-E624-4546-933F-EEEA320DB6C5}.Debug|x64.ActiveCfg = Debug|Any CPU
		{BE7AF9FD-E624-4546-933F-EEEA320DB6C5}.Debug|x64.Build.0 = Debug|Any CPU
		{BE7AF9FD-E624-4546-933F-EEEA320DB6C5}.Debug|x86.ActiveCfg = Debug|Any CPU
		{BE7AF9FD-E624-4546-933F-EEEA320DB6C5}.Debug|x86.Build.0 = Debug|Any CPU
		{BE7AF9FD-E624-4546-933F-EEEA320DB6C5}.Release|Any CPU.ActiveCfg = Release|Any CPU
		{BE7AF9FD-E624-4546-933F-EEEA320DB6C5}.Release|Any CPU.Build.0 = Release|Any CPU
		{BE7AF9FD-E624-4546-933F-EEEA320DB6C5}.Release|x64.ActiveCfg = Release|Any CPU
		{BE7AF9FD-E624-4546-933F-EEEA320DB6C5}.Release|x64.Build.0 = Release|Any CPU
		{BE7AF9FD-E624-4546-933F-EEEA320DB6C5}.Release|x86.ActiveCfg = Release|Any CPU
		{BE7AF9FD-E624-4546-933F-EEEA320DB6C5}.Release|x86.Build.0 = Release|Any CPU
		{58F58E04-96B0-4119-90DC-9FF13A0A1F6C}.Debug|Any CPU.ActiveCfg = Debug|Any CPU
		{58F58E04-96B0-4119-90DC-9FF13A0A1F6C}.Debug|Any CPU.Build.0 = Debug|Any CPU
		{58F58E04-96B0-4119-90DC-9FF13A0A1F6C}.Debug|x64.ActiveCfg = Debug|Any CPU
		{58F58E04-96B0-4119-90DC-9FF13A0A1F6C}.Debug|x64.Build.0 = Debug|Any CPU
		{58F58E04-96B0-4119-90DC-9FF13A0A1F6C}.Debug|x86.ActiveCfg = Debug|Any CPU
		{58F58E04-96B0-4119-90DC-9FF13A0A1F6C}.Debug|x86.Build.0 = Debug|Any CPU
		{58F58E04-96B0-4119-90DC-9FF13A0A1F6C}.Release|Any CPU.ActiveCfg = Release|Any CPU
		{58F58E04-96B0-4119-90DC-9FF13A0A1F6C}.Release|Any CPU.Build.0 = Release|Any CPU
		{58F58E04-96B0-4119-90DC-9FF13A0A1F6C}.Release|x64.ActiveCfg = Release|Any CPU
		{58F58E04-96B0-4119-90DC-9FF13A0A1F6C}.Release|x64.Build.0 = Release|Any CPU
		{58F58E04-96B0-4119-90DC-9FF13A0A1F6C}.Release|x86.ActiveCfg = Release|Any CPU
		{58F58E04-96B0-4119-90DC-9FF13A0A1F6C}.Release|x86.Build.0 = Release|Any CPU
		{13533A76-4461-4BA3-93F8-96E790107043}.Debug|Any CPU.ActiveCfg = Debug|Any CPU
		{13533A76-4461-4BA3-93F8-96E790107043}.Debug|Any CPU.Build.0 = Debug|Any CPU
		{13533A76-4461-4BA3-93F8-96E790107043}.Debug|x64.ActiveCfg = Debug|Any CPU
		{13533A76-4461-4BA3-93F8-96E790107043}.Debug|x64.Build.0 = Debug|Any CPU
		{13533A76-4461-4BA3-93F8-96E790107043}.Debug|x86.ActiveCfg = Debug|Any CPU
		{13533A76-4461-4BA3-93F8-96E790107043}.Debug|x86.Build.0 = Debug|Any CPU
		{13533A76-4461-4BA3-93F8-96E790107043}.Release|Any CPU.ActiveCfg = Release|Any CPU
		{13533A76-4461-4BA3-93F8-96E790107043}.Release|Any CPU.Build.0 = Release|Any CPU
		{13533A76-4461-4BA3-93F8-96E790107043}.Release|x64.ActiveCfg = Release|Any CPU
		{13533A76-4461-4BA3-93F8-96E790107043}.Release|x64.Build.0 = Release|Any CPU
		{13533A76-4461-4BA3-93F8-96E790107043}.Release|x86.ActiveCfg = Release|Any CPU
		{13533A76-4461-4BA3-93F8-96E790107043}.Release|x86.Build.0 = Release|Any CPU
		{3CD8FBAA-147D-4689-8838-A093C964E303}.Debug|Any CPU.ActiveCfg = Debug|Any CPU
		{3CD8FBAA-147D-4689-8838-A093C964E303}.Debug|Any CPU.Build.0 = Debug|Any CPU
		{3CD8FBAA-147D-4689-8838-A093C964E303}.Debug|x64.ActiveCfg = Debug|Any CPU
		{3CD8FBAA-147D-4689-8838-A093C964E303}.Debug|x64.Build.0 = Debug|Any CPU
		{3CD8FBAA-147D-4689-8838-A093C964E303}.Debug|x86.ActiveCfg = Debug|Any CPU
		{3CD8FBAA-147D-4689-8838-A093C964E303}.Debug|x86.Build.0 = Debug|Any CPU
		{3CD8FBAA-147D-4689-8838-A093C964E303}.Release|Any CPU.ActiveCfg = Release|Any CPU
		{3CD8FBAA-147D-4689-8838-A093C964E303}.Release|Any CPU.Build.0 = Release|Any CPU
		{3CD8FBAA-147D-4689-8838-A093C964E303}.Release|x64.ActiveCfg = Release|Any CPU
		{3CD8FBAA-147D-4689-8838-A093C964E303}.Release|x64.Build.0 = Release|Any CPU
		{3CD8FBAA-147D-4689-8838-A093C964E303}.Release|x86.ActiveCfg = Release|Any CPU
		{3CD8FBAA-147D-4689-8838-A093C964E303}.Release|x86.Build.0 = Release|Any CPU
		{271A1882-CB3F-4298-BED9-29B40F0E1025}.Debug|Any CPU.ActiveCfg = Debug|Any CPU
		{271A1882-CB3F-4298-BED9-29B40F0E1025}.Debug|Any CPU.Build.0 = Debug|Any CPU
		{271A1882-CB3F-4298-BED9-29B40F0E1025}.Debug|x64.ActiveCfg = Debug|Any CPU
		{271A1882-CB3F-4298-BED9-29B40F0E1025}.Debug|x64.Build.0 = Debug|Any CPU
		{271A1882-CB3F-4298-BED9-29B40F0E1025}.Debug|x86.ActiveCfg = Debug|Any CPU
		{271A1882-CB3F-4298-BED9-29B40F0E1025}.Debug|x86.Build.0 = Debug|Any CPU
		{271A1882-CB3F-4298-BED9-29B40F0E1025}.Release|Any CPU.ActiveCfg = Release|Any CPU
		{271A1882-CB3F-4298-BED9-29B40F0E1025}.Release|Any CPU.Build.0 = Release|Any CPU
		{271A1882-CB3F-4298-BED9-29B40F0E1025}.Release|x64.ActiveCfg = Release|Any CPU
		{271A1882-CB3F-4298-BED9-29B40F0E1025}.Release|x64.Build.0 = Release|Any CPU
		{271A1882-CB3F-4298-BED9-29B40F0E1025}.Release|x86.ActiveCfg = Release|Any CPU
		{271A1882-CB3F-4298-BED9-29B40F0E1025}.Release|x86.Build.0 = Release|Any CPU
		{67E52070-9CD7-41AC-8E38-85BCF65954D5}.Debug|Any CPU.ActiveCfg = Debug|Any CPU
		{67E52070-9CD7-41AC-8E38-85BCF65954D5}.Debug|Any CPU.Build.0 = Debug|Any CPU
		{67E52070-9CD7-41AC-8E38-85BCF65954D5}.Debug|x64.ActiveCfg = Debug|Any CPU
		{67E52070-9CD7-41AC-8E38-85BCF65954D5}.Debug|x64.Build.0 = Debug|Any CPU
		{67E52070-9CD7-41AC-8E38-85BCF65954D5}.Debug|x86.ActiveCfg = Debug|Any CPU
		{67E52070-9CD7-41AC-8E38-85BCF65954D5}.Debug|x86.Build.0 = Debug|Any CPU
		{67E52070-9CD7-41AC-8E38-85BCF65954D5}.Release|Any CPU.ActiveCfg = Release|Any CPU
		{67E52070-9CD7-41AC-8E38-85BCF65954D5}.Release|Any CPU.Build.0 = Release|Any CPU
		{67E52070-9CD7-41AC-8E38-85BCF65954D5}.Release|x64.ActiveCfg = Release|Any CPU
		{67E52070-9CD7-41AC-8E38-85BCF65954D5}.Release|x64.Build.0 = Release|Any CPU
		{67E52070-9CD7-41AC-8E38-85BCF65954D5}.Release|x86.ActiveCfg = Release|Any CPU
		{67E52070-9CD7-41AC-8E38-85BCF65954D5}.Release|x86.Build.0 = Release|Any CPU
		{79D0A1BE-BEDB-4546-BB7E-08B37681AD1E}.Debug|Any CPU.ActiveCfg = Debug|Any CPU
		{79D0A1BE-BEDB-4546-BB7E-08B37681AD1E}.Debug|Any CPU.Build.0 = Debug|Any CPU
		{79D0A1BE-BEDB-4546-BB7E-08B37681AD1E}.Debug|x64.ActiveCfg = Debug|Any CPU
		{79D0A1BE-BEDB-4546-BB7E-08B37681AD1E}.Debug|x64.Build.0 = Debug|Any CPU
		{79D0A1BE-BEDB-4546-BB7E-08B37681AD1E}.Debug|x86.ActiveCfg = Debug|Any CPU
		{79D0A1BE-BEDB-4546-BB7E-08B37681AD1E}.Debug|x86.Build.0 = Debug|Any CPU
		{79D0A1BE-BEDB-4546-BB7E-08B37681AD1E}.Release|Any CPU.ActiveCfg = Release|Any CPU
		{79D0A1BE-BEDB-4546-BB7E-08B37681AD1E}.Release|Any CPU.Build.0 = Release|Any CPU
		{79D0A1BE-BEDB-4546-BB7E-08B37681AD1E}.Release|x64.ActiveCfg = Release|Any CPU
		{79D0A1BE-BEDB-4546-BB7E-08B37681AD1E}.Release|x64.Build.0 = Release|Any CPU
		{79D0A1BE-BEDB-4546-BB7E-08B37681AD1E}.Release|x86.ActiveCfg = Release|Any CPU
		{79D0A1BE-BEDB-4546-BB7E-08B37681AD1E}.Release|x86.Build.0 = Release|Any CPU
		{14A0C7C9-542E-45C4-BC59-01EA8FC02C7D}.Debug|Any CPU.ActiveCfg = Debug|Any CPU
		{14A0C7C9-542E-45C4-BC59-01EA8FC02C7D}.Debug|Any CPU.Build.0 = Debug|Any CPU
		{14A0C7C9-542E-45C4-BC59-01EA8FC02C7D}.Debug|x64.ActiveCfg = Debug|Any CPU
		{14A0C7C9-542E-45C4-BC59-01EA8FC02C7D}.Debug|x64.Build.0 = Debug|Any CPU
		{14A0C7C9-542E-45C4-BC59-01EA8FC02C7D}.Debug|x86.ActiveCfg = Debug|Any CPU
		{14A0C7C9-542E-45C4-BC59-01EA8FC02C7D}.Debug|x86.Build.0 = Debug|Any CPU
		{14A0C7C9-542E-45C4-BC59-01EA8FC02C7D}.Release|Any CPU.ActiveCfg = Release|Any CPU
		{14A0C7C9-542E-45C4-BC59-01EA8FC02C7D}.Release|Any CPU.Build.0 = Release|Any CPU
		{14A0C7C9-542E-45C4-BC59-01EA8FC02C7D}.Release|x64.ActiveCfg = Release|Any CPU
		{14A0C7C9-542E-45C4-BC59-01EA8FC02C7D}.Release|x64.Build.0 = Release|Any CPU
		{14A0C7C9-542E-45C4-BC59-01EA8FC02C7D}.Release|x86.ActiveCfg = Release|Any CPU
		{14A0C7C9-542E-45C4-BC59-01EA8FC02C7D}.Release|x86.Build.0 = Release|Any CPU
		{30A825F6-EC49-4A02-8E2F-30C3B5189148}.Debug|Any CPU.ActiveCfg = Debug|Any CPU
		{30A825F6-EC49-4A02-8E2F-30C3B5189148}.Debug|Any CPU.Build.0 = Debug|Any CPU
		{30A825F6-EC49-4A02-8E2F-30C3B5189148}.Debug|x64.ActiveCfg = Debug|Any CPU
		{30A825F6-EC49-4A02-8E2F-30C3B5189148}.Debug|x64.Build.0 = Debug|Any CPU
		{30A825F6-EC49-4A02-8E2F-30C3B5189148}.Debug|x86.ActiveCfg = Debug|Any CPU
		{30A825F6-EC49-4A02-8E2F-30C3B5189148}.Debug|x86.Build.0 = Debug|Any CPU
		{30A825F6-EC49-4A02-8E2F-30C3B5189148}.Release|Any CPU.ActiveCfg = Release|Any CPU
		{30A825F6-EC49-4A02-8E2F-30C3B5189148}.Release|Any CPU.Build.0 = Release|Any CPU
		{30A825F6-EC49-4A02-8E2F-30C3B5189148}.Release|x64.ActiveCfg = Release|Any CPU
		{30A825F6-EC49-4A02-8E2F-30C3B5189148}.Release|x64.Build.0 = Release|Any CPU
		{30A825F6-EC49-4A02-8E2F-30C3B5189148}.Release|x86.ActiveCfg = Release|Any CPU
		{30A825F6-EC49-4A02-8E2F-30C3B5189148}.Release|x86.Build.0 = Release|Any CPU
		{C0E0BA8C-EC68-48EA-9088-BDE46D3D0255}.Debug|Any CPU.ActiveCfg = Debug|Any CPU
		{C0E0BA8C-EC68-48EA-9088-BDE46D3D0255}.Debug|Any CPU.Build.0 = Debug|Any CPU
		{C0E0BA8C-EC68-48EA-9088-BDE46D3D0255}.Debug|x64.ActiveCfg = Debug|Any CPU
		{C0E0BA8C-EC68-48EA-9088-BDE46D3D0255}.Debug|x64.Build.0 = Debug|Any CPU
		{C0E0BA8C-EC68-48EA-9088-BDE46D3D0255}.Debug|x86.ActiveCfg = Debug|Any CPU
		{C0E0BA8C-EC68-48EA-9088-BDE46D3D0255}.Debug|x86.Build.0 = Debug|Any CPU
		{C0E0BA8C-EC68-48EA-9088-BDE46D3D0255}.Release|Any CPU.ActiveCfg = Release|Any CPU
		{C0E0BA8C-EC68-48EA-9088-BDE46D3D0255}.Release|Any CPU.Build.0 = Release|Any CPU
		{C0E0BA8C-EC68-48EA-9088-BDE46D3D0255}.Release|x64.ActiveCfg = Release|Any CPU
		{C0E0BA8C-EC68-48EA-9088-BDE46D3D0255}.Release|x64.Build.0 = Release|Any CPU
		{C0E0BA8C-EC68-48EA-9088-BDE46D3D0255}.Release|x86.ActiveCfg = Release|Any CPU
		{C0E0BA8C-EC68-48EA-9088-BDE46D3D0255}.Release|x86.Build.0 = Release|Any CPU
	EndGlobalSection
	GlobalSection(SolutionProperties) = preSolution
		HideSolutionNode = FALSE
	EndGlobalSection
	GlobalSection(NestedProjects) = preSolution
		{407D1A8A-2F3D-40F1-ACC5-B519D718B723} = {12ACD7E7-5CC7-4C55-A160-6E7B9CF99483}
		{E6F60149-F057-48F7-94E7-345F41663ED7} = {407D1A8A-2F3D-40F1-ACC5-B519D718B723}
		{95C43E7C-AD8B-40E2-8CFE-DCF08C0776A3} = {407D1A8A-2F3D-40F1-ACC5-B519D718B723}
		{E743192B-B89D-4F73-A354-77CC14A9439C} = {407D1A8A-2F3D-40F1-ACC5-B519D718B723}
		{4A759E71-29F6-41C0-AB68-9BFBAC678372} = {407D1A8A-2F3D-40F1-ACC5-B519D718B723}
		{549DF077-D8EC-43AB-B9B8-C34F7A83B9EE} = {12ACD7E7-5CC7-4C55-A160-6E7B9CF99483}
		{7FBEB5E1-929A-43ED-B763-969E47D98998} = {549DF077-D8EC-43AB-B9B8-C34F7A83B9EE}
		{D03ADEA8-886D-4178-8360-7BE7DDDBE875} = {549DF077-D8EC-43AB-B9B8-C34F7A83B9EE}
		{DA9DA54E-975A-4063-9B28-944D1C4CAC9D} = {549DF077-D8EC-43AB-B9B8-C34F7A83B9EE}
		{AE1B48A8-804D-45DF-A1FC-C909C3A86463} = {12ACD7E7-5CC7-4C55-A160-6E7B9CF99483}
		{257F18E9-7DC3-494B-8FFE-45463C51CA8C} = {AE1B48A8-804D-45DF-A1FC-C909C3A86463}
		{4BA2149D-6627-473E-BE7D-7009D3E8EDCA} = {12ACD7E7-5CC7-4C55-A160-6E7B9CF99483}
		{3B0F3CD6-0AB4-43FD-8C79-A2D237ABB819} = {4BA2149D-6627-473E-BE7D-7009D3E8EDCA}
		{6141CE0B-D800-415B-A8AA-F89825EAB4EB} = {4BA2149D-6627-473E-BE7D-7009D3E8EDCA}
		{EFBF3EF8-4BD0-4D53-823D-AADD13F18B70} = {4BA2149D-6627-473E-BE7D-7009D3E8EDCA}
		{50860C1C-604C-47B9-887A-FC817C1216F5} = {4BA2149D-6627-473E-BE7D-7009D3E8EDCA}
		{6F100CB2-B542-4F74-8A68-9CD6A9B28262} = {CAE78B7C-BBC2-4855-9371-0C521EC15D03}
		{E29E2D96-014B-43A4-A899-F0ED8B45E61E} = {6F100CB2-B542-4F74-8A68-9CD6A9B28262}
		{581642A6-A786-4D7A-8DDC-BDF46F286944} = {E29E2D96-014B-43A4-A899-F0ED8B45E61E}
		{EC99AF1C-7AC6-46C4-978C-5BFB67C973D3} = {E793E8C1-9600-4242-9817-4428959DBE94}
		{E32D83BA-7C77-4586-96EA-F9E0F7620183} = {E793E8C1-9600-4242-9817-4428959DBE94}
		{9ADEBE80-0EB5-459A-BA19-351E6D9158EB} = {E793E8C1-9600-4242-9817-4428959DBE94}
		{03675414-1EEC-45BE-B220-20603CD9912D} = {E793E8C1-9600-4242-9817-4428959DBE94}
		{969D76F3-C257-4F25-A192-2773EFA4AAF3} = {E793E8C1-9600-4242-9817-4428959DBE94}
		{12ACD7E7-5CC7-4C55-A160-6E7B9CF99483} = {CAE78B7C-BBC2-4855-9371-0C521EC15D03}
		{0DAFA6A4-8B29-4F19-93A0-55F08D3D83CD} = {E29E2D96-014B-43A4-A899-F0ED8B45E61E}
		{507B511F-658A-46A2-8F2F-5BBF06475D2C} = {E29E2D96-014B-43A4-A899-F0ED8B45E61E}
		{E90832CA-9DDE-4674-A413-91CD14848729} = {F01AE3CD-1CF7-4C36-A8DD-4625F491A46E}
		{6A6DAE7D-796D-471E-9F50-1965BB94C046} = {6F100CB2-B542-4F74-8A68-9CD6A9B28262}
		{33573AE3-22C4-4CE9-A0BD-05399B2B29C5} = {6A6DAE7D-796D-471E-9F50-1965BB94C046}
		{BE7AF9FD-E624-4546-933F-EEEA320DB6C5} = {F01AE3CD-1CF7-4C36-A8DD-4625F491A46E}
		{58F58E04-96B0-4119-90DC-9FF13A0A1F6C} = {2E8A5742-ED2F-4812-B9F2-6061D7ECC31A}
		{2E8A5742-ED2F-4812-B9F2-6061D7ECC31A} = {6F100CB2-B542-4F74-8A68-9CD6A9B28262}
		{13533A76-4461-4BA3-93F8-96E790107043} = {2E8A5742-ED2F-4812-B9F2-6061D7ECC31A}
		{3CD8FBAA-147D-4689-8838-A093C964E303} = {2E8A5742-ED2F-4812-B9F2-6061D7ECC31A}
		{271A1882-CB3F-4298-BED9-29B40F0E1025} = {F01AE3CD-1CF7-4C36-A8DD-4625F491A46E}
		{3E02B6BC-DE2B-4FAC-8D19-059511AD9658} = {6F100CB2-B542-4F74-8A68-9CD6A9B28262}
		{67E52070-9CD7-41AC-8E38-85BCF65954D5} = {3E02B6BC-DE2B-4FAC-8D19-059511AD9658}
		{79D0A1BE-BEDB-4546-BB7E-08B37681AD1E} = {3E02B6BC-DE2B-4FAC-8D19-059511AD9658}
		{14A0C7C9-542E-45C4-BC59-01EA8FC02C7D} = {3E02B6BC-DE2B-4FAC-8D19-059511AD9658}
		{30A825F6-EC49-4A02-8E2F-30C3B5189148} = {3E02B6BC-DE2B-4FAC-8D19-059511AD9658}
		{C0E0BA8C-EC68-48EA-9088-BDE46D3D0255} = {3E02B6BC-DE2B-4FAC-8D19-059511AD9658}
	EndGlobalSection
	GlobalSection(ExtensibilityGlobals) = postSolution
		SolutionGuid = {9DA6BDEA-70BB-4CFE-B9A4-0D93D0FF634D}
	EndGlobalSection
EndGlobal
